// !$*UTF8*$!
{
	archiveVersion = 1;
	classes = {
	};
	objectVersion = 46;
	objects = {
/* Begin PBXBuildFile section */
		223A89461E89CDC70092741E /* MiniApp.jsbundle in Resources */ = {isa = PBXBuildFile; fileRef = 223A89451E89CDC70092741E /* MiniApp.jsbundle */; };
		2265A4A21EB26943007D6C3D /* Info.plist in Resources */ = {isa = PBXBuildFile; fileRef = 2265A4A11EB26943007D6C3D /* Info.plist */; };
		22BF1FEB1E8DAAF800E7F500 /* assets in Resources */ = {isa = PBXBuildFile; fileRef = 22BF1FEA1E8DAAF800E7F500 /* assets */; };
		301CB9021F33F3450048C58B /* NSBundle+frameworkBundle.m in Sources */ = {isa = PBXBuildFile; fileRef = 301CB9001F33F3450048C58B /* NSBundle+frameworkBundle.m */; };
		301CB9031F33F3450048C58B /* NSBundle+frameworkBundle.h in Headers */ = {isa = PBXBuildFile; fileRef = 301CB9011F33F3450048C58B /* NSBundle+frameworkBundle.h */; };
		30F8CDEE1E67946E00413247 /* ElectrodeReactNative_Internal.h in Headers */ = {isa = PBXBuildFile; fileRef = 30F8CDED1E67946E00413247 /* ElectrodeReactNative_Internal.h */; };
		485009ED1E2FF23C009B6610 /* ElectrodeContainer.framework in Frameworks */ = {isa = PBXBuildFile; fileRef = 485009E31E2FF23B009B6610 /* ElectrodeContainer.framework */; };
		485009F41E2FF23C009B6610 /* ElectrodeContainer.h in Headers */ = {isa = PBXBuildFile; fileRef = 485009E61E2FF23B009B6610 /* ElectrodeContainer.h */; settings = {ATTRIBUTES = (Public, ); }; };
		48500A981E2FF55B009B6610 /* ElectrodeReactNative.h in Headers */ = {isa = PBXBuildFile; fileRef = 48500A961E2FF55B009B6610 /* ElectrodeReactNative.h */; settings = {ATTRIBUTES = (Public, ); }; };
		48500A991E2FF55B009B6610 /* ElectrodeReactNative.m in Sources */ = {isa = PBXBuildFile; fileRef = 48500A971E2FF55B009B6610 /* ElectrodeReactNative.m */; };
		968333D71E54E3470031C565 /* ElectrodeBridgeDelegate.h in Headers */ = {isa = PBXBuildFile; fileRef = 968333D51E54E3470031C565 /* ElectrodeBridgeDelegate.h */; settings = {ATTRIBUTES = (Public, ); }; };
		968333D81E54E3470031C565 /* ElectrodeBridgeDelegate.m in Sources */ = {isa = PBXBuildFile; fileRef = 968333D61E54E3470031C565 /* ElectrodeBridgeDelegate.m */; };
		2204A6DB96A540CE85F8B76A /* libReact.a in Frameworks */ = {isa = PBXBuildFile; fileRef = 003BAAE16C8A4D90A4610DB9 /* libReact.a */; };
		8E528B86BAC44717987FCE91 /* libRCTActionSheet.a in Frameworks */ = {isa = PBXBuildFile; fileRef = 659A6DAB0BA24711A8F31033 /* libRCTActionSheet.a */; };
		6D643683A3A34CE39ACAEBAB /* libRCTImage.a in Frameworks */ = {isa = PBXBuildFile; fileRef = 6DE8DA7620414A1D92B97A29 /* libRCTImage.a */; };
		2A28EF462B334A608169A9F5 /* libRCTAnimation.a in Frameworks */ = {isa = PBXBuildFile; fileRef = 4B72D24DEFC9416FA71FE033 /* libRCTAnimation.a */; };
		78D151979C0F4903A82C6D34 /* libRCTText.a in Frameworks */ = {isa = PBXBuildFile; fileRef = 34C919509CFA4504A7F5DD67 /* libRCTText.a */; };
		CFEF10EDC34A4A54B30F0F8A /* libRCTWebSocket.a in Frameworks */ = {isa = PBXBuildFile; fileRef = 685B96EAA748459B849F42E7 /* libRCTWebSocket.a */; };
		4655D91EEF9E4C8694D00AB6 /* libRCTGeolocation.a in Frameworks */ = {isa = PBXBuildFile; fileRef = 5E23706189CB4448939ACE8A /* libRCTGeolocation.a */; };
		4B706E7634254CF083B9F3C0 /* libRCTLinking.a in Frameworks */ = {isa = PBXBuildFile; fileRef = D93DE556A5B14276AC5EA6E3 /* libRCTLinking.a */; };
		A90A1115377E4E68A6229AE0 /* libRCTNetwork.a in Frameworks */ = {isa = PBXBuildFile; fileRef = C075CC73B92347B0915FBE33 /* libRCTNetwork.a */; };
		AD3DB216C3E64A98B450AEF6 /* libRCTSettings.a in Frameworks */ = {isa = PBXBuildFile; fileRef = 3141B039578D4D6BA096D9F7 /* libRCTSettings.a */; };
		74264B0807AA4920B51B7DA9 /* libRCTVibration.a in Frameworks */ = {isa = PBXBuildFile; fileRef = F9DEA170EFBD4A9D8AC5409D /* libRCTVibration.a */; };
		5CDB755C211C44BF9DD46E0B /* libRCTCameraRoll.a in Frameworks */ = {isa = PBXBuildFile; fileRef = EB386BE1D91C4C8097224FBF /* libRCTCameraRoll.a */; };
		775341FC0AD14E67A590DFC6 /* libCodePush.a in Frameworks */ = {isa = PBXBuildFile; fileRef = 463A2EF3EBAE43AE95921A72 /* libCodePush.a */; };
		792162A30C6D4495B84505A8 /* libz.tbd in Frameworks */ = {isa = PBXBuildFile; fileRef = 681118C1F59D41D0BC3F5F5D /* libz.tbd */; };
		E77DC59558DF4498985BFADF /* ElectrodeObject.swift in Sources */ = {isa = PBXBuildFile; fileRef = 9EF0BFB1C2FE4A0EA5FEE58B /* ElectrodeObject.swift */; };
		6E60BE281AF54D64A48802DF /* Bridgeable.swift in Sources */ = {isa = PBXBuildFile; fileRef = 8E3681AA67834B989AA2D423 /* Bridgeable.swift */; };
		193DE31CF3954ED29B947CE9 /* ElectrodeRequestHandlerProcessor.swift in Sources */ = {isa = PBXBuildFile; fileRef = 2FD636F4682F410D8C8D7E81 /* ElectrodeRequestHandlerProcessor.swift */; };
		8097DE1177474F2A8A95FA9E /* ElectrodeRequestProcessor.swift in Sources */ = {isa = PBXBuildFile; fileRef = 93CFF4BB40ED481E92892E2D /* ElectrodeRequestProcessor.swift */; };
		BEDCDE3C04AA49EDB04B3DC3 /* ElectrodeUtilities.swift in Sources */ = {isa = PBXBuildFile; fileRef = 961680D2947E4640BE8DEC2F /* ElectrodeUtilities.swift */; };
		69E4807660FE42739821B2A0 /* EventListenerProcessor.swift in Sources */ = {isa = PBXBuildFile; fileRef = 0D00AE8804884EBE8FD7AB9A /* EventListenerProcessor.swift */; };
		F0BF64EFA4724D84A8AC2D76 /* EventProcessor.swift in Sources */ = {isa = PBXBuildFile; fileRef = 25ACC93F60794990A08CF013 /* EventProcessor.swift */; };
		86DE1E861B01464889D86F1B /* Processor.swift in Sources */ = {isa = PBXBuildFile; fileRef = 320860F8126041DCB2F11F9C /* Processor.swift */; };
		A6A2C3A17D514453B93E0F60 /* None.swift in Sources */ = {isa = PBXBuildFile; fileRef = 9B14597321884BC7BED10713 /* None.swift */; };
		E9EE01F108F04CB5A1D24847 /* ElectrodeBridgeEvent.m in Sources */ = {isa = PBXBuildFile; fileRef = 21E3046FB9894CB0B1BD5BD3 /* ElectrodeBridgeEvent.m */; };
		511C0D9146FA4480A75652EA /* ElectrodeBridgeFailureMessage.m in Sources */ = {isa = PBXBuildFile; fileRef = C31E7445E4F2449B94AC9ACA /* ElectrodeBridgeFailureMessage.m */; };
		43EC2756E84D41A4A8AFB3A8 /* ElectrodeBridgeHolder.m in Sources */ = {isa = PBXBuildFile; fileRef = 5D854F391AED4E609FAD61DD /* ElectrodeBridgeHolder.m */; };
		23E98CD4186248FAB661988E /* ElectrodeBridgeMessage.m in Sources */ = {isa = PBXBuildFile; fileRef = 837C5E621F1843CF8AF76B68 /* ElectrodeBridgeMessage.m */; };
		1D7C2EDFF1C248A3852D0143 /* ElectrodeBridgeProtocols.m in Sources */ = {isa = PBXBuildFile; fileRef = 17916A17F53E4EE39C8DC506 /* ElectrodeBridgeProtocols.m */; };
		910BDA51430D471F90230B31 /* ElectrodeBridgeRequest.m in Sources */ = {isa = PBXBuildFile; fileRef = ECA09977F36840509648D2DA /* ElectrodeBridgeRequest.m */; };
		3781657D96034CA9B15AD91D /* ElectrodeBridgeResponse.m in Sources */ = {isa = PBXBuildFile; fileRef = DEE918DE2B184652B922B9A2 /* ElectrodeBridgeResponse.m */; };
		E8AF59F35C6B4924A05D5716 /* ElectrodeBridgeTransaction.m in Sources */ = {isa = PBXBuildFile; fileRef = ADDBFA6525884D3185A161C7 /* ElectrodeBridgeTransaction.m */; };
		A75F9C98976442E780E040FC /* ElectrodeBridgeTransceiver.m in Sources */ = {isa = PBXBuildFile; fileRef = 57FEF96578624152B84DE58B /* ElectrodeBridgeTransceiver.m */; };
		B69FF29E6DB243FF8A71DAC2 /* ElectrodeEventDispatcher.m in Sources */ = {isa = PBXBuildFile; fileRef = 8DEA7597F9FF4E5DA4B15CAB /* ElectrodeEventDispatcher.m */; };
		01E39AFBD8BE4A019A690DC3 /* ElectrodeEventRegistrar.m in Sources */ = {isa = PBXBuildFile; fileRef = 64B53E97D3E54C67BDC32914 /* ElectrodeEventRegistrar.m */; };
		248675111D7A49A9B8C5F8ED /* ElectrodeRequestDispatcher.m in Sources */ = {isa = PBXBuildFile; fileRef = DB1FB0F08DE34B9586795305 /* ElectrodeRequestDispatcher.m */; };
		F023F873296B448EA85920A1 /* ElectrodeRequestRegistrar.m in Sources */ = {isa = PBXBuildFile; fileRef = A6606FF197D340BBB386B4E2 /* ElectrodeRequestRegistrar.m */; };
		D1E96C81F13945BEA1E1A0D9 /* ElectrodeLogger.m in Sources */ = {isa = PBXBuildFile; fileRef = 7E60C288C76E4C31AF8E36C8 /* ElectrodeLogger.m */; };
		D702BD575FAA4DB0B362E4D4 /* ElectrodeBridgeEvent.h in Headers */ = {isa = PBXBuildFile; fileRef = CBAFB8815B4F480288492097 /* ElectrodeBridgeEvent.h */; settings = {ATTRIBUTES = (Public, ); }; };
		0BF0D39DBB1C4DD2AB27B875 /* ElectrodeBridgeFailureMessage.h in Headers */ = {isa = PBXBuildFile; fileRef = 707AEC94BA65484B84D3B02C /* ElectrodeBridgeFailureMessage.h */; settings = {ATTRIBUTES = (Public, ); }; };
		B3F33F1E89F5480D937D0213 /* ElectrodeBridgeHolder.h in Headers */ = {isa = PBXBuildFile; fileRef = D60B930BEB3C49A1B0089670 /* ElectrodeBridgeHolder.h */; settings = {ATTRIBUTES = (Public, ); }; };
		E8F9DBE7F27F4B04B311A284 /* ElectrodeBridgeMessage.h in Headers */ = {isa = PBXBuildFile; fileRef = 52EB4F1EF45947FA94709EB9 /* ElectrodeBridgeMessage.h */; settings = {ATTRIBUTES = (Public, ); }; };
		293FE520B21C4569BFBB0105 /* ElectrodeBridgeProtocols.h in Headers */ = {isa = PBXBuildFile; fileRef = 753FFDAC14BC4BE1891736FD /* ElectrodeBridgeProtocols.h */; settings = {ATTRIBUTES = (Public, ); }; };
		8EFD8E29A20A42FDB4413D4E /* ElectrodeBridgeRequest.h in Headers */ = {isa = PBXBuildFile; fileRef = B9971767CAC84A798DFD458C /* ElectrodeBridgeRequest.h */; settings = {ATTRIBUTES = (Public, ); }; };
		AAC0A90454F64454BB4CB37D /* ElectrodeBridgeTransaction.h in Headers */ = {isa = PBXBuildFile; fileRef = 2E733ED1C3EF4E22BBA91231 /* ElectrodeBridgeTransaction.h */; };
		78D98DFEE36F4D038F4D2DCA /* ElectrodeBridgeTransceiver.h in Headers */ = {isa = PBXBuildFile; fileRef = 0F93DE1D52AC459EA3AD6B51 /* ElectrodeBridgeTransceiver.h */; };
		BB8139A12F7F4EA5B4736D9D /* ElectrodeBridgeTransceiver_Internal.h in Headers */ = {isa = PBXBuildFile; fileRef = F9A97D49F8B046AA82453A91 /* ElectrodeBridgeTransceiver_Internal.h */; };
		912F04AED2564F5091A27BBA /* ElectrodeEventDispatcher.h in Headers */ = {isa = PBXBuildFile; fileRef = 8EB33EE2B3D04A80B9C63EA7 /* ElectrodeEventDispatcher.h */; };
		49E62EB58FC8455CA07AA20E /* ElectrodeEventRegistrar.h in Headers */ = {isa = PBXBuildFile; fileRef = 49EF0915693D4D3EAAF382D4 /* ElectrodeEventRegistrar.h */; };
		8CBFB7694F68426EA7083129 /* ElectrodeRequestDispatcher.h in Headers */ = {isa = PBXBuildFile; fileRef = E0E87908E541419C8A84B454 /* ElectrodeRequestDispatcher.h */; };
		19C5C2BCF23345EA82C45B5D /* ElectrodeRequestRegistrar.h in Headers */ = {isa = PBXBuildFile; fileRef = C901EF208227488592822209 /* ElectrodeRequestRegistrar.h */; };
		212DA276794B459EB6B8DA7C /* ElectrodeReactNativeBridge.h in Headers */ = {isa = PBXBuildFile; fileRef = 86606B42AA7F4A61B6D00E83 /* ElectrodeReactNativeBridge.h */; };
		53C621887F134ED7AD9F47EE /* ElectrodeBridgeResponse.h in Headers */ = {isa = PBXBuildFile; fileRef = 821B364532004BD182CA5918 /* ElectrodeBridgeResponse.h */; };
		A1CFD324899A4E188626987E /* ElectrodeLogger.h in Headers */ = {isa = PBXBuildFile; fileRef = B334305D27704FEB83E30B69 /* ElectrodeLogger.h */; settings = {ATTRIBUTES = (Public, ); }; };
		9A2C43127189439491D14E37 /* BirthYear.swift in Sources */ = {isa = PBXBuildFile; fileRef = 83BF74EBAF584EA1AC670090 /* BirthYear.swift */; };
		B0DE304AC8E64E0D80085AC3 /* Movie.swift in Sources */ = {isa = PBXBuildFile; fileRef = CE0D7400AEE04EACA7D9A98C /* Movie.swift */; };
		614A3E8BEE31411BACF0C7A8 /* MoviesAPI.swift in Sources */ = {isa = PBXBuildFile; fileRef = FF23F99E8E184E77AA9F77D2 /* MoviesAPI.swift */; };
		20217488A9974EE18FA14E82 /* MoviesRequests.swift in Sources */ = {isa = PBXBuildFile; fileRef = 45BA7DFCD2064709AD7CDBB4 /* MoviesRequests.swift */; };
		2BD2B90FD9E84200A18AA156 /* Person.swift in Sources */ = {isa = PBXBuildFile; fileRef = F91B5C67CD034E83A04F26C5 /* Person.swift */; };
		5D672C3C077443A28880ED01 /* Synopsis.swift in Sources */ = {isa = PBXBuildFile; fileRef = 4C30BA23ABEC44FCB5E45E2C /* Synopsis.swift */; };
		A17C3089A86A45449926760A /* NavigateData.swift in Sources */ = {isa = PBXBuildFile; fileRef = D0DDF5DA17374376A5DF45A1 /* NavigateData.swift */; };
		CD7914BB347C49A9962152A8 /* NavigationAPI.swift in Sources */ = {isa = PBXBuildFile; fileRef = 84A6FEB4EB8D4B1185F82FA0 /* NavigationAPI.swift */; };
		B1439F9D39BE47C999EFB85B /* NavigationRequests.swift in Sources */ = {isa = PBXBuildFile; fileRef = C94415FC43614272A0C4D83C /* NavigationRequests.swift */; };
		9D5A45B5A8BA4DE699675253 /* ElectrodeCodePushConfig.h in Headers */ = {isa = PBXBuildFile; fileRef = 60FB57B952B3475D8942C901 /* ElectrodeCodePushConfig.h */; settings = {ATTRIBUTES = (Public, ); }; };
		6FF2ABA99F6A4F8784A22BB9 /* ElectrodeCodePushConfig.m in Sources */ = {isa = PBXBuildFile; fileRef = EA3795B86DB246CA87A4FC51 /* ElectrodeCodePushConfig.m */; };
/* End PBXBuildFile section */

/* Begin PBXContainerItemProxy section */
		485009EE1E2FF23C009B6610 /* PBXContainerItemProxy */ = {
			isa = PBXContainerItemProxy;
			containerPortal = 485009DA1E2FF23B009B6610 /* Project object */;
			proxyType = 1;
			remoteGlobalIDString = 485009E21E2FF23B009B6610;
			remoteInfo = ElectrodeContainer;
		};
		A4448067B22543E0B0FC9FF3 /* PBXContainerItemProxy */ = {
			isa = PBXContainerItemProxy;
			containerPortal = 2F37001CB4D64A87912025E9 /* React.xcodeproj */;
			proxyType = 1;
			remoteGlobalIDString = 2E6E7E722E3241B39CCA96B9;
			remoteInfo = React;
		};
		810D646730D8474CAFB8400D /* PBXContainerItemProxy */ = {
			isa = PBXContainerItemProxy;
			containerPortal = 2F37001CB4D64A87912025E9 /* React.xcodeproj */;
			proxyType = 2;
			remoteGlobalIDString = 83CBBA2E1A601D0E00E9B192;
			remoteInfo = React;
		};
		19C93793CE814FF9A64891A0 /* PBXContainerItemProxy */ = {
			isa = PBXContainerItemProxy;
			containerPortal = D0E81FC0F68B450AAF5A3CBC /* RCTActionSheet.xcodeproj */;
			proxyType = 1;
			remoteGlobalIDString = F2B159678CB947AC80C25AC2;
			remoteInfo = RCTActionSheet;
		};
		C737AA41D73A432FB24BD4BD /* PBXContainerItemProxy */ = {
			isa = PBXContainerItemProxy;
			containerPortal = D0E81FC0F68B450AAF5A3CBC /* RCTActionSheet.xcodeproj */;
			proxyType = 2;
			remoteGlobalIDString = 134814201AA4EA6300B7C361;
			remoteInfo = RCTActionSheet;
		};
		9D34B5DC1AA94307AC709CC3 /* PBXContainerItemProxy */ = {
			isa = PBXContainerItemProxy;
			containerPortal = A5E22E90BDD640968521A1C5 /* RCTImage.xcodeproj */;
			proxyType = 1;
			remoteGlobalIDString = C7693C843DC54DE6B5A2773E;
			remoteInfo = RCTImage;
		};
		388C1D9FC52149AC8A7F7AF8 /* PBXContainerItemProxy */ = {
			isa = PBXContainerItemProxy;
			containerPortal = A5E22E90BDD640968521A1C5 /* RCTImage.xcodeproj */;
			proxyType = 2;
			remoteGlobalIDString = 58B5115D1A9E6B3D00147676;
			remoteInfo = RCTImage;
		};
		4CE6CEC4B17A4B0FBA779A93 /* PBXContainerItemProxy */ = {
			isa = PBXContainerItemProxy;
			containerPortal = CC607149A3604062B86B7087 /* RCTAnimation.xcodeproj */;
			proxyType = 1;
			remoteGlobalIDString = FE504D97B7EA4021A66A8C9D;
			remoteInfo = RCTAnimation;
		};
		0E8752E2B2F64DD4A4A4F908 /* PBXContainerItemProxy */ = {
			isa = PBXContainerItemProxy;
			containerPortal = CC607149A3604062B86B7087 /* RCTAnimation.xcodeproj */;
			proxyType = 2;
			remoteGlobalIDString = 134814201AA4EA6300B7C361;
			remoteInfo = RCTAnimation;
		};
		52E6D9CF79684E1B9B46A15A /* PBXContainerItemProxy */ = {
			isa = PBXContainerItemProxy;
			containerPortal = 5D6FB0932D3C4CB985F7D8CB /* RCTText.xcodeproj */;
			proxyType = 1;
			remoteGlobalIDString = CDB1C497C6B44F2ABA52A0CF;
			remoteInfo = RCTText;
		};
		A16B9087F92E4A55A62F3EE8 /* PBXContainerItemProxy */ = {
			isa = PBXContainerItemProxy;
			containerPortal = 5D6FB0932D3C4CB985F7D8CB /* RCTText.xcodeproj */;
			proxyType = 2;
			remoteGlobalIDString = 58B5119B1A9E6C1200147676;
			remoteInfo = RCTText;
		};
		F47A8CDE6F574164AF5BBE53 /* PBXContainerItemProxy */ = {
			isa = PBXContainerItemProxy;
			containerPortal = 8F1FA4FE5CAF4733AB81F75E /* RCTWebSocket.xcodeproj */;
			proxyType = 1;
			remoteGlobalIDString = 01DDC36372924CD7A9F6ABC4;
			remoteInfo = RCTWebSocket;
		};
		F2F7BD373AED410D894271E3 /* PBXContainerItemProxy */ = {
			isa = PBXContainerItemProxy;
			containerPortal = 8F1FA4FE5CAF4733AB81F75E /* RCTWebSocket.xcodeproj */;
			proxyType = 2;
			remoteGlobalIDString = 3C86DF461ADF2C930047B81A;
			remoteInfo = RCTWebSocket;
		};
		FD1C7B28ECC84B4EA47985C3 /* PBXContainerItemProxy */ = {
			isa = PBXContainerItemProxy;
			containerPortal = B72BB1FA168949D79668162A /* RCTGeolocation.xcodeproj */;
			proxyType = 1;
			remoteGlobalIDString = F1C66609C51645C594D0ADCD;
			remoteInfo = RCTGeolocation;
		};
		93C00D12F2F64B2784FAF834 /* PBXContainerItemProxy */ = {
			isa = PBXContainerItemProxy;
			containerPortal = B72BB1FA168949D79668162A /* RCTGeolocation.xcodeproj */;
			proxyType = 2;
			remoteGlobalIDString = 134814201AA4EA6300B7C361;
			remoteInfo = RCTGeolocation;
		};
		D82F28B1CA9C4EACB02E00A9 /* PBXContainerItemProxy */ = {
			isa = PBXContainerItemProxy;
			containerPortal = BE20E37634F44A6E8EBFFCCD /* RCTLinking.xcodeproj */;
			proxyType = 1;
			remoteGlobalIDString = 70AC86C782CB477BAC1C7AB6;
			remoteInfo = RCTLinking;
		};
		0835041C7763414F9502CD49 /* PBXContainerItemProxy */ = {
			isa = PBXContainerItemProxy;
			containerPortal = BE20E37634F44A6E8EBFFCCD /* RCTLinking.xcodeproj */;
			proxyType = 2;
			remoteGlobalIDString = 134814201AA4EA6300B7C361;
			remoteInfo = RCTLinking;
		};
		A3B21C6CCC1143D5A72BD608 /* PBXContainerItemProxy */ = {
			isa = PBXContainerItemProxy;
			containerPortal = 534638D31A2E46EAB1A3C1F9 /* RCTNetwork.xcodeproj */;
			proxyType = 1;
			remoteGlobalIDString = 805431B70EED4789BF307C87;
			remoteInfo = RCTNetwork;
		};
		973414FBF5CC4AF1B9C58025 /* PBXContainerItemProxy */ = {
			isa = PBXContainerItemProxy;
			containerPortal = 534638D31A2E46EAB1A3C1F9 /* RCTNetwork.xcodeproj */;
			proxyType = 2;
			remoteGlobalIDString = 58B511DB1A9E6C8500147676;
			remoteInfo = RCTNetwork;
		};
		7EA5B719B4EA4934B4C81A47 /* PBXContainerItemProxy */ = {
			isa = PBXContainerItemProxy;
			containerPortal = 1085D264CD1B45F9BBA2EACF /* RCTSettings.xcodeproj */;
			proxyType = 1;
			remoteGlobalIDString = 964165A4BC864390BEB7A8C9;
			remoteInfo = RCTSettings;
		};
		9B7ABF48CC1441D6B8D555CC /* PBXContainerItemProxy */ = {
			isa = PBXContainerItemProxy;
			containerPortal = 1085D264CD1B45F9BBA2EACF /* RCTSettings.xcodeproj */;
			proxyType = 2;
			remoteGlobalIDString = 134814201AA4EA6300B7C361;
			remoteInfo = RCTSettings;
		};
		20CD323DBFAB424699EA40C1 /* PBXContainerItemProxy */ = {
			isa = PBXContainerItemProxy;
			containerPortal = DB4A2FC921024A45A0E0DEB1 /* RCTVibration.xcodeproj */;
			proxyType = 1;
			remoteGlobalIDString = 5DD82ACCAB844ECF88CBA642;
			remoteInfo = RCTVibration;
		};
		8BC793E9916A47888BA1144B /* PBXContainerItemProxy */ = {
			isa = PBXContainerItemProxy;
			containerPortal = DB4A2FC921024A45A0E0DEB1 /* RCTVibration.xcodeproj */;
			proxyType = 2;
			remoteGlobalIDString = 832C81801AAF6DEF007FA2F7;
			remoteInfo = RCTVibration;
		};
		24790F9C26DA4AE7948413BE /* PBXContainerItemProxy */ = {
			isa = PBXContainerItemProxy;
			containerPortal = 35C1C5DE81AE414999A0FE6F /* RCTCameraRoll.xcodeproj */;
			proxyType = 1;
			remoteGlobalIDString = 6E505519323441ECA64E514F;
			remoteInfo = RCTCameraRoll;
		};
		33501999F54348B8962814E7 /* PBXContainerItemProxy */ = {
			isa = PBXContainerItemProxy;
			containerPortal = 35C1C5DE81AE414999A0FE6F /* RCTCameraRoll.xcodeproj */;
			proxyType = 2;
			remoteGlobalIDString = 58B5115D1A9E6B3D00147676;
			remoteInfo = RCTCameraRoll;
		};
		75A45ADF52C1417DADF17877 /* PBXContainerItemProxy */ = {
			isa = PBXContainerItemProxy;
			containerPortal = 2E87FB8A9F8B41D6A38F544D /* CodePush.xcodeproj */;
			proxyType = 1;
			remoteGlobalIDString = 033D832BFAD1425DA5789777;
			remoteInfo = CodePush;
		};
		5062CD797613424D9B0B8EFE /* PBXContainerItemProxy */ = {
			isa = PBXContainerItemProxy;
			containerPortal = 2E87FB8A9F8B41D6A38F544D /* CodePush.xcodeproj */;
			proxyType = 2;
			remoteGlobalIDString = 134814201AA4EA6300B7C361;
			remoteInfo = CodePush;
		};
/* End PBXContainerItemProxy section */

/* Begin PBXFileReference section */
		223A89451E89CDC70092741E /* MiniApp.jsbundle */ = {isa = PBXFileReference; fileEncoding = 4; lastKnownFileType = text; path = MiniApp.jsbundle; sourceTree = "<group>"; };
		2265A4A11EB26943007D6C3D /* Info.plist */ = {isa = PBXFileReference; fileEncoding = 4; lastKnownFileType = text.plist.xml; path = Info.plist; sourceTree = "<group>"; };
		22BF1FEA1E8DAAF800E7F500 /* assets */ = {isa = PBXFileReference; lastKnownFileType = folder; path = assets; sourceTree = "<group>"; };
		301CB9001F33F3450048C58B /* NSBundle+frameworkBundle.m */ = {isa = PBXFileReference; fileEncoding = 4; lastKnownFileType = sourcecode.c.objc; path = "NSBundle+frameworkBundle.m"; sourceTree = "<group>"; };
		301CB9011F33F3450048C58B /* NSBundle+frameworkBundle.h */ = {isa = PBXFileReference; fileEncoding = 4; lastKnownFileType = sourcecode.c.h; path = "NSBundle+frameworkBundle.h"; sourceTree = "<group>"; };
		30F8CDED1E67946E00413247 /* ElectrodeReactNative_Internal.h */ = {isa = PBXFileReference; fileEncoding = 4; lastKnownFileType = sourcecode.c.h; path = ElectrodeReactNative_Internal.h; sourceTree = "<group>"; };
		485009E31E2FF23B009B6610 /* ElectrodeContainer.framework */ = {isa = PBXFileReference; explicitFileType = wrapper.framework; includeInIndex = 0; path = ElectrodeContainer.framework; sourceTree = BUILT_PRODUCTS_DIR; };
		485009E61E2FF23B009B6610 /* ElectrodeContainer.h */ = {isa = PBXFileReference; lastKnownFileType = sourcecode.c.h; path = ElectrodeContainer.h; sourceTree = "<group>"; };
		485009EC1E2FF23C009B6610 /* ElectrodeContainerTests.xctest */ = {isa = PBXFileReference; explicitFileType = wrapper.cfbundle; includeInIndex = 0; path = ElectrodeContainerTests.xctest; sourceTree = BUILT_PRODUCTS_DIR; };
		485009F31E2FF23C009B6610 /* Info.plist */ = {isa = PBXFileReference; lastKnownFileType = text.plist.xml; path = Info.plist; sourceTree = "<group>"; };
		48500A961E2FF55B009B6610 /* ElectrodeReactNative.h */ = {isa = PBXFileReference; fileEncoding = 4; lastKnownFileType = sourcecode.c.h; path = ElectrodeReactNative.h; sourceTree = "<group>"; };
		48500A971E2FF55B009B6610 /* ElectrodeReactNative.m */ = {isa = PBXFileReference; fileEncoding = 4; lastKnownFileType = sourcecode.c.objc; path = ElectrodeReactNative.m; sourceTree = "<group>"; wrapsLines = 0; };
		968333D51E54E3470031C565 /* ElectrodeBridgeDelegate.h */ = {isa = PBXFileReference; fileEncoding = 4; lastKnownFileType = sourcecode.c.h; path = ElectrodeBridgeDelegate.h; sourceTree = "<group>"; };
		968333D61E54E3470031C565 /* ElectrodeBridgeDelegate.m */ = {isa = PBXFileReference; fileEncoding = 4; lastKnownFileType = sourcecode.c.objc; path = ElectrodeBridgeDelegate.m; sourceTree = "<group>"; };
		2F37001CB4D64A87912025E9 /* React.xcodeproj */ = {isa = PBXFileReference; name = "React.xcodeproj"; path = "ReactNative/React/React.xcodeproj"; sourceTree = "<group>"; fileEncoding = undefined; lastKnownFileType = wrapper.pb-project; explicitFileType = undefined; includeInIndex = 0; };
		003BAAE16C8A4D90A4610DB9 /* libReact.a */ = {isa = PBXFileReference; name = "libReact.a"; path = "libReact.a"; sourceTree = "<group>"; fileEncoding = undefined; lastKnownFileType = archive.ar; explicitFileType = undefined; includeInIndex = 0; };
		D0E81FC0F68B450AAF5A3CBC /* RCTActionSheet.xcodeproj */ = {isa = PBXFileReference; name = "RCTActionSheet.xcodeproj"; path = "ReactNative/ActionSheetIOS/RCTActionSheet.xcodeproj"; sourceTree = "<group>"; fileEncoding = undefined; lastKnownFileType = wrapper.pb-project; explicitFileType = undefined; includeInIndex = 0; };
		659A6DAB0BA24711A8F31033 /* libRCTActionSheet.a */ = {isa = PBXFileReference; name = "libRCTActionSheet.a"; path = "libRCTActionSheet.a"; sourceTree = "<group>"; fileEncoding = undefined; lastKnownFileType = archive.ar; explicitFileType = undefined; includeInIndex = 0; };
		A5E22E90BDD640968521A1C5 /* RCTImage.xcodeproj */ = {isa = PBXFileReference; name = "RCTImage.xcodeproj"; path = "ReactNative/Image/RCTImage.xcodeproj"; sourceTree = "<group>"; fileEncoding = undefined; lastKnownFileType = wrapper.pb-project; explicitFileType = undefined; includeInIndex = 0; };
		6DE8DA7620414A1D92B97A29 /* libRCTImage.a */ = {isa = PBXFileReference; name = "libRCTImage.a"; path = "libRCTImage.a"; sourceTree = "<group>"; fileEncoding = undefined; lastKnownFileType = archive.ar; explicitFileType = undefined; includeInIndex = 0; };
		CC607149A3604062B86B7087 /* RCTAnimation.xcodeproj */ = {isa = PBXFileReference; name = "RCTAnimation.xcodeproj"; path = "ReactNative/NativeAnimation/RCTAnimation.xcodeproj"; sourceTree = "<group>"; fileEncoding = undefined; lastKnownFileType = wrapper.pb-project; explicitFileType = undefined; includeInIndex = 0; };
		4B72D24DEFC9416FA71FE033 /* libRCTAnimation.a */ = {isa = PBXFileReference; name = "libRCTAnimation.a"; path = "libRCTAnimation.a"; sourceTree = "<group>"; fileEncoding = undefined; lastKnownFileType = archive.ar; explicitFileType = undefined; includeInIndex = 0; };
		5D6FB0932D3C4CB985F7D8CB /* RCTText.xcodeproj */ = {isa = PBXFileReference; name = "RCTText.xcodeproj"; path = "ReactNative/Text/RCTText.xcodeproj"; sourceTree = "<group>"; fileEncoding = undefined; lastKnownFileType = wrapper.pb-project; explicitFileType = undefined; includeInIndex = 0; };
		34C919509CFA4504A7F5DD67 /* libRCTText.a */ = {isa = PBXFileReference; name = "libRCTText.a"; path = "libRCTText.a"; sourceTree = "<group>"; fileEncoding = undefined; lastKnownFileType = archive.ar; explicitFileType = undefined; includeInIndex = 0; };
		8F1FA4FE5CAF4733AB81F75E /* RCTWebSocket.xcodeproj */ = {isa = PBXFileReference; name = "RCTWebSocket.xcodeproj"; path = "ReactNative/WebSocket/RCTWebSocket.xcodeproj"; sourceTree = "<group>"; fileEncoding = undefined; lastKnownFileType = wrapper.pb-project; explicitFileType = undefined; includeInIndex = 0; };
		685B96EAA748459B849F42E7 /* libRCTWebSocket.a */ = {isa = PBXFileReference; name = "libRCTWebSocket.a"; path = "libRCTWebSocket.a"; sourceTree = "<group>"; fileEncoding = undefined; lastKnownFileType = archive.ar; explicitFileType = undefined; includeInIndex = 0; };
		B72BB1FA168949D79668162A /* RCTGeolocation.xcodeproj */ = {isa = PBXFileReference; name = "RCTGeolocation.xcodeproj"; path = "ReactNative/Geolocation/RCTGeolocation.xcodeproj"; sourceTree = "<group>"; fileEncoding = undefined; lastKnownFileType = wrapper.pb-project; explicitFileType = undefined; includeInIndex = 0; };
		5E23706189CB4448939ACE8A /* libRCTGeolocation.a */ = {isa = PBXFileReference; name = "libRCTGeolocation.a"; path = "libRCTGeolocation.a"; sourceTree = "<group>"; fileEncoding = undefined; lastKnownFileType = archive.ar; explicitFileType = undefined; includeInIndex = 0; };
		BE20E37634F44A6E8EBFFCCD /* RCTLinking.xcodeproj */ = {isa = PBXFileReference; name = "RCTLinking.xcodeproj"; path = "ReactNative/LinkingIOS/RCTLinking.xcodeproj"; sourceTree = "<group>"; fileEncoding = undefined; lastKnownFileType = wrapper.pb-project; explicitFileType = undefined; includeInIndex = 0; };
		D93DE556A5B14276AC5EA6E3 /* libRCTLinking.a */ = {isa = PBXFileReference; name = "libRCTLinking.a"; path = "libRCTLinking.a"; sourceTree = "<group>"; fileEncoding = undefined; lastKnownFileType = archive.ar; explicitFileType = undefined; includeInIndex = 0; };
		534638D31A2E46EAB1A3C1F9 /* RCTNetwork.xcodeproj */ = {isa = PBXFileReference; name = "RCTNetwork.xcodeproj"; path = "ReactNative/Network/RCTNetwork.xcodeproj"; sourceTree = "<group>"; fileEncoding = undefined; lastKnownFileType = wrapper.pb-project; explicitFileType = undefined; includeInIndex = 0; };
		C075CC73B92347B0915FBE33 /* libRCTNetwork.a */ = {isa = PBXFileReference; name = "libRCTNetwork.a"; path = "libRCTNetwork.a"; sourceTree = "<group>"; fileEncoding = undefined; lastKnownFileType = archive.ar; explicitFileType = undefined; includeInIndex = 0; };
		1085D264CD1B45F9BBA2EACF /* RCTSettings.xcodeproj */ = {isa = PBXFileReference; name = "RCTSettings.xcodeproj"; path = "ReactNative/Settings/RCTSettings.xcodeproj"; sourceTree = "<group>"; fileEncoding = undefined; lastKnownFileType = wrapper.pb-project; explicitFileType = undefined; includeInIndex = 0; };
		3141B039578D4D6BA096D9F7 /* libRCTSettings.a */ = {isa = PBXFileReference; name = "libRCTSettings.a"; path = "libRCTSettings.a"; sourceTree = "<group>"; fileEncoding = undefined; lastKnownFileType = archive.ar; explicitFileType = undefined; includeInIndex = 0; };
		DB4A2FC921024A45A0E0DEB1 /* RCTVibration.xcodeproj */ = {isa = PBXFileReference; name = "RCTVibration.xcodeproj"; path = "ReactNative/Vibration/RCTVibration.xcodeproj"; sourceTree = "<group>"; fileEncoding = undefined; lastKnownFileType = wrapper.pb-project; explicitFileType = undefined; includeInIndex = 0; };
		F9DEA170EFBD4A9D8AC5409D /* libRCTVibration.a */ = {isa = PBXFileReference; name = "libRCTVibration.a"; path = "libRCTVibration.a"; sourceTree = "<group>"; fileEncoding = undefined; lastKnownFileType = archive.ar; explicitFileType = undefined; includeInIndex = 0; };
		35C1C5DE81AE414999A0FE6F /* RCTCameraRoll.xcodeproj */ = {isa = PBXFileReference; name = "RCTCameraRoll.xcodeproj"; path = "ReactNative/CameraRoll/RCTCameraRoll.xcodeproj"; sourceTree = "<group>"; fileEncoding = undefined; lastKnownFileType = wrapper.pb-project; explicitFileType = undefined; includeInIndex = 0; };
		EB386BE1D91C4C8097224FBF /* libRCTCameraRoll.a */ = {isa = PBXFileReference; name = "libRCTCameraRoll.a"; path = "libRCTCameraRoll.a"; sourceTree = "<group>"; fileEncoding = undefined; lastKnownFileType = archive.ar; explicitFileType = undefined; includeInIndex = 0; };
		2E87FB8A9F8B41D6A38F544D /* CodePush.xcodeproj */ = {isa = PBXFileReference; name = "CodePush.xcodeproj"; path = "CodePush/CodePush.xcodeproj"; sourceTree = "<group>"; fileEncoding = undefined; lastKnownFileType = wrapper.pb-project; explicitFileType = undefined; includeInIndex = 0; };
		463A2EF3EBAE43AE95921A72 /* libCodePush.a */ = {isa = PBXFileReference; name = "libCodePush.a"; path = "libCodePush.a"; sourceTree = "<group>"; fileEncoding = undefined; lastKnownFileType = archive.ar; explicitFileType = undefined; includeInIndex = 0; };
		681118C1F59D41D0BC3F5F5D /* libz.tbd */ = {isa = PBXFileReference; name = "libz.tbd"; path = "usr/lib/libz.tbd"; sourceTree = SDKROOT; fileEncoding = undefined; lastKnownFileType = sourcecode.text-based-dylib-definition; explicitFileType = undefined; includeInIndex = 0; };
		9EF0BFB1C2FE4A0EA5FEE58B /* ElectrodeObject.swift */ = {isa = PBXFileReference; name = "ElectrodeObject.swift"; path = "ElectrodeReactNativeBridge/ElectrodeObject.swift"; sourceTree = "<group>"; fileEncoding = 4; lastKnownFileType = sourcecode.swift; explicitFileType = undefined; includeInIndex = 0; };
		8E3681AA67834B989AA2D423 /* Bridgeable.swift */ = {isa = PBXFileReference; name = "Bridgeable.swift"; path = "ElectrodeReactNativeBridge/Bridgeable.swift"; sourceTree = "<group>"; fileEncoding = 4; lastKnownFileType = sourcecode.swift; explicitFileType = undefined; includeInIndex = 0; };
		2FD636F4682F410D8C8D7E81 /* ElectrodeRequestHandlerProcessor.swift */ = {isa = PBXFileReference; name = "ElectrodeRequestHandlerProcessor.swift"; path = "ElectrodeReactNativeBridge/ElectrodeRequestHandlerProcessor.swift"; sourceTree = "<group>"; fileEncoding = 4; lastKnownFileType = sourcecode.swift; explicitFileType = undefined; includeInIndex = 0; };
		93CFF4BB40ED481E92892E2D /* ElectrodeRequestProcessor.swift */ = {isa = PBXFileReference; name = "ElectrodeRequestProcessor.swift"; path = "ElectrodeReactNativeBridge/ElectrodeRequestProcessor.swift"; sourceTree = "<group>"; fileEncoding = 4; lastKnownFileType = sourcecode.swift; explicitFileType = undefined; includeInIndex = 0; };
		961680D2947E4640BE8DEC2F /* ElectrodeUtilities.swift */ = {isa = PBXFileReference; name = "ElectrodeUtilities.swift"; path = "ElectrodeReactNativeBridge/ElectrodeUtilities.swift"; sourceTree = "<group>"; fileEncoding = 4; lastKnownFileType = sourcecode.swift; explicitFileType = undefined; includeInIndex = 0; };
		0D00AE8804884EBE8FD7AB9A /* EventListenerProcessor.swift */ = {isa = PBXFileReference; name = "EventListenerProcessor.swift"; path = "ElectrodeReactNativeBridge/EventListenerProcessor.swift"; sourceTree = "<group>"; fileEncoding = 4; lastKnownFileType = sourcecode.swift; explicitFileType = undefined; includeInIndex = 0; };
		25ACC93F60794990A08CF013 /* EventProcessor.swift */ = {isa = PBXFileReference; name = "EventProcessor.swift"; path = "ElectrodeReactNativeBridge/EventProcessor.swift"; sourceTree = "<group>"; fileEncoding = 4; lastKnownFileType = sourcecode.swift; explicitFileType = undefined; includeInIndex = 0; };
		320860F8126041DCB2F11F9C /* Processor.swift */ = {isa = PBXFileReference; name = "Processor.swift"; path = "ElectrodeReactNativeBridge/Processor.swift"; sourceTree = "<group>"; fileEncoding = 4; lastKnownFileType = sourcecode.swift; explicitFileType = undefined; includeInIndex = 0; };
		9B14597321884BC7BED10713 /* None.swift */ = {isa = PBXFileReference; name = "None.swift"; path = "ElectrodeReactNativeBridge/None.swift"; sourceTree = "<group>"; fileEncoding = 4; lastKnownFileType = sourcecode.swift; explicitFileType = undefined; includeInIndex = 0; };
		21E3046FB9894CB0B1BD5BD3 /* ElectrodeBridgeEvent.m */ = {isa = PBXFileReference; name = "ElectrodeBridgeEvent.m"; path = "ElectrodeReactNativeBridge/ElectrodeBridgeEvent.m"; sourceTree = "<group>"; fileEncoding = 4; lastKnownFileType = sourcecode.c.objc; explicitFileType = undefined; includeInIndex = 0; };
		C31E7445E4F2449B94AC9ACA /* ElectrodeBridgeFailureMessage.m */ = {isa = PBXFileReference; name = "ElectrodeBridgeFailureMessage.m"; path = "ElectrodeReactNativeBridge/ElectrodeBridgeFailureMessage.m"; sourceTree = "<group>"; fileEncoding = 4; lastKnownFileType = sourcecode.c.objc; explicitFileType = undefined; includeInIndex = 0; };
		5D854F391AED4E609FAD61DD /* ElectrodeBridgeHolder.m */ = {isa = PBXFileReference; name = "ElectrodeBridgeHolder.m"; path = "ElectrodeReactNativeBridge/ElectrodeBridgeHolder.m"; sourceTree = "<group>"; fileEncoding = 4; lastKnownFileType = sourcecode.c.objc; explicitFileType = undefined; includeInIndex = 0; };
		837C5E621F1843CF8AF76B68 /* ElectrodeBridgeMessage.m */ = {isa = PBXFileReference; name = "ElectrodeBridgeMessage.m"; path = "ElectrodeReactNativeBridge/ElectrodeBridgeMessage.m"; sourceTree = "<group>"; fileEncoding = 4; lastKnownFileType = sourcecode.c.objc; explicitFileType = undefined; includeInIndex = 0; };
		17916A17F53E4EE39C8DC506 /* ElectrodeBridgeProtocols.m */ = {isa = PBXFileReference; name = "ElectrodeBridgeProtocols.m"; path = "ElectrodeReactNativeBridge/ElectrodeBridgeProtocols.m"; sourceTree = "<group>"; fileEncoding = 4; lastKnownFileType = sourcecode.c.objc; explicitFileType = undefined; includeInIndex = 0; };
		ECA09977F36840509648D2DA /* ElectrodeBridgeRequest.m */ = {isa = PBXFileReference; name = "ElectrodeBridgeRequest.m"; path = "ElectrodeReactNativeBridge/ElectrodeBridgeRequest.m"; sourceTree = "<group>"; fileEncoding = 4; lastKnownFileType = sourcecode.c.objc; explicitFileType = undefined; includeInIndex = 0; };
		DEE918DE2B184652B922B9A2 /* ElectrodeBridgeResponse.m */ = {isa = PBXFileReference; name = "ElectrodeBridgeResponse.m"; path = "ElectrodeReactNativeBridge/ElectrodeBridgeResponse.m"; sourceTree = "<group>"; fileEncoding = 4; lastKnownFileType = sourcecode.c.objc; explicitFileType = undefined; includeInIndex = 0; };
		ADDBFA6525884D3185A161C7 /* ElectrodeBridgeTransaction.m */ = {isa = PBXFileReference; name = "ElectrodeBridgeTransaction.m"; path = "ElectrodeReactNativeBridge/ElectrodeBridgeTransaction.m"; sourceTree = "<group>"; fileEncoding = 4; lastKnownFileType = sourcecode.c.objc; explicitFileType = undefined; includeInIndex = 0; };
		57FEF96578624152B84DE58B /* ElectrodeBridgeTransceiver.m */ = {isa = PBXFileReference; name = "ElectrodeBridgeTransceiver.m"; path = "ElectrodeReactNativeBridge/ElectrodeBridgeTransceiver.m"; sourceTree = "<group>"; fileEncoding = 4; lastKnownFileType = sourcecode.c.objc; explicitFileType = undefined; includeInIndex = 0; };
		8DEA7597F9FF4E5DA4B15CAB /* ElectrodeEventDispatcher.m */ = {isa = PBXFileReference; name = "ElectrodeEventDispatcher.m"; path = "ElectrodeReactNativeBridge/ElectrodeEventDispatcher.m"; sourceTree = "<group>"; fileEncoding = 4; lastKnownFileType = sourcecode.c.objc; explicitFileType = undefined; includeInIndex = 0; };
		64B53E97D3E54C67BDC32914 /* ElectrodeEventRegistrar.m */ = {isa = PBXFileReference; name = "ElectrodeEventRegistrar.m"; path = "ElectrodeReactNativeBridge/ElectrodeEventRegistrar.m"; sourceTree = "<group>"; fileEncoding = 4; lastKnownFileType = sourcecode.c.objc; explicitFileType = undefined; includeInIndex = 0; };
		DB1FB0F08DE34B9586795305 /* ElectrodeRequestDispatcher.m */ = {isa = PBXFileReference; name = "ElectrodeRequestDispatcher.m"; path = "ElectrodeReactNativeBridge/ElectrodeRequestDispatcher.m"; sourceTree = "<group>"; fileEncoding = 4; lastKnownFileType = sourcecode.c.objc; explicitFileType = undefined; includeInIndex = 0; };
		A6606FF197D340BBB386B4E2 /* ElectrodeRequestRegistrar.m */ = {isa = PBXFileReference; name = "ElectrodeRequestRegistrar.m"; path = "ElectrodeReactNativeBridge/ElectrodeRequestRegistrar.m"; sourceTree = "<group>"; fileEncoding = 4; lastKnownFileType = sourcecode.c.objc; explicitFileType = undefined; includeInIndex = 0; };
		7E60C288C76E4C31AF8E36C8 /* ElectrodeLogger.m */ = {isa = PBXFileReference; name = "ElectrodeLogger.m"; path = "ElectrodeReactNativeBridge/ElectrodeLogger.m"; sourceTree = "<group>"; fileEncoding = 4; lastKnownFileType = sourcecode.c.objc; explicitFileType = undefined; includeInIndex = 0; };
		CBAFB8815B4F480288492097 /* ElectrodeBridgeEvent.h */ = {isa = PBXFileReference; name = "ElectrodeBridgeEvent.h"; path = "ElectrodeReactNativeBridge/ElectrodeBridgeEvent.h"; sourceTree = "<group>"; fileEncoding = 4; lastKnownFileType = sourcecode.c.h; explicitFileType = undefined; includeInIndex = 0; };
		707AEC94BA65484B84D3B02C /* ElectrodeBridgeFailureMessage.h */ = {isa = PBXFileReference; name = "ElectrodeBridgeFailureMessage.h"; path = "ElectrodeReactNativeBridge/ElectrodeBridgeFailureMessage.h"; sourceTree = "<group>"; fileEncoding = 4; lastKnownFileType = sourcecode.c.h; explicitFileType = undefined; includeInIndex = 0; };
		D60B930BEB3C49A1B0089670 /* ElectrodeBridgeHolder.h */ = {isa = PBXFileReference; name = "ElectrodeBridgeHolder.h"; path = "ElectrodeReactNativeBridge/ElectrodeBridgeHolder.h"; sourceTree = "<group>"; fileEncoding = 4; lastKnownFileType = sourcecode.c.h; explicitFileType = undefined; includeInIndex = 0; };
		52EB4F1EF45947FA94709EB9 /* ElectrodeBridgeMessage.h */ = {isa = PBXFileReference; name = "ElectrodeBridgeMessage.h"; path = "ElectrodeReactNativeBridge/ElectrodeBridgeMessage.h"; sourceTree = "<group>"; fileEncoding = 4; lastKnownFileType = sourcecode.c.h; explicitFileType = undefined; includeInIndex = 0; };
		753FFDAC14BC4BE1891736FD /* ElectrodeBridgeProtocols.h */ = {isa = PBXFileReference; name = "ElectrodeBridgeProtocols.h"; path = "ElectrodeReactNativeBridge/ElectrodeBridgeProtocols.h"; sourceTree = "<group>"; fileEncoding = 4; lastKnownFileType = sourcecode.c.h; explicitFileType = undefined; includeInIndex = 0; };
		B9971767CAC84A798DFD458C /* ElectrodeBridgeRequest.h */ = {isa = PBXFileReference; name = "ElectrodeBridgeRequest.h"; path = "ElectrodeReactNativeBridge/ElectrodeBridgeRequest.h"; sourceTree = "<group>"; fileEncoding = 4; lastKnownFileType = sourcecode.c.h; explicitFileType = undefined; includeInIndex = 0; };
		2E733ED1C3EF4E22BBA91231 /* ElectrodeBridgeTransaction.h */ = {isa = PBXFileReference; name = "ElectrodeBridgeTransaction.h"; path = "ElectrodeReactNativeBridge/ElectrodeBridgeTransaction.h"; sourceTree = "<group>"; fileEncoding = 4; lastKnownFileType = sourcecode.c.h; explicitFileType = undefined; includeInIndex = 0; };
		0F93DE1D52AC459EA3AD6B51 /* ElectrodeBridgeTransceiver.h */ = {isa = PBXFileReference; name = "ElectrodeBridgeTransceiver.h"; path = "ElectrodeReactNativeBridge/ElectrodeBridgeTransceiver.h"; sourceTree = "<group>"; fileEncoding = 4; lastKnownFileType = sourcecode.c.h; explicitFileType = undefined; includeInIndex = 0; };
		F9A97D49F8B046AA82453A91 /* ElectrodeBridgeTransceiver_Internal.h */ = {isa = PBXFileReference; name = "ElectrodeBridgeTransceiver_Internal.h"; path = "ElectrodeReactNativeBridge/ElectrodeBridgeTransceiver_Internal.h"; sourceTree = "<group>"; fileEncoding = 4; lastKnownFileType = sourcecode.c.h; explicitFileType = undefined; includeInIndex = 0; };
		8EB33EE2B3D04A80B9C63EA7 /* ElectrodeEventDispatcher.h */ = {isa = PBXFileReference; name = "ElectrodeEventDispatcher.h"; path = "ElectrodeReactNativeBridge/ElectrodeEventDispatcher.h"; sourceTree = "<group>"; fileEncoding = 4; lastKnownFileType = sourcecode.c.h; explicitFileType = undefined; includeInIndex = 0; };
		49EF0915693D4D3EAAF382D4 /* ElectrodeEventRegistrar.h */ = {isa = PBXFileReference; name = "ElectrodeEventRegistrar.h"; path = "ElectrodeReactNativeBridge/ElectrodeEventRegistrar.h"; sourceTree = "<group>"; fileEncoding = 4; lastKnownFileType = sourcecode.c.h; explicitFileType = undefined; includeInIndex = 0; };
		E0E87908E541419C8A84B454 /* ElectrodeRequestDispatcher.h */ = {isa = PBXFileReference; name = "ElectrodeRequestDispatcher.h"; path = "ElectrodeReactNativeBridge/ElectrodeRequestDispatcher.h"; sourceTree = "<group>"; fileEncoding = 4; lastKnownFileType = sourcecode.c.h; explicitFileType = undefined; includeInIndex = 0; };
		C901EF208227488592822209 /* ElectrodeRequestRegistrar.h */ = {isa = PBXFileReference; name = "ElectrodeRequestRegistrar.h"; path = "ElectrodeReactNativeBridge/ElectrodeRequestRegistrar.h"; sourceTree = "<group>"; fileEncoding = 4; lastKnownFileType = sourcecode.c.h; explicitFileType = undefined; includeInIndex = 0; };
		86606B42AA7F4A61B6D00E83 /* ElectrodeReactNativeBridge.h */ = {isa = PBXFileReference; name = "ElectrodeReactNativeBridge.h"; path = "ElectrodeReactNativeBridge/ElectrodeReactNativeBridge.h"; sourceTree = "<group>"; fileEncoding = 4; lastKnownFileType = sourcecode.c.h; explicitFileType = undefined; includeInIndex = 0; };
		821B364532004BD182CA5918 /* ElectrodeBridgeResponse.h */ = {isa = PBXFileReference; name = "ElectrodeBridgeResponse.h"; path = "ElectrodeReactNativeBridge/ElectrodeBridgeResponse.h"; sourceTree = "<group>"; fileEncoding = 4; lastKnownFileType = sourcecode.c.h; explicitFileType = undefined; includeInIndex = 0; };
		B334305D27704FEB83E30B69 /* ElectrodeLogger.h */ = {isa = PBXFileReference; name = "ElectrodeLogger.h"; path = "ElectrodeReactNativeBridge/ElectrodeLogger.h"; sourceTree = "<group>"; fileEncoding = 4; lastKnownFileType = sourcecode.c.h; explicitFileType = undefined; includeInIndex = 0; };
		83BF74EBAF584EA1AC670090 /* BirthYear.swift */ = {isa = PBXFileReference; name = "BirthYear.swift"; path = "APIs/BirthYear.swift"; sourceTree = "<group>"; fileEncoding = 4; lastKnownFileType = sourcecode.swift; explicitFileType = undefined; includeInIndex = 0; };
		CE0D7400AEE04EACA7D9A98C /* Movie.swift */ = {isa = PBXFileReference; name = "Movie.swift"; path = "APIs/Movie.swift"; sourceTree = "<group>"; fileEncoding = 4; lastKnownFileType = sourcecode.swift; explicitFileType = undefined; includeInIndex = 0; };
		FF23F99E8E184E77AA9F77D2 /* MoviesAPI.swift */ = {isa = PBXFileReference; name = "MoviesAPI.swift"; path = "APIs/MoviesAPI.swift"; sourceTree = "<group>"; fileEncoding = 4; lastKnownFileType = sourcecode.swift; explicitFileType = undefined; includeInIndex = 0; };
		45BA7DFCD2064709AD7CDBB4 /* MoviesRequests.swift */ = {isa = PBXFileReference; name = "MoviesRequests.swift"; path = "APIs/MoviesRequests.swift"; sourceTree = "<group>"; fileEncoding = 4; lastKnownFileType = sourcecode.swift; explicitFileType = undefined; includeInIndex = 0; };
		F91B5C67CD034E83A04F26C5 /* Person.swift */ = {isa = PBXFileReference; name = "Person.swift"; path = "APIs/Person.swift"; sourceTree = "<group>"; fileEncoding = 4; lastKnownFileType = sourcecode.swift; explicitFileType = undefined; includeInIndex = 0; };
		4C30BA23ABEC44FCB5E45E2C /* Synopsis.swift */ = {isa = PBXFileReference; name = "Synopsis.swift"; path = "APIs/Synopsis.swift"; sourceTree = "<group>"; fileEncoding = 4; lastKnownFileType = sourcecode.swift; explicitFileType = undefined; includeInIndex = 0; };
		D0DDF5DA17374376A5DF45A1 /* NavigateData.swift */ = {isa = PBXFileReference; name = "NavigateData.swift"; path = "APIs/NavigateData.swift"; sourceTree = "<group>"; fileEncoding = 4; lastKnownFileType = sourcecode.swift; explicitFileType = undefined; includeInIndex = 0; };
		84A6FEB4EB8D4B1185F82FA0 /* NavigationAPI.swift */ = {isa = PBXFileReference; name = "NavigationAPI.swift"; path = "APIs/NavigationAPI.swift"; sourceTree = "<group>"; fileEncoding = 4; lastKnownFileType = sourcecode.swift; explicitFileType = undefined; includeInIndex = 0; };
		C94415FC43614272A0C4D83C /* NavigationRequests.swift */ = {isa = PBXFileReference; name = "NavigationRequests.swift"; path = "APIs/NavigationRequests.swift"; sourceTree = "<group>"; fileEncoding = 4; lastKnownFileType = sourcecode.swift; explicitFileType = undefined; includeInIndex = 0; };
		60FB57B952B3475D8942C901 /* ElectrodeCodePushConfig.h */ = {isa = PBXFileReference; name = "ElectrodeCodePushConfig.h"; path = "ElectrodeCodePushConfig.h"; sourceTree = "<group>"; fileEncoding = 4; lastKnownFileType = sourcecode.c.h; explicitFileType = undefined; includeInIndex = 0; };
		EA3795B86DB246CA87A4FC51 /* ElectrodeCodePushConfig.m */ = {isa = PBXFileReference; name = "ElectrodeCodePushConfig.m"; path = "ElectrodeCodePushConfig.m"; sourceTree = "<group>"; fileEncoding = 4; lastKnownFileType = sourcecode.c.objc; explicitFileType = undefined; includeInIndex = 0; };
/* End PBXFileReference section */

/* Begin PBXFrameworksBuildPhase section */
		485009DF1E2FF23B009B6610 /* Frameworks */ = {
			isa = PBXFrameworksBuildPhase;
			buildActionMask = 2147483647;
			files = (
				2204A6DB96A540CE85F8B76A /* libReact.a in Frameworks */,
				8E528B86BAC44717987FCE91 /* libRCTActionSheet.a in Frameworks */,
				6D643683A3A34CE39ACAEBAB /* libRCTImage.a in Frameworks */,
				2A28EF462B334A608169A9F5 /* libRCTAnimation.a in Frameworks */,
				78D151979C0F4903A82C6D34 /* libRCTText.a in Frameworks */,
				CFEF10EDC34A4A54B30F0F8A /* libRCTWebSocket.a in Frameworks */,
				4655D91EEF9E4C8694D00AB6 /* libRCTGeolocation.a in Frameworks */,
				4B706E7634254CF083B9F3C0 /* libRCTLinking.a in Frameworks */,
				A90A1115377E4E68A6229AE0 /* libRCTNetwork.a in Frameworks */,
				AD3DB216C3E64A98B450AEF6 /* libRCTSettings.a in Frameworks */,
				74264B0807AA4920B51B7DA9 /* libRCTVibration.a in Frameworks */,
				5CDB755C211C44BF9DD46E0B /* libRCTCameraRoll.a in Frameworks */,
				775341FC0AD14E67A590DFC6 /* libCodePush.a in Frameworks */,
				792162A30C6D4495B84505A8 /* libz.tbd in Frameworks */,
			);
			runOnlyForDeploymentPostprocessing = 0;
		};
		485009E91E2FF23C009B6610 /* Frameworks */ = {
			isa = PBXFrameworksBuildPhase;
			buildActionMask = 2147483647;
			files = (
				485009ED1E2FF23C009B6610 /* ElectrodeContainer.framework in Frameworks */,
			);
			runOnlyForDeploymentPostprocessing = 0;
		};
/* End PBXFrameworksBuildPhase section */

/* Begin PBXGroup section */
		226325CE1E80594F00CD0B10 /* ReactNative */ = {
			isa = PBXGroup;
			children = (
				2F37001CB4D64A87912025E9 /* React.xcodeproj */,
				D0E81FC0F68B450AAF5A3CBC /* RCTActionSheet.xcodeproj */,
				A5E22E90BDD640968521A1C5 /* RCTImage.xcodeproj */,
				CC607149A3604062B86B7087 /* RCTAnimation.xcodeproj */,
				5D6FB0932D3C4CB985F7D8CB /* RCTText.xcodeproj */,
				8F1FA4FE5CAF4733AB81F75E /* RCTWebSocket.xcodeproj */,
				B72BB1FA168949D79668162A /* RCTGeolocation.xcodeproj */,
				BE20E37634F44A6E8EBFFCCD /* RCTLinking.xcodeproj */,
				534638D31A2E46EAB1A3C1F9 /* RCTNetwork.xcodeproj */,
				1085D264CD1B45F9BBA2EACF /* RCTSettings.xcodeproj */,
				DB4A2FC921024A45A0E0DEB1 /* RCTVibration.xcodeproj */,
				35C1C5DE81AE414999A0FE6F /* RCTCameraRoll.xcodeproj */,
			);
			name = ReactNative;
			sourceTree = "<group>";
		};
		22C096A91EA0893F00E1486A /* APIs */ = {
			isa = PBXGroup;
			children = (
				83BF74EBAF584EA1AC670090 /* BirthYear.swift */,
				CE0D7400AEE04EACA7D9A98C /* Movie.swift */,
				FF23F99E8E184E77AA9F77D2 /* MoviesAPI.swift */,
				45BA7DFCD2064709AD7CDBB4 /* MoviesRequests.swift */,
				F91B5C67CD034E83A04F26C5 /* Person.swift */,
				4C30BA23ABEC44FCB5E45E2C /* Synopsis.swift */,
				D0DDF5DA17374376A5DF45A1 /* NavigateData.swift */,
				84A6FEB4EB8D4B1185F82FA0 /* NavigationAPI.swift */,
				C94415FC43614272A0C4D83C /* NavigationRequests.swift */,
			);
			name = APIs;
			sourceTree = "<group>";
		};
		22FD4D1E1E96ECBB00FC81DB /* ElectrodeReactNativeBridge */ = {
			isa = PBXGroup;
			children = (
				9EF0BFB1C2FE4A0EA5FEE58B /* ElectrodeObject.swift */,
				8E3681AA67834B989AA2D423 /* Bridgeable.swift */,
				2FD636F4682F410D8C8D7E81 /* ElectrodeRequestHandlerProcessor.swift */,
				93CFF4BB40ED481E92892E2D /* ElectrodeRequestProcessor.swift */,
				961680D2947E4640BE8DEC2F /* ElectrodeUtilities.swift */,
				0D00AE8804884EBE8FD7AB9A /* EventListenerProcessor.swift */,
				25ACC93F60794990A08CF013 /* EventProcessor.swift */,
				320860F8126041DCB2F11F9C /* Processor.swift */,
				9B14597321884BC7BED10713 /* None.swift */,
				21E3046FB9894CB0B1BD5BD3 /* ElectrodeBridgeEvent.m */,
				C31E7445E4F2449B94AC9ACA /* ElectrodeBridgeFailureMessage.m */,
				5D854F391AED4E609FAD61DD /* ElectrodeBridgeHolder.m */,
				837C5E621F1843CF8AF76B68 /* ElectrodeBridgeMessage.m */,
				17916A17F53E4EE39C8DC506 /* ElectrodeBridgeProtocols.m */,
				ECA09977F36840509648D2DA /* ElectrodeBridgeRequest.m */,
				DEE918DE2B184652B922B9A2 /* ElectrodeBridgeResponse.m */,
				ADDBFA6525884D3185A161C7 /* ElectrodeBridgeTransaction.m */,
				57FEF96578624152B84DE58B /* ElectrodeBridgeTransceiver.m */,
				8DEA7597F9FF4E5DA4B15CAB /* ElectrodeEventDispatcher.m */,
				64B53E97D3E54C67BDC32914 /* ElectrodeEventRegistrar.m */,
				DB1FB0F08DE34B9586795305 /* ElectrodeRequestDispatcher.m */,
				A6606FF197D340BBB386B4E2 /* ElectrodeRequestRegistrar.m */,
				7E60C288C76E4C31AF8E36C8 /* ElectrodeLogger.m */,
				CBAFB8815B4F480288492097 /* ElectrodeBridgeEvent.h */,
				707AEC94BA65484B84D3B02C /* ElectrodeBridgeFailureMessage.h */,
				D60B930BEB3C49A1B0089670 /* ElectrodeBridgeHolder.h */,
				52EB4F1EF45947FA94709EB9 /* ElectrodeBridgeMessage.h */,
				753FFDAC14BC4BE1891736FD /* ElectrodeBridgeProtocols.h */,
				B9971767CAC84A798DFD458C /* ElectrodeBridgeRequest.h */,
				2E733ED1C3EF4E22BBA91231 /* ElectrodeBridgeTransaction.h */,
				0F93DE1D52AC459EA3AD6B51 /* ElectrodeBridgeTransceiver.h */,
				F9A97D49F8B046AA82453A91 /* ElectrodeBridgeTransceiver_Internal.h */,
				8EB33EE2B3D04A80B9C63EA7 /* ElectrodeEventDispatcher.h */,
				49EF0915693D4D3EAAF382D4 /* ElectrodeEventRegistrar.h */,
				E0E87908E541419C8A84B454 /* ElectrodeRequestDispatcher.h */,
				C901EF208227488592822209 /* ElectrodeRequestRegistrar.h */,
				86606B42AA7F4A61B6D00E83 /* ElectrodeReactNativeBridge.h */,
				821B364532004BD182CA5918 /* ElectrodeBridgeResponse.h */,
				B334305D27704FEB83E30B69 /* ElectrodeLogger.h */,
			);
			name = ElectrodeReactNativeBridge;
			sourceTree = "<group>";
		};
		301CBA4B1F342FB00048C58B /* Resources */ = {
			isa = PBXGroup;
			children = (
			);
			name = Resources;
			sourceTree = "<group>";
		};
		485009D91E2FF23B009B6610 = {
			isa = PBXGroup;
			children = (
				485009E51E2FF23B009B6610 /* ElectrodeContainer */,
				485009F01E2FF23C009B6610 /* ElectrodeContainerTests */,
				485009E41E2FF23B009B6610 /* Products */,
				485009FD1E2FF25D009B6610 /* Libraries */,
				48500AA71E2FFA14009B6610 /* Frameworks */,
			);
			sourceTree = "<group>";
		};
		485009E41E2FF23B009B6610 /* Products */ = {
			isa = PBXGroup;
			children = (
				485009E31E2FF23B009B6610 /* ElectrodeContainer.framework */,
				485009EC1E2FF23C009B6610 /* ElectrodeContainerTests.xctest */,
			);
			name = Products;
			sourceTree = "<group>";
		};
		485009E51E2FF23B009B6610 /* ElectrodeContainer */ = {
			isa = PBXGroup;
			children = (
				7F9A82FD1FB117530026F523 /* APIImpls */,
				301CBA4B1F342FB00048C58B /* Resources */,
				2265A4A11EB26943007D6C3D /* Info.plist */,
				22C096A91EA0893F00E1486A /* APIs */,
				22FD4D1E1E96ECBB00FC81DB /* ElectrodeReactNativeBridge */,
				968333D51E54E3470031C565 /* ElectrodeBridgeDelegate.h */,
				968333D61E54E3470031C565 /* ElectrodeBridgeDelegate.m */,
				485009E61E2FF23B009B6610 /* ElectrodeContainer.h */,
				48500A961E2FF55B009B6610 /* ElectrodeReactNative.h */,
				30F8CDED1E67946E00413247 /* ElectrodeReactNative_Internal.h */,
				48500A971E2FF55B009B6610 /* ElectrodeReactNative.m */,
				301CB9011F33F3450048C58B /* NSBundle+frameworkBundle.h */,
				301CB9001F33F3450048C58B /* NSBundle+frameworkBundle.m */,
				60FB57B952B3475D8942C901 /* ElectrodeCodePushConfig.h */,
				EA3795B86DB246CA87A4FC51 /* ElectrodeCodePushConfig.m */,
			);
			path = ElectrodeContainer;
			name = ElectrodeContainer;
			sourceTree = "<group>";
		};
		485009F01E2FF23C009B6610 /* ElectrodeContainerTests */ = {
			isa = PBXGroup;
			children = (
				485009F31E2FF23C009B6610 /* Info.plist */,
			);
			path = ElectrodeContainerTests;
			sourceTree = "<group>";
		};
		485009FD1E2FF25D009B6610 /* Libraries */ = {
			isa = PBXGroup;
			children = (
				226325CE1E80594F00CD0B10 /* ReactNative */,
				9654B8921E5CCA1D00AFF607 /* MiniApp */,
				2E87FB8A9F8B41D6A38F544D /* CodePush.xcodeproj */,
			);
			name = Libraries;
			path = ElectrodeContainer/Libraries;
			sourceTree = "<group>";
		};
		48500AA71E2FFA14009B6610 /* Frameworks */ = {
			isa = PBXGroup;
			children = (
			);
			name = Frameworks;
			sourceTree = "<group>";
		};
		7F9A82FD1FB117530026F523 /* APIImpls */ = {
			isa = PBXGroup;
			children = (
			);
			name = APIImpls;
			sourceTree = "<group>";
		};
		9654B8921E5CCA1D00AFF607 /* MiniApp */ = {
			isa = PBXGroup;
			children = (
				22BF1FEA1E8DAAF800E7F500 /* assets */,
				223A89451E89CDC70092741E /* MiniApp.jsbundle */,
			);
			path = MiniApp;
			sourceTree = "<group>";
		};
		2FE3D5A5515D4FA7A0CBA7D9 /* Products */ = {
			isa = PBXGroup;
			children = (
				003BAAE16C8A4D90A4610DB9 /* libReact.a */,
			);
			name = Products;
			path = undefined;
			sourceTree = "<group>";
		};
		0B2483BB622741D59B0AD4E3 /* Products */ = {
			isa = PBXGroup;
			children = (
				659A6DAB0BA24711A8F31033 /* libRCTActionSheet.a */,
			);
			name = Products;
			path = undefined;
			sourceTree = "<group>";
		};
		7796E7A450B34F08B07902D1 /* Products */ = {
			isa = PBXGroup;
			children = (
				6DE8DA7620414A1D92B97A29 /* libRCTImage.a */,
			);
			name = Products;
			path = undefined;
			sourceTree = "<group>";
		};
		A29EA0D8F8E0474CB39EB52D /* Products */ = {
			isa = PBXGroup;
			children = (
				4B72D24DEFC9416FA71FE033 /* libRCTAnimation.a */,
			);
			name = Products;
			path = undefined;
			sourceTree = "<group>";
		};
		8867C5CD87AF4D6E9D28BE88 /* Products */ = {
			isa = PBXGroup;
			children = (
				34C919509CFA4504A7F5DD67 /* libRCTText.a */,
			);
			name = Products;
			path = undefined;
			sourceTree = "<group>";
		};
		9A3233084F2E4C0FB47B34EC /* Products */ = {
			isa = PBXGroup;
			children = (
				685B96EAA748459B849F42E7 /* libRCTWebSocket.a */,
			);
			name = Products;
			path = undefined;
			sourceTree = "<group>";
		};
		B7D791BBA1634AC0B70A33D5 /* Products */ = {
			isa = PBXGroup;
			children = (
				5E23706189CB4448939ACE8A /* libRCTGeolocation.a */,
			);
			name = Products;
			path = undefined;
			sourceTree = "<group>";
		};
		8548CBDA07224127B6FA3265 /* Products */ = {
			isa = PBXGroup;
			children = (
				D93DE556A5B14276AC5EA6E3 /* libRCTLinking.a */,
			);
			name = Products;
			path = undefined;
			sourceTree = "<group>";
		};
		97108CD409B34221BA539941 /* Products */ = {
			isa = PBXGroup;
			children = (
				C075CC73B92347B0915FBE33 /* libRCTNetwork.a */,
			);
			name = Products;
			path = undefined;
			sourceTree = "<group>";
		};
		061E5B164A37495C9D8FF171 /* Products */ = {
			isa = PBXGroup;
			children = (
				3141B039578D4D6BA096D9F7 /* libRCTSettings.a */,
			);
			name = Products;
			path = undefined;
			sourceTree = "<group>";
		};
		73CCF0514AED4409BDD98B80 /* Products */ = {
			isa = PBXGroup;
			children = (
				F9DEA170EFBD4A9D8AC5409D /* libRCTVibration.a */,
			);
			name = Products;
			path = undefined;
			sourceTree = "<group>";
		};
		4E1B8B74AB7C4C94BA9CD2C7 /* Products */ = {
			isa = PBXGroup;
			children = (
				EB386BE1D91C4C8097224FBF /* libRCTCameraRoll.a */,
			);
			name = Products;
			path = undefined;
			sourceTree = "<group>";
		};
		01E18F23EE3142F1B4C2CC79 /* Products */ = {
			isa = PBXGroup;
			children = (
				463A2EF3EBAE43AE95921A72 /* libCodePush.a */,
			);
			name = Products;
			path = undefined;
			sourceTree = "<group>";
		};
/* End PBXGroup section */

/* Begin PBXHeadersBuildPhase section */
		485009E01E2FF23B009B6610 /* Headers */ = {
			isa = PBXHeadersBuildPhase;
			buildActionMask = 2147483647;
			files = (
				485009F41E2FF23C009B6610 /* ElectrodeContainer.h in Headers */,
				968333D71E54E3470031C565 /* ElectrodeBridgeDelegate.h in Headers */,
				301CB9031F33F3450048C58B /* NSBundle+frameworkBundle.h in Headers */,
				30F8CDEE1E67946E00413247 /* ElectrodeReactNative_Internal.h in Headers */,
				48500A981E2FF55B009B6610 /* ElectrodeReactNative.h in Headers */,
				D702BD575FAA4DB0B362E4D4 /* ElectrodeBridgeEvent.h in Headers */,
				0BF0D39DBB1C4DD2AB27B875 /* ElectrodeBridgeFailureMessage.h in Headers */,
				B3F33F1E89F5480D937D0213 /* ElectrodeBridgeHolder.h in Headers */,
				E8F9DBE7F27F4B04B311A284 /* ElectrodeBridgeMessage.h in Headers */,
				293FE520B21C4569BFBB0105 /* ElectrodeBridgeProtocols.h in Headers */,
				8EFD8E29A20A42FDB4413D4E /* ElectrodeBridgeRequest.h in Headers */,
				AAC0A90454F64454BB4CB37D /* ElectrodeBridgeTransaction.h in Headers */,
				78D98DFEE36F4D038F4D2DCA /* ElectrodeBridgeTransceiver.h in Headers */,
				BB8139A12F7F4EA5B4736D9D /* ElectrodeBridgeTransceiver_Internal.h in Headers */,
				912F04AED2564F5091A27BBA /* ElectrodeEventDispatcher.h in Headers */,
				49E62EB58FC8455CA07AA20E /* ElectrodeEventRegistrar.h in Headers */,
				8CBFB7694F68426EA7083129 /* ElectrodeRequestDispatcher.h in Headers */,
				19C5C2BCF23345EA82C45B5D /* ElectrodeRequestRegistrar.h in Headers */,
				212DA276794B459EB6B8DA7C /* ElectrodeReactNativeBridge.h in Headers */,
				53C621887F134ED7AD9F47EE /* ElectrodeBridgeResponse.h in Headers */,
				A1CFD324899A4E188626987E /* ElectrodeLogger.h in Headers */,
				9D5A45B5A8BA4DE699675253 /* ElectrodeCodePushConfig.h in Headers */,
			);
			runOnlyForDeploymentPostprocessing = 0;
		};
/* End PBXHeadersBuildPhase section */

/* Begin PBXNativeTarget section */
		485009E21E2FF23B009B6610 /* ElectrodeContainer */ = {
			isa = PBXNativeTarget;
			buildConfigurationList = 485009F71E2FF23C009B6610 /* Build configuration list for PBXNativeTarget "ElectrodeContainer" */;
			buildPhases = (
				485009DE1E2FF23B009B6610 /* Sources */,
				485009DF1E2FF23B009B6610 /* Frameworks */,
				485009E01E2FF23B009B6610 /* Headers */,
				485009E11E2FF23B009B6610 /* Resources */,
			);
			buildRules = (
			);
			dependencies = (
				BC57C5C6068B4E22916927DD /* PBXTargetDependency */,
				8806A243ADAF49FB9793E429 /* PBXTargetDependency */,
				7FA268D0F80D43639E37D741 /* PBXTargetDependency */,
				FBB3D58063064454920B32FD /* PBXTargetDependency */,
				AFFF58B24B474014B092017A /* PBXTargetDependency */,
				8485EDAD99744D4E906F0824 /* PBXTargetDependency */,
				D755655FE3134AEDB21C7066 /* PBXTargetDependency */,
				6F57F31157814F87B0DBDB33 /* PBXTargetDependency */,
				1F655A92B81A4762B394393F /* PBXTargetDependency */,
				38AE4C6811DF45C99B19D44F /* PBXTargetDependency */,
				66D51A45191A47E794D515C1 /* PBXTargetDependency */,
				FA85B528ADA24366A194D2B4 /* PBXTargetDependency */,
				E0EA6CDF616141FCB64E3FC1 /* PBXTargetDependency */,
			);
			name = ElectrodeContainer;
			productName = ElectrodeContainer;
			productReference = 485009E31E2FF23B009B6610 /* ElectrodeContainer.framework */;
			productType = "com.apple.product-type.framework";
		};
		485009EB1E2FF23C009B6610 /* ElectrodeContainerTests */ = {
			isa = PBXNativeTarget;
			buildConfigurationList = 485009FA1E2FF23C009B6610 /* Build configuration list for PBXNativeTarget "ElectrodeContainerTests" */;
			buildPhases = (
				485009E81E2FF23C009B6610 /* Sources */,
				485009E91E2FF23C009B6610 /* Frameworks */,
				485009EA1E2FF23C009B6610 /* Resources */,
			);
			buildRules = (
			);
			dependencies = (
				485009EF1E2FF23C009B6610 /* PBXTargetDependency */,
			);
			name = ElectrodeContainerTests;
			productName = ElectrodeContainerTests;
			productReference = 485009EC1E2FF23C009B6610 /* ElectrodeContainerTests.xctest */;
			productType = "com.apple.product-type.bundle.unit-test";
		};
/* End PBXNativeTarget section */

/* Begin PBXProject section */
		485009DA1E2FF23B009B6610 /* Project object */ = {
			isa = PBXProject;
			attributes = {
				LastUpgradeCheck = 820;
				ORGANIZATIONNAME = Walmart;
				TargetAttributes = {
					485009E21E2FF23B009B6610 = {
						CreatedOnToolsVersion = 8.2.1;
						ProvisioningStyle = Automatic;
					};
					485009EB1E2FF23C009B6610 = {
						CreatedOnToolsVersion = 8.2.1;
						DevelopmentTeam = DXZ5VF8836;
						ProvisioningStyle = Automatic;
					};
				};
			};
			buildConfigurationList = 485009DD1E2FF23B009B6610 /* Build configuration list for PBXProject "ElectrodeContainer" */;
			compatibilityVersion = "Xcode 3.2";
			developmentRegion = English;
			hasScannedForEncodings = 0;
			knownRegions = (
				en,
			);
			mainGroup = 485009D91E2FF23B009B6610;
			productRefGroup = 485009E41E2FF23B009B6610 /* Products */;
			projectDirPath = "";
			projectRoot = "";
			targets = (
				485009E21E2FF23B009B6610 /* ElectrodeContainer */,
				485009EB1E2FF23C009B6610 /* ElectrodeContainerTests */,
			);
			projectReferences = (
				{
					ProjectRef = 2F37001CB4D64A87912025E9 /* React.xcodeproj */;
					ProductGroup = 2FE3D5A5515D4FA7A0CBA7D9 /* Products */;
				},
				{
					ProjectRef = D0E81FC0F68B450AAF5A3CBC /* RCTActionSheet.xcodeproj */;
					ProductGroup = 0B2483BB622741D59B0AD4E3 /* Products */;
				},
				{
					ProjectRef = A5E22E90BDD640968521A1C5 /* RCTImage.xcodeproj */;
					ProductGroup = 7796E7A450B34F08B07902D1 /* Products */;
				},
				{
					ProjectRef = CC607149A3604062B86B7087 /* RCTAnimation.xcodeproj */;
					ProductGroup = A29EA0D8F8E0474CB39EB52D /* Products */;
				},
				{
					ProjectRef = 5D6FB0932D3C4CB985F7D8CB /* RCTText.xcodeproj */;
					ProductGroup = 8867C5CD87AF4D6E9D28BE88 /* Products */;
				},
				{
					ProjectRef = 8F1FA4FE5CAF4733AB81F75E /* RCTWebSocket.xcodeproj */;
					ProductGroup = 9A3233084F2E4C0FB47B34EC /* Products */;
				},
				{
					ProjectRef = B72BB1FA168949D79668162A /* RCTGeolocation.xcodeproj */;
					ProductGroup = B7D791BBA1634AC0B70A33D5 /* Products */;
				},
				{
					ProjectRef = BE20E37634F44A6E8EBFFCCD /* RCTLinking.xcodeproj */;
					ProductGroup = 8548CBDA07224127B6FA3265 /* Products */;
				},
				{
					ProjectRef = 534638D31A2E46EAB1A3C1F9 /* RCTNetwork.xcodeproj */;
					ProductGroup = 97108CD409B34221BA539941 /* Products */;
				},
				{
					ProjectRef = 1085D264CD1B45F9BBA2EACF /* RCTSettings.xcodeproj */;
					ProductGroup = 061E5B164A37495C9D8FF171 /* Products */;
				},
				{
					ProjectRef = DB4A2FC921024A45A0E0DEB1 /* RCTVibration.xcodeproj */;
					ProductGroup = 73CCF0514AED4409BDD98B80 /* Products */;
				},
				{
					ProjectRef = 35C1C5DE81AE414999A0FE6F /* RCTCameraRoll.xcodeproj */;
					ProductGroup = 4E1B8B74AB7C4C94BA9CD2C7 /* Products */;
				},
				{
					ProjectRef = 2E87FB8A9F8B41D6A38F544D /* CodePush.xcodeproj */;
					ProductGroup = 01E18F23EE3142F1B4C2CC79 /* Products */;
				},
			);
		};
/* End PBXProject section */

/* Begin PBXReferenceProxy section */
		003BAAE16C8A4D90A4610DB9 /* libReact.a */ = {
			isa = PBXReferenceProxy;
			fileType = archive.ar;
			path = libReact.a;
			remoteRef = 810D646730D8474CAFB8400D /* PBXContainerItemProxy */;
			sourceTree = BUILT_PRODUCTS_DIR;
		};
		659A6DAB0BA24711A8F31033 /* libRCTActionSheet.a */ = {
			isa = PBXReferenceProxy;
			fileType = archive.ar;
			path = libRCTActionSheet.a;
			remoteRef = C737AA41D73A432FB24BD4BD /* PBXContainerItemProxy */;
			sourceTree = BUILT_PRODUCTS_DIR;
		};
		6DE8DA7620414A1D92B97A29 /* libRCTImage.a */ = {
			isa = PBXReferenceProxy;
			fileType = archive.ar;
			path = libRCTImage.a;
			remoteRef = 388C1D9FC52149AC8A7F7AF8 /* PBXContainerItemProxy */;
			sourceTree = BUILT_PRODUCTS_DIR;
		};
		4B72D24DEFC9416FA71FE033 /* libRCTAnimation.a */ = {
			isa = PBXReferenceProxy;
			fileType = archive.ar;
			path = libRCTAnimation.a;
			remoteRef = 0E8752E2B2F64DD4A4A4F908 /* PBXContainerItemProxy */;
			sourceTree = BUILT_PRODUCTS_DIR;
		};
		34C919509CFA4504A7F5DD67 /* libRCTText.a */ = {
			isa = PBXReferenceProxy;
			fileType = archive.ar;
			path = libRCTText.a;
			remoteRef = A16B9087F92E4A55A62F3EE8 /* PBXContainerItemProxy */;
			sourceTree = BUILT_PRODUCTS_DIR;
		};
		685B96EAA748459B849F42E7 /* libRCTWebSocket.a */ = {
			isa = PBXReferenceProxy;
			fileType = archive.ar;
			path = libRCTWebSocket.a;
			remoteRef = F2F7BD373AED410D894271E3 /* PBXContainerItemProxy */;
			sourceTree = BUILT_PRODUCTS_DIR;
		};
		5E23706189CB4448939ACE8A /* libRCTGeolocation.a */ = {
			isa = PBXReferenceProxy;
			fileType = archive.ar;
			path = libRCTGeolocation.a;
			remoteRef = 93C00D12F2F64B2784FAF834 /* PBXContainerItemProxy */;
			sourceTree = BUILT_PRODUCTS_DIR;
		};
		D93DE556A5B14276AC5EA6E3 /* libRCTLinking.a */ = {
			isa = PBXReferenceProxy;
			fileType = archive.ar;
			path = libRCTLinking.a;
			remoteRef = 0835041C7763414F9502CD49 /* PBXContainerItemProxy */;
			sourceTree = BUILT_PRODUCTS_DIR;
		};
		C075CC73B92347B0915FBE33 /* libRCTNetwork.a */ = {
			isa = PBXReferenceProxy;
			fileType = archive.ar;
			path = libRCTNetwork.a;
			remoteRef = 973414FBF5CC4AF1B9C58025 /* PBXContainerItemProxy */;
			sourceTree = BUILT_PRODUCTS_DIR;
		};
		3141B039578D4D6BA096D9F7 /* libRCTSettings.a */ = {
			isa = PBXReferenceProxy;
			fileType = archive.ar;
			path = libRCTSettings.a;
			remoteRef = 9B7ABF48CC1441D6B8D555CC /* PBXContainerItemProxy */;
			sourceTree = BUILT_PRODUCTS_DIR;
		};
		F9DEA170EFBD4A9D8AC5409D /* libRCTVibration.a */ = {
			isa = PBXReferenceProxy;
			fileType = archive.ar;
			path = libRCTVibration.a;
			remoteRef = 8BC793E9916A47888BA1144B /* PBXContainerItemProxy */;
			sourceTree = BUILT_PRODUCTS_DIR;
		};
		EB386BE1D91C4C8097224FBF /* libRCTCameraRoll.a */ = {
			isa = PBXReferenceProxy;
			fileType = archive.ar;
			path = libRCTCameraRoll.a;
			remoteRef = 33501999F54348B8962814E7 /* PBXContainerItemProxy */;
			sourceTree = BUILT_PRODUCTS_DIR;
		};
		463A2EF3EBAE43AE95921A72 /* libCodePush.a */ = {
			isa = PBXReferenceProxy;
			fileType = archive.ar;
			path = libCodePush.a;
			remoteRef = 5062CD797613424D9B0B8EFE /* PBXContainerItemProxy */;
			sourceTree = BUILT_PRODUCTS_DIR;
		};
/* End PBXReferenceProxy section */

/* Begin PBXResourcesBuildPhase section */
		485009E11E2FF23B009B6610 /* Resources */ = {
			isa = PBXResourcesBuildPhase;
			buildActionMask = 2147483647;
			files = (
				22BF1FEB1E8DAAF800E7F500 /* assets in Resources */,
				223A89461E89CDC70092741E /* MiniApp.jsbundle in Resources */,
				2265A4A21EB26943007D6C3D /* Info.plist in Resources */,
			);
			runOnlyForDeploymentPostprocessing = 0;
		};
		485009EA1E2FF23C009B6610 /* Resources */ = {
			isa = PBXResourcesBuildPhase;
			buildActionMask = 2147483647;
			files = (
			);
			runOnlyForDeploymentPostprocessing = 0;
		};
/* End PBXResourcesBuildPhase section */

/* Begin PBXSourcesBuildPhase section */
		485009DE1E2FF23B009B6610 /* Sources */ = {
			isa = PBXSourcesBuildPhase;
			buildActionMask = 2147483647;
			files = (
				48500A991E2FF55B009B6610 /* ElectrodeReactNative.m in Sources */,
				301CB9021F33F3450048C58B /* NSBundle+frameworkBundle.m in Sources */,
				968333D81E54E3470031C565 /* ElectrodeBridgeDelegate.m in Sources */,
				E77DC59558DF4498985BFADF /* ElectrodeObject.swift in Sources */,
				6E60BE281AF54D64A48802DF /* Bridgeable.swift in Sources */,
				193DE31CF3954ED29B947CE9 /* ElectrodeRequestHandlerProcessor.swift in Sources */,
				8097DE1177474F2A8A95FA9E /* ElectrodeRequestProcessor.swift in Sources */,
				BEDCDE3C04AA49EDB04B3DC3 /* ElectrodeUtilities.swift in Sources */,
				69E4807660FE42739821B2A0 /* EventListenerProcessor.swift in Sources */,
				F0BF64EFA4724D84A8AC2D76 /* EventProcessor.swift in Sources */,
				86DE1E861B01464889D86F1B /* Processor.swift in Sources */,
				A6A2C3A17D514453B93E0F60 /* None.swift in Sources */,
				E9EE01F108F04CB5A1D24847 /* ElectrodeBridgeEvent.m in Sources */,
				511C0D9146FA4480A75652EA /* ElectrodeBridgeFailureMessage.m in Sources */,
				43EC2756E84D41A4A8AFB3A8 /* ElectrodeBridgeHolder.m in Sources */,
				23E98CD4186248FAB661988E /* ElectrodeBridgeMessage.m in Sources */,
				1D7C2EDFF1C248A3852D0143 /* ElectrodeBridgeProtocols.m in Sources */,
				910BDA51430D471F90230B31 /* ElectrodeBridgeRequest.m in Sources */,
				3781657D96034CA9B15AD91D /* ElectrodeBridgeResponse.m in Sources */,
				E8AF59F35C6B4924A05D5716 /* ElectrodeBridgeTransaction.m in Sources */,
				A75F9C98976442E780E040FC /* ElectrodeBridgeTransceiver.m in Sources */,
				B69FF29E6DB243FF8A71DAC2 /* ElectrodeEventDispatcher.m in Sources */,
				01E39AFBD8BE4A019A690DC3 /* ElectrodeEventRegistrar.m in Sources */,
				248675111D7A49A9B8C5F8ED /* ElectrodeRequestDispatcher.m in Sources */,
				F023F873296B448EA85920A1 /* ElectrodeRequestRegistrar.m in Sources */,
				D1E96C81F13945BEA1E1A0D9 /* ElectrodeLogger.m in Sources */,
				9A2C43127189439491D14E37 /* BirthYear.swift in Sources */,
				B0DE304AC8E64E0D80085AC3 /* Movie.swift in Sources */,
				614A3E8BEE31411BACF0C7A8 /* MoviesAPI.swift in Sources */,
				20217488A9974EE18FA14E82 /* MoviesRequests.swift in Sources */,
				2BD2B90FD9E84200A18AA156 /* Person.swift in Sources */,
				5D672C3C077443A28880ED01 /* Synopsis.swift in Sources */,
				A17C3089A86A45449926760A /* NavigateData.swift in Sources */,
				CD7914BB347C49A9962152A8 /* NavigationAPI.swift in Sources */,
				B1439F9D39BE47C999EFB85B /* NavigationRequests.swift in Sources */,
				6FF2ABA99F6A4F8784A22BB9 /* ElectrodeCodePushConfig.m in Sources */,
			);
			runOnlyForDeploymentPostprocessing = 0;
		};
		485009E81E2FF23C009B6610 /* Sources */ = {
			isa = PBXSourcesBuildPhase;
			buildActionMask = 2147483647;
			files = (
			);
			runOnlyForDeploymentPostprocessing = 0;
		};
/* End PBXSourcesBuildPhase section */

/* Begin PBXTargetDependency section */
		485009EF1E2FF23C009B6610 /* PBXTargetDependency */ = {
			isa = PBXTargetDependency;
			target = 485009E21E2FF23B009B6610 /* ElectrodeContainer */;
			targetProxy = 485009EE1E2FF23C009B6610 /* PBXContainerItemProxy */;
		};
		BC57C5C6068B4E22916927DD /* PBXTargetDependency */ = {
			isa = PBXTargetDependency;
			name = React;
			targetProxy = A4448067B22543E0B0FC9FF3 /* PBXContainerItemProxy */;
		};
		8806A243ADAF49FB9793E429 /* PBXTargetDependency */ = {
			isa = PBXTargetDependency;
			name = RCTActionSheet;
			targetProxy = 19C93793CE814FF9A64891A0 /* PBXContainerItemProxy */;
		};
		7FA268D0F80D43639E37D741 /* PBXTargetDependency */ = {
			isa = PBXTargetDependency;
			name = RCTImage;
			targetProxy = 9D34B5DC1AA94307AC709CC3 /* PBXContainerItemProxy */;
		};
		FBB3D58063064454920B32FD /* PBXTargetDependency */ = {
			isa = PBXTargetDependency;
			name = RCTAnimation;
			targetProxy = 4CE6CEC4B17A4B0FBA779A93 /* PBXContainerItemProxy */;
		};
		AFFF58B24B474014B092017A /* PBXTargetDependency */ = {
			isa = PBXTargetDependency;
			name = RCTText;
			targetProxy = 52E6D9CF79684E1B9B46A15A /* PBXContainerItemProxy */;
		};
		8485EDAD99744D4E906F0824 /* PBXTargetDependency */ = {
			isa = PBXTargetDependency;
			name = RCTWebSocket;
			targetProxy = F47A8CDE6F574164AF5BBE53 /* PBXContainerItemProxy */;
		};
		D755655FE3134AEDB21C7066 /* PBXTargetDependency */ = {
			isa = PBXTargetDependency;
			name = RCTGeolocation;
			targetProxy = FD1C7B28ECC84B4EA47985C3 /* PBXContainerItemProxy */;
		};
		6F57F31157814F87B0DBDB33 /* PBXTargetDependency */ = {
			isa = PBXTargetDependency;
			name = RCTLinking;
			targetProxy = D82F28B1CA9C4EACB02E00A9 /* PBXContainerItemProxy */;
		};
		1F655A92B81A4762B394393F /* PBXTargetDependency */ = {
			isa = PBXTargetDependency;
			name = RCTNetwork;
			targetProxy = A3B21C6CCC1143D5A72BD608 /* PBXContainerItemProxy */;
		};
		38AE4C6811DF45C99B19D44F /* PBXTargetDependency */ = {
			isa = PBXTargetDependency;
			name = RCTSettings;
			targetProxy = 7EA5B719B4EA4934B4C81A47 /* PBXContainerItemProxy */;
		};
		66D51A45191A47E794D515C1 /* PBXTargetDependency */ = {
			isa = PBXTargetDependency;
			name = RCTVibration;
			targetProxy = 20CD323DBFAB424699EA40C1 /* PBXContainerItemProxy */;
		};
		FA85B528ADA24366A194D2B4 /* PBXTargetDependency */ = {
			isa = PBXTargetDependency;
			name = RCTCameraRoll;
			targetProxy = 24790F9C26DA4AE7948413BE /* PBXContainerItemProxy */;
		};
		E0EA6CDF616141FCB64E3FC1 /* PBXTargetDependency */ = {
			isa = PBXTargetDependency;
			name = CodePush;
			targetProxy = 75A45ADF52C1417DADF17877 /* PBXContainerItemProxy */;
		};
/* End PBXTargetDependency section */

/* Begin XCBuildConfiguration section */
		303268E41EA8139700A41A8F /* QADeployment */ = {
			isa = XCBuildConfiguration;
			buildSettings = {
				ALWAYS_SEARCH_USER_PATHS = NO;
				CLANG_ANALYZER_NONNULL = YES;
				CLANG_CXX_LANGUAGE_STANDARD = "gnu++0x";
				CLANG_CXX_LIBRARY = "libc++";
				CLANG_ENABLE_MODULES = YES;
				CLANG_ENABLE_OBJC_ARC = YES;
				CLANG_WARN_BOOL_CONVERSION = YES;
				CLANG_WARN_CONSTANT_CONVERSION = YES;
				CLANG_WARN_DIRECT_OBJC_ISA_USAGE = YES_ERROR;
				CLANG_WARN_DOCUMENTATION_COMMENTS = YES;
				CLANG_WARN_EMPTY_BODY = YES;
				CLANG_WARN_ENUM_CONVERSION = YES;
				CLANG_WARN_INFINITE_RECURSION = YES;
				CLANG_WARN_INT_CONVERSION = YES;
				CLANG_WARN_OBJC_ROOT_CLASS = YES_ERROR;
				CLANG_WARN_SUSPICIOUS_MOVE = YES;
				CLANG_WARN_UNREACHABLE_CODE = YES;
				CLANG_WARN__DUPLICATE_METHOD_MATCH = YES;
				"CODE_SIGN_IDENTITY[sdk=iphoneos*]" = "iPhone Developer";
				COPY_PHASE_STRIP = NO;
				CURRENT_PROJECT_VERSION = 1;
				DEBUG_INFORMATION_FORMAT = "dwarf-with-dsym";
				ENABLE_STRICT_OBJC_MSGSEND = YES;
				ENABLE_TESTABILITY = YES;
				GCC_C_LANGUAGE_STANDARD = gnu99;
				GCC_DYNAMIC_NO_PIC = NO;
				GCC_NO_COMMON_BLOCKS = YES;
				GCC_OPTIMIZATION_LEVEL = 0;
				GCC_PREPROCESSOR_DEFINITIONS = (
					"DEBUG=1",
					"$(inherited)",
				);
				GCC_WARN_64_TO_32_BIT_CONVERSION = YES;
				GCC_WARN_ABOUT_RETURN_TYPE = YES_ERROR;
				GCC_WARN_UNDECLARED_SELECTOR = YES;
				GCC_WARN_UNINITIALIZED_AUTOS = YES_AGGRESSIVE;
				GCC_WARN_UNUSED_FUNCTION = YES;
				GCC_WARN_UNUSED_VARIABLE = YES;
				IPHONEOS_DEPLOYMENT_TARGET = 9.0;
				MTL_ENABLE_DEBUG_INFO = YES;
				ONLY_ACTIVE_ARCH = YES;
				SDKROOT = iphoneos;
				TARGETED_DEVICE_FAMILY = "1,2";
				VERSIONING_SYSTEM = "apple-generic";
				VERSION_INFO_PREFIX = "";
			};
			name = QADeployment;
		};
		303268E51EA8139700A41A8F /* QADeployment */ = {
			isa = XCBuildConfiguration;
			buildSettings = {
				ALWAYS_EMBED_SWIFT_STANDARD_LIBRARIES = YES;
				CLANG_ALLOW_NON_MODULAR_INCLUDES_IN_FRAMEWORK_MODULES = YES;
				CLANG_ENABLE_MODULES = YES;
				CLANG_WARN_DOCUMENTATION_COMMENTS = NO;
				CODE_SIGN_IDENTITY = "";
				DEFINES_MODULE = YES;
				DYLIB_COMPATIBILITY_VERSION = 1;
				DYLIB_CURRENT_VERSION = 1;
				DYLIB_INSTALL_NAME_BASE = "@rpath";
				ENABLE_ON_DEMAND_RESOURCES = NO;
				ENABLE_TESTABILITY = YES;
				HEADER_SEARCH_PATHS = (
					"$(inherited)/**",
					"$(SRCROOT)/ElectrodeContainer/Libraries/ReactNative/**",
					"$(SRCROOT)/ElectrodeContainer/Libraries/CodePush/**",
					"$(SRCROOT)/ElectrodeContainer/Libraries/CodePush/**",
				);
				FRAMEWORK_SEARCH_PATHS = (
					"$(inherited)",
				);
				INFOPLIST_FILE = ElectrodeContainer/Info.plist;
				INSTALL_PATH = "$(LOCAL_LIBRARY_DIR)/Frameworks";
				LD_RUNPATH_SEARCH_PATHS = "$(inherited) @executable_path/Frameworks @loader_path/Frameworks";
				LIBRARY_SEARCH_PATHS = (
					"$(inherited)",
					"$(SRCROOT)/ElectrodeContainer/Libraries/ReactNative/**",
					"$(SRCROOT)/ElectrodeContainer/Libraries/CodePush/**",
					"\"$(SRCROOT)/$(TARGET_NAME)/usr/lib\"",
				);
				ONLY_ACTIVE_ARCH = NO;
				OTHER_LDFLAGS = (
					"-ObjC",
					"-lc++",
					"-lz",
				);
				PRODUCT_BUNDLE_IDENTIFIER = com.walmart.electronics.ElectrodeContainer;
				PRODUCT_NAME = "$(TARGET_NAME)";
				SKIP_INSTALL = YES;
				STRIP_STYLE = debugging;
				SWIFT_ACTIVE_COMPILATION_CONDITIONS = DEBUG;
				SWIFT_OPTIMIZATION_LEVEL = "-Owholemodule";
				SWIFT_VERSION = 3.0;
			};
			name = QADeployment;
		};
		303268E61EA8139700A41A8F /* QADeployment */ = {
			isa = XCBuildConfiguration;
			buildSettings = {
				HEADER_SEARCH_PATHS = (
					"$(inherited)",
					"$(SRCROOT)/ElectrodeContainer/Libraries/CodePush/**",
					"$(SRCROOT)/ElectrodeContainer/Libraries/CodePush/**",
				);
				FRAMEWORK_SEARCH_PATHS = (
					"$(inherited)",
				);
				INFOPLIST_FILE = ElectrodeContainerTests/Info.plist;
				LD_RUNPATH_SEARCH_PATHS = "$(inherited) @executable_path/Frameworks @loader_path/Frameworks";
				LIBRARY_SEARCH_PATHS = (
					"$(inherited)",
					"$(SRCROOT)/ElectrodeContainer/Libraries/ReactNative/**",
					"$(SRCROOT)/ElectrodeContainer/Libraries/CodePush/**",
					"\"$(SRCROOT)/$(TARGET_NAME)/usr/lib\"",
				);
				PRODUCT_BUNDLE_IDENTIFIER = com.walmart.electronics.ElectrodeContainerTests;
				PRODUCT_NAME = "$(TARGET_NAME)";
				TEST_HOST = "";
			};
			name = QADeployment;
		};
		485009F51E2FF23C009B6610 /* Debug */ = {
			isa = XCBuildConfiguration;
			buildSettings = {
				ALWAYS_SEARCH_USER_PATHS = NO;
				CLANG_ANALYZER_NONNULL = YES;
				CLANG_CXX_LANGUAGE_STANDARD = "gnu++0x";
				CLANG_CXX_LIBRARY = "libc++";
				CLANG_ENABLE_MODULES = YES;
				CLANG_ENABLE_OBJC_ARC = YES;
				CLANG_WARN_BOOL_CONVERSION = YES;
				CLANG_WARN_CONSTANT_CONVERSION = YES;
				CLANG_WARN_DIRECT_OBJC_ISA_USAGE = YES_ERROR;
				CLANG_WARN_DOCUMENTATION_COMMENTS = YES;
				CLANG_WARN_EMPTY_BODY = YES;
				CLANG_WARN_ENUM_CONVERSION = YES;
				CLANG_WARN_INFINITE_RECURSION = YES;
				CLANG_WARN_INT_CONVERSION = YES;
				CLANG_WARN_OBJC_ROOT_CLASS = YES_ERROR;
				CLANG_WARN_SUSPICIOUS_MOVE = YES;
				CLANG_WARN_UNREACHABLE_CODE = YES;
				CLANG_WARN__DUPLICATE_METHOD_MATCH = YES;
				"CODE_SIGN_IDENTITY[sdk=iphoneos*]" = "iPhone Developer";
				COPY_PHASE_STRIP = NO;
				CURRENT_PROJECT_VERSION = 1;
				DEBUG_INFORMATION_FORMAT = dwarf;
				ENABLE_STRICT_OBJC_MSGSEND = YES;
				ENABLE_TESTABILITY = YES;
				GCC_C_LANGUAGE_STANDARD = gnu99;
				GCC_DYNAMIC_NO_PIC = NO;
				GCC_NO_COMMON_BLOCKS = YES;
				GCC_OPTIMIZATION_LEVEL = 0;
				GCC_PREPROCESSOR_DEFINITIONS = (
					"DEBUG=1",
					"$(inherited)",
				);
				GCC_WARN_64_TO_32_BIT_CONVERSION = YES;
				GCC_WARN_ABOUT_RETURN_TYPE = YES_ERROR;
				GCC_WARN_UNDECLARED_SELECTOR = YES;
				GCC_WARN_UNINITIALIZED_AUTOS = YES_AGGRESSIVE;
				GCC_WARN_UNUSED_FUNCTION = YES;
				GCC_WARN_UNUSED_VARIABLE = YES;
				IPHONEOS_DEPLOYMENT_TARGET = 9.0;
				MTL_ENABLE_DEBUG_INFO = YES;
				ONLY_ACTIVE_ARCH = YES;
				SDKROOT = iphoneos;
				TARGETED_DEVICE_FAMILY = "1,2";
				VERSIONING_SYSTEM = "apple-generic";
				VERSION_INFO_PREFIX = "";
			};
			name = Debug;
		};
		485009F61E2FF23C009B6610 /* Release */ = {
			isa = XCBuildConfiguration;
			buildSettings = {
				ALWAYS_SEARCH_USER_PATHS = NO;
				CLANG_ANALYZER_NONNULL = YES;
				CLANG_CXX_LANGUAGE_STANDARD = "gnu++0x";
				CLANG_CXX_LIBRARY = "libc++";
				CLANG_ENABLE_MODULES = YES;
				CLANG_ENABLE_OBJC_ARC = YES;
				CLANG_WARN_BOOL_CONVERSION = YES;
				CLANG_WARN_CONSTANT_CONVERSION = YES;
				CLANG_WARN_DIRECT_OBJC_ISA_USAGE = YES_ERROR;
				CLANG_WARN_DOCUMENTATION_COMMENTS = YES;
				CLANG_WARN_EMPTY_BODY = YES;
				CLANG_WARN_ENUM_CONVERSION = YES;
				CLANG_WARN_INFINITE_RECURSION = YES;
				CLANG_WARN_INT_CONVERSION = YES;
				CLANG_WARN_OBJC_ROOT_CLASS = YES_ERROR;
				CLANG_WARN_SUSPICIOUS_MOVE = YES;
				CLANG_WARN_UNREACHABLE_CODE = YES;
				CLANG_WARN__DUPLICATE_METHOD_MATCH = YES;
				"CODE_SIGN_IDENTITY[sdk=iphoneos*]" = "iPhone Developer";
				COPY_PHASE_STRIP = NO;
				CURRENT_PROJECT_VERSION = 1;
				DEBUG_INFORMATION_FORMAT = "dwarf-with-dsym";
				ENABLE_NS_ASSERTIONS = NO;
				ENABLE_STRICT_OBJC_MSGSEND = YES;
				GCC_C_LANGUAGE_STANDARD = gnu99;
				GCC_NO_COMMON_BLOCKS = YES;
				GCC_WARN_64_TO_32_BIT_CONVERSION = YES;
				GCC_WARN_ABOUT_RETURN_TYPE = YES_ERROR;
				GCC_WARN_UNDECLARED_SELECTOR = YES;
				GCC_WARN_UNINITIALIZED_AUTOS = YES_AGGRESSIVE;
				GCC_WARN_UNUSED_FUNCTION = YES;
				GCC_WARN_UNUSED_VARIABLE = YES;
				IPHONEOS_DEPLOYMENT_TARGET = 9.0;
				MTL_ENABLE_DEBUG_INFO = NO;
				SDKROOT = iphoneos;
				TARGETED_DEVICE_FAMILY = "1,2";
				VALIDATE_PRODUCT = YES;
				VERSIONING_SYSTEM = "apple-generic";
				VERSION_INFO_PREFIX = "";
			};
			name = Release;
		};
		485009F81E2FF23C009B6610 /* Debug */ = {
			isa = XCBuildConfiguration;
			buildSettings = {
				ALWAYS_EMBED_SWIFT_STANDARD_LIBRARIES = YES;
				CLANG_ALLOW_NON_MODULAR_INCLUDES_IN_FRAMEWORK_MODULES = YES;
				CLANG_ENABLE_MODULES = YES;
				CLANG_WARN_DOCUMENTATION_COMMENTS = NO;
				CODE_SIGN_IDENTITY = "";
				DEFINES_MODULE = YES;
				DYLIB_COMPATIBILITY_VERSION = 1;
				DYLIB_CURRENT_VERSION = 1;
				DYLIB_INSTALL_NAME_BASE = "@rpath";
				HEADER_SEARCH_PATHS = (
					"$(inherited)",
					"$(SRCROOT)/ElectrodeContainer/Libraries/ReactNative/**",
					"$(SRCROOT)/ElectrodeContainer/Libraries/CodePush/**",
				);
				FRAMEWORK_SEARCH_PATHS = (
					"$(inherited)",
				);
				INFOPLIST_FILE = ElectrodeContainer/Info.plist;
				INSTALL_PATH = "$(LOCAL_LIBRARY_DIR)/Frameworks";
				IPHONEOS_DEPLOYMENT_TARGET = 9.0;
				LD_RUNPATH_SEARCH_PATHS = "$(inherited) @executable_path/Frameworks @loader_path/Frameworks";
				LIBRARY_SEARCH_PATHS = (
					"$(inherited)",
					"$(SRCROOT)/ElectrodeContainer/Libraries/ReactNative/**",
					"$(SRCROOT)/ElectrodeContainer/Libraries/CodePush/**",
					"\"$(SRCROOT)/$(TARGET_NAME)/usr/lib\"",
				);
				OTHER_LDFLAGS = (
					"-ObjC",
					"-lc++",
					"-lz",
				);
				PRODUCT_BUNDLE_IDENTIFIER = com.walmart.electronics.ElectrodeContainer;
				PRODUCT_NAME = "$(TARGET_NAME)";
				SKIP_INSTALL = YES;
				SWIFT_ACTIVE_COMPILATION_CONDITIONS = DEBUG;
				SWIFT_OPTIMIZATION_LEVEL = "-Onone";
				SWIFT_VERSION = 3.0;
			};
			name = Debug;
		};
		485009F91E2FF23C009B6610 /* Release */ = {
			isa = XCBuildConfiguration;
			buildSettings = {
				CLANG_ALLOW_NON_MODULAR_INCLUDES_IN_FRAMEWORK_MODULES = YES;
				CODE_SIGN_IDENTITY = "";
				DEFINES_MODULE = YES;
				DYLIB_COMPATIBILITY_VERSION = 1;
				DYLIB_CURRENT_VERSION = 1;
				DYLIB_INSTALL_NAME_BASE = "@rpath";
				HEADER_SEARCH_PATHS = (
					"$(inherited)",
					"$(SRCROOT)/ElectrodeContainer/Libraries/ReactNative/**",
					"$(SRCROOT)/ElectrodeContainer/Libraries/CodePush/**",
					"$(SRCROOT)/ElectrodeContainer/Libraries/CodePush/**",
				);
				FRAMEWORK_SEARCH_PATHS = (
					"$(inherited)",
				);
				INFOPLIST_FILE = ElectrodeContainer/Info.plist;
				INSTALL_PATH = "$(LOCAL_LIBRARY_DIR)/Frameworks";
				IPHONEOS_DEPLOYMENT_TARGET = 9.0;
				LD_RUNPATH_SEARCH_PATHS = "$(inherited) @executable_path/Frameworks @loader_path/Frameworks";
				LIBRARY_SEARCH_PATHS = (
					"$(inherited)",
					"$(SRCROOT)/ElectrodeContainer/Libraries/ReactNative/**",
					"$(SRCROOT)/ElectrodeContainer/Libraries/CodePush/**",
					"\"$(SRCROOT)/$(TARGET_NAME)/usr/lib\"",
				);
				OTHER_LDFLAGS = (
					"-ObjC",
					"-lc++",
					"-lz",
				);
				PRODUCT_BUNDLE_IDENTIFIER = com.walmart.electronics.ElectrodeContainer;
				PRODUCT_NAME = "$(TARGET_NAME)";
				SKIP_INSTALL = YES;
				SWIFT_VERSION = 3.0;
			};
			name = Release;
		};
		485009FB1E2FF23C009B6610 /* Debug */ = {
			isa = XCBuildConfiguration;
			buildSettings = {
				INFOPLIST_FILE = ElectrodeContainerTests/Info.plist;
				LD_RUNPATH_SEARCH_PATHS = "$(inherited) @executable_path/Frameworks @loader_path/Frameworks";
				LIBRARY_SEARCH_PATHS = (
					"$(inherited)",
					"$(SRCROOT)/ElectrodeContainer/Libraries/ReactNative/**",
					"$(SRCROOT)/ElectrodeContainer/Libraries/CodePush/**",
					"\"$(SRCROOT)/$(TARGET_NAME)/usr/lib\"",
				);
				PRODUCT_BUNDLE_IDENTIFIER = com.walmart.electronics.ElectrodeContainerTests;
				PRODUCT_NAME = "$(TARGET_NAME)";
				TEST_HOST = "";
				HEADER_SEARCH_PATHS = (
					"$(inherited)",
					"$(SRCROOT)/ElectrodeContainer/Libraries/CodePush/**",
				);
			};
			name = Debug;
		};
		485009FC1E2FF23C009B6610 /* Release */ = {
			isa = XCBuildConfiguration;
			buildSettings = {
				DEVELOPMENT_TEAM = DXZ5VF8836;
				HEADER_SEARCH_PATHS = (
					"$(inherited)",
					"\"$(SRCROOT)/ElectrodeContainer/Libraries/CodePush\"",
					"$(SRCROOT)/ElectrodeContainer/Libraries/CodePush/**",
				);
				FRAMEWORK_SEARCH_PATHS = (
					"$(inherited)",
				);
				INFOPLIST_FILE = ElectrodeContainerTests/Info.plist;
				LD_RUNPATH_SEARCH_PATHS = "$(inherited) @executable_path/Frameworks @loader_path/Frameworks";
				LIBRARY_SEARCH_PATHS = (
					"$(inherited)",
					"$(SRCROOT)/ElectrodeContainer/Libraries/ReactNative/**",
					"$(SRCROOT)/ElectrodeContainer/Libraries/CodePush/**",
					"\"$(SRCROOT)/$(TARGET_NAME)/usr/lib\"",
				);
				PRODUCT_BUNDLE_IDENTIFIER = com.walmart.electronics.ElectrodeContainerTests;
				PRODUCT_NAME = "$(TARGET_NAME)";
				TEST_HOST = "";
			};
			name = Release;
		};
/* End XCBuildConfiguration section */

/* Begin XCConfigurationList section */
		485009DD1E2FF23B009B6610 /* Build configuration list for PBXProject "ElectrodeContainer" */ = {
			isa = XCConfigurationList;
			buildConfigurations = (
				485009F51E2FF23C009B6610 /* Debug */,
				303268E41EA8139700A41A8F /* QADeployment */,
				485009F61E2FF23C009B6610 /* Release */,
			);
			defaultConfigurationIsVisible = 0;
			defaultConfigurationName = Release;
		};
		485009F71E2FF23C009B6610 /* Build configuration list for PBXNativeTarget "ElectrodeContainer" */ = {
			isa = XCConfigurationList;
			buildConfigurations = (
				485009F81E2FF23C009B6610 /* Debug */,
				303268E51EA8139700A41A8F /* QADeployment */,
				485009F91E2FF23C009B6610 /* Release */,
			);
			defaultConfigurationIsVisible = 0;
			defaultConfigurationName = Release;
		};
		485009FA1E2FF23C009B6610 /* Build configuration list for PBXNativeTarget "ElectrodeContainerTests" */ = {
			isa = XCConfigurationList;
			buildConfigurations = (
				485009FB1E2FF23C009B6610 /* Debug */,
				303268E61EA8139700A41A8F /* QADeployment */,
				485009FC1E2FF23C009B6610 /* Release */,
			);
			defaultConfigurationIsVisible = 0;
			defaultConfigurationName = Release;
		};
/* End XCConfigurationList section */
	};
	rootObject = 485009DA1E2FF23B009B6610 /* Project object */;
}
