// !$*UTF8*$!
{
	archiveVersion = 1;
	classes = {
	};
	objectVersion = 46;
	objects = {
/* Begin PBXBuildFile section */
		223A89461E89CDC70092741E /* MiniApp.jsbundle in Resources */ = {isa = PBXBuildFile; fileRef = 223A89451E89CDC70092741E /* MiniApp.jsbundle */; };
		2265A4A21EB26943007D6C3D /* Info.plist in Resources */ = {isa = PBXBuildFile; fileRef = 2265A4A11EB26943007D6C3D /* Info.plist */; };
		22BF1FEB1E8DAAF800E7F500 /* assets in Resources */ = {isa = PBXBuildFile; fileRef = 22BF1FEA1E8DAAF800E7F500 /* assets */; };
		301CB9021F33F3450048C58B /* NSBundle+frameworkBundle.m in Sources */ = {isa = PBXBuildFile; fileRef = 301CB9001F33F3450048C58B /* NSBundle+frameworkBundle.m */; };
		301CB9031F33F3450048C58B /* NSBundle+frameworkBundle.h in Headers */ = {isa = PBXBuildFile; fileRef = 301CB9011F33F3450048C58B /* NSBundle+frameworkBundle.h */; };
		30F8CDEE1E67946E00413247 /* ElectrodeReactNative_Internal.h in Headers */ = {isa = PBXBuildFile; fileRef = 30F8CDED1E67946E00413247 /* ElectrodeReactNative_Internal.h */; };
		485009ED1E2FF23C009B6610 /* ElectrodeContainer.framework in Frameworks */ = {isa = PBXBuildFile; fileRef = 485009E31E2FF23B009B6610 /* ElectrodeContainer.framework */; };
		485009F41E2FF23C009B6610 /* ElectrodeContainer.h in Headers */ = {isa = PBXBuildFile; fileRef = 485009E61E2FF23B009B6610 /* ElectrodeContainer.h */; settings = {ATTRIBUTES = (Public, ); }; };
		48500A981E2FF55B009B6610 /* ElectrodeReactNative.h in Headers */ = {isa = PBXBuildFile; fileRef = 48500A961E2FF55B009B6610 /* ElectrodeReactNative.h */; settings = {ATTRIBUTES = (Public, ); }; };
		48500A991E2FF55B009B6610 /* ElectrodeReactNative.m in Sources */ = {isa = PBXBuildFile; fileRef = 48500A971E2FF55B009B6610 /* ElectrodeReactNative.m */; };
		968333D71E54E3470031C565 /* ElectrodeBridgeDelegate.h in Headers */ = {isa = PBXBuildFile; fileRef = 968333D51E54E3470031C565 /* ElectrodeBridgeDelegate.h */; settings = {ATTRIBUTES = (Public, ); }; };
		968333D81E54E3470031C565 /* ElectrodeBridgeDelegate.m in Sources */ = {isa = PBXBuildFile; fileRef = 968333D61E54E3470031C565 /* ElectrodeBridgeDelegate.m */; };
		DC3D9C4C8ADF4078AF38FF6F /* libReact.a in Frameworks */ = {isa = PBXBuildFile; fileRef = BB891271F63842DDB7A10F71 /* libReact.a */; };
		83D684BAFEF24BE496DE81C9 /* libRCTActionSheet.a in Frameworks */ = {isa = PBXBuildFile; fileRef = 200B117D248F48B0A6BDDE49 /* libRCTActionSheet.a */; };
		19546E24465F47B1A13A6F82 /* libRCTImage.a in Frameworks */ = {isa = PBXBuildFile; fileRef = 8D8A75DCEED648D79D07C36D /* libRCTImage.a */; };
		4D49B7B6FC534EC6BADB9686 /* libRCTAnimation.a in Frameworks */ = {isa = PBXBuildFile; fileRef = 27FCAD26C76D4B488910D873 /* libRCTAnimation.a */; };
		DEF5865D887F42DAB1264240 /* libRCTText.a in Frameworks */ = {isa = PBXBuildFile; fileRef = C7A01B456B8743318CA7FDD1 /* libRCTText.a */; };
		790516EF1EEE49BC9949A9BF /* libRCTWebSocket.a in Frameworks */ = {isa = PBXBuildFile; fileRef = 5240F5B9E3C843198D47B14B /* libRCTWebSocket.a */; };
		BE4D98C0E565433AA412C0D6 /* libRCTGeolocation.a in Frameworks */ = {isa = PBXBuildFile; fileRef = 177142E0E87744B0B3489C6F /* libRCTGeolocation.a */; };
		1A28A92F487B455FBB9A5512 /* libRCTLinking.a in Frameworks */ = {isa = PBXBuildFile; fileRef = 4E5AA28EFE4744028AFAF37C /* libRCTLinking.a */; };
		8E2AAFB08A154E87B3740B2D /* libRCTNetwork.a in Frameworks */ = {isa = PBXBuildFile; fileRef = 4BE82F9B9B21413E9F3D1EF1 /* libRCTNetwork.a */; };
		416F3422C6114EAA87584885 /* libRCTSettings.a in Frameworks */ = {isa = PBXBuildFile; fileRef = 5FDC5DE9CF354FCB9699FE37 /* libRCTSettings.a */; };
		A6D3C8EE9D5349DF81C7B860 /* libRCTVibration.a in Frameworks */ = {isa = PBXBuildFile; fileRef = 4E64071A7B334BB6B0208F07 /* libRCTVibration.a */; };
		FF914A8B55D34ABAA4D9C432 /* libRCTCameraRoll.a in Frameworks */ = {isa = PBXBuildFile; fileRef = 2989184E4A88416B93A1D03D /* libRCTCameraRoll.a */; };
		A4502447FEEB40829CD5C5A5 /* libCodePush.a in Frameworks */ = {isa = PBXBuildFile; fileRef = 1FD944F76041405E89FAF767 /* libCodePush.a */; };
		6C08CD60DACF4DECA79F7158 /* libz.tbd in Frameworks */ = {isa = PBXBuildFile; fileRef = 841D312E0DDD465BAA61E7AB /* libz.tbd */; };
		A51EF24681954105A7B39E79 /* ElectrodeObject.swift in Sources */ = {isa = PBXBuildFile; fileRef = 157FD587E97D4383857F76CA /* ElectrodeObject.swift */; };
		C20786FA6BC74CFB8AFF9F7C /* Bridgeable.swift in Sources */ = {isa = PBXBuildFile; fileRef = 6FF40C55BCE14E49A878CC8C /* Bridgeable.swift */; };
		81A1B0F0A5BA48EF9A2B9BEE /* ElectrodeRequestHandlerProcessor.swift in Sources */ = {isa = PBXBuildFile; fileRef = 149DFE08280D4679A7DE070D /* ElectrodeRequestHandlerProcessor.swift */; };
		72E5B8DADFAB40A48E0FECF7 /* ElectrodeRequestProcessor.swift in Sources */ = {isa = PBXBuildFile; fileRef = 22E14A79E56B450A8A26DA21 /* ElectrodeRequestProcessor.swift */; };
		D901EB3C1F034C408D05DC82 /* ElectrodeUtilities.swift in Sources */ = {isa = PBXBuildFile; fileRef = 0F1EADD0199F4A79A9DBB398 /* ElectrodeUtilities.swift */; };
		43C0C65067F94030A662BA4F /* EventListenerProcessor.swift in Sources */ = {isa = PBXBuildFile; fileRef = B7B3522A26DC49B0A2D80A91 /* EventListenerProcessor.swift */; };
		F57A1ACD2A1C46F885D8BEF4 /* EventProcessor.swift in Sources */ = {isa = PBXBuildFile; fileRef = 95610349B1D04E9691130070 /* EventProcessor.swift */; };
		D5D6180D32D54A83A83EEB3A /* Processor.swift in Sources */ = {isa = PBXBuildFile; fileRef = 668BC392CB2A44BE9DAF2473 /* Processor.swift */; };
		1D32158439D546E6A8246EFC /* None.swift in Sources */ = {isa = PBXBuildFile; fileRef = D442638721CD4E2EB8747BC2 /* None.swift */; };
		E4F667D4B6814DAE9F9B7918 /* ElectrodeBridgeEvent.m in Sources */ = {isa = PBXBuildFile; fileRef = CC17ACE7B898425C86007EEA /* ElectrodeBridgeEvent.m */; };
		96B78EDE59924F04BB8AA4F4 /* ElectrodeBridgeFailureMessage.m in Sources */ = {isa = PBXBuildFile; fileRef = 98FD298C20674FA0B6986400 /* ElectrodeBridgeFailureMessage.m */; };
		95855DF53E4D4C27B8FED383 /* ElectrodeBridgeHolder.m in Sources */ = {isa = PBXBuildFile; fileRef = DA86F027FE6B4FE392AF7E7F /* ElectrodeBridgeHolder.m */; };
		9E8F4FCBF50949E49E6AC28E /* ElectrodeBridgeMessage.m in Sources */ = {isa = PBXBuildFile; fileRef = AEC67AD7C6B54C52843BB652 /* ElectrodeBridgeMessage.m */; };
		F363B96149DE4001A7F4DAD4 /* ElectrodeBridgeProtocols.m in Sources */ = {isa = PBXBuildFile; fileRef = D3D78AB0B4634EE1B061023F /* ElectrodeBridgeProtocols.m */; };
		C323179B923D4472B62444F8 /* ElectrodeBridgeRequest.m in Sources */ = {isa = PBXBuildFile; fileRef = 4E726F5523E540A0AAF3F8FC /* ElectrodeBridgeRequest.m */; };
		3BEAEFE2EE254549B9741A58 /* ElectrodeBridgeResponse.m in Sources */ = {isa = PBXBuildFile; fileRef = 5EF7661223BD4C209A631E82 /* ElectrodeBridgeResponse.m */; };
		742668B57757426AAB34F214 /* ElectrodeBridgeTransaction.m in Sources */ = {isa = PBXBuildFile; fileRef = C3B2DC4D14C749309D0801EA /* ElectrodeBridgeTransaction.m */; };
		FC77150E06464F519F6AC29B /* ElectrodeBridgeTransceiver.m in Sources */ = {isa = PBXBuildFile; fileRef = 40172B7B72864562854DE8F9 /* ElectrodeBridgeTransceiver.m */; };
		9985AFCD01AD4B029DFD62B8 /* ElectrodeEventDispatcher.m in Sources */ = {isa = PBXBuildFile; fileRef = C3B979F780EF413D893C8F2C /* ElectrodeEventDispatcher.m */; };
		E80C4DD687364864B4AFBA37 /* ElectrodeEventRegistrar.m in Sources */ = {isa = PBXBuildFile; fileRef = 8A9C4F428DD344F1B6FFF89A /* ElectrodeEventRegistrar.m */; };
		010AE55C669D4CDAACA92103 /* ElectrodeRequestDispatcher.m in Sources */ = {isa = PBXBuildFile; fileRef = 6FAC2705D69549D989DCF14F /* ElectrodeRequestDispatcher.m */; };
		7D8C9A97BDC042348C3F4359 /* ElectrodeRequestRegistrar.m in Sources */ = {isa = PBXBuildFile; fileRef = E58EE59259F147B1A73D89D6 /* ElectrodeRequestRegistrar.m */; };
		1686FC15A3E746E6A0636484 /* ElectrodeLogger.m in Sources */ = {isa = PBXBuildFile; fileRef = FDDC2702295C467ABA4A0E7C /* ElectrodeLogger.m */; };
		FDD58882B3BE4691B053B9FF /* ElectrodeBridgeEvent.h in Headers */ = {isa = PBXBuildFile; fileRef = D3067F8FF81744D2A000479C /* ElectrodeBridgeEvent.h */; settings = {ATTRIBUTES = (Public, ); }; };
		452324C1E6634B258AD47021 /* ElectrodeBridgeFailureMessage.h in Headers */ = {isa = PBXBuildFile; fileRef = 11606649BD8A4DE69A8D55E8 /* ElectrodeBridgeFailureMessage.h */; settings = {ATTRIBUTES = (Public, ); }; };
		75EC0B26CD19495F80E09693 /* ElectrodeBridgeHolder.h in Headers */ = {isa = PBXBuildFile; fileRef = B5344D9FB3B04AC9B83DF6CE /* ElectrodeBridgeHolder.h */; settings = {ATTRIBUTES = (Public, ); }; };
		363BF75ECA64496C92794D56 /* ElectrodeBridgeMessage.h in Headers */ = {isa = PBXBuildFile; fileRef = 3EDF45FD93EE48F597DC4EFD /* ElectrodeBridgeMessage.h */; settings = {ATTRIBUTES = (Public, ); }; };
		8457AE762FC54A709C274E80 /* ElectrodeBridgeProtocols.h in Headers */ = {isa = PBXBuildFile; fileRef = 01138777C5CA4E6DBEDB4BA2 /* ElectrodeBridgeProtocols.h */; settings = {ATTRIBUTES = (Public, ); }; };
		2E2DF658E3A046E6B1E76E77 /* ElectrodeBridgeRequest.h in Headers */ = {isa = PBXBuildFile; fileRef = A08C62E09307444DA2612685 /* ElectrodeBridgeRequest.h */; settings = {ATTRIBUTES = (Public, ); }; };
		F947445015EA40C1815A7778 /* ElectrodeBridgeTransaction.h in Headers */ = {isa = PBXBuildFile; fileRef = 36A4512B47E345308A79EE3A /* ElectrodeBridgeTransaction.h */; };
		8A37ABA54C4B406C9714AE25 /* ElectrodeBridgeTransceiver.h in Headers */ = {isa = PBXBuildFile; fileRef = 2C892F0037664CA3A4662506 /* ElectrodeBridgeTransceiver.h */; };
		8A460437CFF04A7D978D3D60 /* ElectrodeBridgeTransceiver_Internal.h in Headers */ = {isa = PBXBuildFile; fileRef = 0AE64DACDF1945B289F5DB9A /* ElectrodeBridgeTransceiver_Internal.h */; };
		100688D939484E67AFBED3DE /* ElectrodeEventDispatcher.h in Headers */ = {isa = PBXBuildFile; fileRef = A26C2A0F7C66497F858384E5 /* ElectrodeEventDispatcher.h */; };
		A692E62B359C489AA7BABA29 /* ElectrodeEventRegistrar.h in Headers */ = {isa = PBXBuildFile; fileRef = ADB08EA55F914630BDBD7649 /* ElectrodeEventRegistrar.h */; };
		BC6385B1C81E4767BAD5896F /* ElectrodeRequestDispatcher.h in Headers */ = {isa = PBXBuildFile; fileRef = FDAAEAFE439E4FF9999FF050 /* ElectrodeRequestDispatcher.h */; };
		185CA68D542E4E60860065AE /* ElectrodeRequestRegistrar.h in Headers */ = {isa = PBXBuildFile; fileRef = FCED81AD84784B54872A2A7D /* ElectrodeRequestRegistrar.h */; };
		FE093C781882402A895203A2 /* ElectrodeReactNativeBridge.h in Headers */ = {isa = PBXBuildFile; fileRef = 7103569CAC414DC7A962ACBD /* ElectrodeReactNativeBridge.h */; };
		7FA806D8BE7C4D28B74AA929 /* ElectrodeBridgeResponse.h in Headers */ = {isa = PBXBuildFile; fileRef = C5CC19C654094D33BB5B717C /* ElectrodeBridgeResponse.h */; };
		D07A44029DC94609AB0A4704 /* ElectrodeLogger.h in Headers */ = {isa = PBXBuildFile; fileRef = 157DA09FC54C4C5DB3D87BBE /* ElectrodeLogger.h */; settings = {ATTRIBUTES = (Public, ); }; };
		9861FD2582EF4D3BA5F67E2B /* BirthYear.swift in Sources */ = {isa = PBXBuildFile; fileRef = 212D286AC7E74960A274AF35 /* BirthYear.swift */; };
		D8022164F38F4023ADA611DE /* Movie.swift in Sources */ = {isa = PBXBuildFile; fileRef = 4DC7D7FC677848B797C9D4D2 /* Movie.swift */; };
		A171955282294B999A07677E /* MoviesAPI.swift in Sources */ = {isa = PBXBuildFile; fileRef = AE66FB6749614594B3AB4A35 /* MoviesAPI.swift */; };
		548067ED5887406394FA3E00 /* MoviesRequests.swift in Sources */ = {isa = PBXBuildFile; fileRef = 57E3009216C64E1C8ADB78E0 /* MoviesRequests.swift */; };
		42FAFDD0478A42A0A75912C8 /* Person.swift in Sources */ = {isa = PBXBuildFile; fileRef = 6EC15FB0F8254D71B50A6DBE /* Person.swift */; };
		75BA458BEEF54704A0E79072 /* Synopsis.swift in Sources */ = {isa = PBXBuildFile; fileRef = 14289651B961434389AE7D46 /* Synopsis.swift */; };
		24976030B56C44F2AA8B9D2F /* NavigateData.swift in Sources */ = {isa = PBXBuildFile; fileRef = 32B5C113E0694750A0EA637C /* NavigateData.swift */; };
		0C213EB6FE534E3FB7BFEAAA /* NavigationAPI.swift in Sources */ = {isa = PBXBuildFile; fileRef = 0163C62D1EAC4D0999EFA28F /* NavigationAPI.swift */; };
		E44CCD7DDEF648D2ACE3A364 /* NavigationRequests.swift in Sources */ = {isa = PBXBuildFile; fileRef = 5E905F6B7A4B4519B1F8C1C5 /* NavigationRequests.swift */; };
		626196B8A68547DFBDD11E78 /* ElectrodeCodePushConfig.h in Headers */ = {isa = PBXBuildFile; fileRef = 1C664839E76E46B4B2EA55EE /* ElectrodeCodePushConfig.h */; settings = {ATTRIBUTES = (Public, ); }; };
		F5D1FA58A4F04C3E92A1DCDB /* ElectrodeCodePushConfig.m in Sources */ = {isa = PBXBuildFile; fileRef = 390A1BCE502A4DF0ABCCDDE6 /* ElectrodeCodePushConfig.m */; };
/* End PBXBuildFile section */

/* Begin PBXContainerItemProxy section */
		485009EE1E2FF23C009B6610 /* PBXContainerItemProxy */ = {
			isa = PBXContainerItemProxy;
			containerPortal = 485009DA1E2FF23B009B6610 /* Project object */;
			proxyType = 1;
			remoteGlobalIDString = 485009E21E2FF23B009B6610;
			remoteInfo = ElectrodeContainer;
		};
		5CD0BC6E20504FDA9D84C474 /* PBXContainerItemProxy */ = {
			isa = PBXContainerItemProxy;
			containerPortal = CE383315968243E48146A67B /* React.xcodeproj */;
			proxyType = 1;
			remoteGlobalIDString = C2E85020FCD54568B721C0A4;
			remoteInfo = React;
		};
		813AD22CEC944A4DBE985B33 /* PBXContainerItemProxy */ = {
			isa = PBXContainerItemProxy;
			containerPortal = CE383315968243E48146A67B /* React.xcodeproj */;
			proxyType = 2;
			remoteGlobalIDString = 83CBBA2E1A601D0E00E9B192;
			remoteInfo = React;
		};
		0403FD42363845C18331E443 /* PBXContainerItemProxy */ = {
			isa = PBXContainerItemProxy;
			containerPortal = 62BC2BA46AA44361A082BD5B /* RCTActionSheet.xcodeproj */;
			proxyType = 1;
			remoteGlobalIDString = 4F0B4BF4852F4421BA2CB1E2;
			remoteInfo = RCTActionSheet;
		};
		C9A366A84F2A46F98DF5384C /* PBXContainerItemProxy */ = {
			isa = PBXContainerItemProxy;
			containerPortal = 62BC2BA46AA44361A082BD5B /* RCTActionSheet.xcodeproj */;
			proxyType = 2;
			remoteGlobalIDString = 134814201AA4EA6300B7C361;
			remoteInfo = RCTActionSheet;
		};
		DAA7831409BA4E50B1B50BDA /* PBXContainerItemProxy */ = {
			isa = PBXContainerItemProxy;
			containerPortal = 8647362C7283460A809325AB /* RCTImage.xcodeproj */;
			proxyType = 1;
			remoteGlobalIDString = 26002704E5ED4453B4C862A0;
			remoteInfo = RCTImage;
		};
		C88B3F1613C94196A70C40C0 /* PBXContainerItemProxy */ = {
			isa = PBXContainerItemProxy;
			containerPortal = 8647362C7283460A809325AB /* RCTImage.xcodeproj */;
			proxyType = 2;
			remoteGlobalIDString = 58B5115D1A9E6B3D00147676;
			remoteInfo = RCTImage;
		};
		254DD4D6AEB2420CBEF01D07 /* PBXContainerItemProxy */ = {
			isa = PBXContainerItemProxy;
			containerPortal = 86D96C808BFA4F7BB5215B5D /* RCTAnimation.xcodeproj */;
			proxyType = 1;
			remoteGlobalIDString = 3AA6484F1F014E92B08C0E92;
			remoteInfo = RCTAnimation;
		};
		DC4BFC5F0838420DBAC6437F /* PBXContainerItemProxy */ = {
			isa = PBXContainerItemProxy;
			containerPortal = 86D96C808BFA4F7BB5215B5D /* RCTAnimation.xcodeproj */;
			proxyType = 2;
			remoteGlobalIDString = 134814201AA4EA6300B7C361;
			remoteInfo = RCTAnimation;
		};
		6FF344489AE844BCAE6AC05F /* PBXContainerItemProxy */ = {
			isa = PBXContainerItemProxy;
			containerPortal = E02CC02B5FCD4DD88A63D788 /* RCTText.xcodeproj */;
			proxyType = 1;
			remoteGlobalIDString = D774DD3F14984AC4A7E6C5E3;
			remoteInfo = RCTText;
		};
		5991006583B143FA8E917010 /* PBXContainerItemProxy */ = {
			isa = PBXContainerItemProxy;
			containerPortal = E02CC02B5FCD4DD88A63D788 /* RCTText.xcodeproj */;
			proxyType = 2;
			remoteGlobalIDString = 58B5119B1A9E6C1200147676;
			remoteInfo = RCTText;
		};
		71CBB5FBF5354FAFB778837A /* PBXContainerItemProxy */ = {
			isa = PBXContainerItemProxy;
			containerPortal = 80352C9276CF4FA2A395EA7C /* RCTWebSocket.xcodeproj */;
			proxyType = 1;
			remoteGlobalIDString = E7BD796254E44A09ABD374F1;
			remoteInfo = RCTWebSocket;
		};
		8B60DE5BD82A4558AF93B408 /* PBXContainerItemProxy */ = {
			isa = PBXContainerItemProxy;
			containerPortal = 80352C9276CF4FA2A395EA7C /* RCTWebSocket.xcodeproj */;
			proxyType = 2;
			remoteGlobalIDString = 3C86DF461ADF2C930047B81A;
			remoteInfo = RCTWebSocket;
		};
		F0C98276160348E9872C70EA /* PBXContainerItemProxy */ = {
			isa = PBXContainerItemProxy;
			containerPortal = 125183E399AF4BA590663128 /* RCTGeolocation.xcodeproj */;
			proxyType = 1;
			remoteGlobalIDString = 1F4838D5DFA44514BC5471CA;
			remoteInfo = RCTGeolocation;
		};
		80B4A0F2BA754B6A8C9BB296 /* PBXContainerItemProxy */ = {
			isa = PBXContainerItemProxy;
			containerPortal = 125183E399AF4BA590663128 /* RCTGeolocation.xcodeproj */;
			proxyType = 2;
			remoteGlobalIDString = 134814201AA4EA6300B7C361;
			remoteInfo = RCTGeolocation;
		};
		963A5EEE0C6443CE9FEA1D9F /* PBXContainerItemProxy */ = {
			isa = PBXContainerItemProxy;
			containerPortal = 7F9805CBFC014D79A391EFE1 /* RCTLinking.xcodeproj */;
			proxyType = 1;
			remoteGlobalIDString = A32BE31694FD4ACD861093BF;
			remoteInfo = RCTLinking;
		};
		8322AE81D0D649E782BBBC1B /* PBXContainerItemProxy */ = {
			isa = PBXContainerItemProxy;
			containerPortal = 7F9805CBFC014D79A391EFE1 /* RCTLinking.xcodeproj */;
			proxyType = 2;
			remoteGlobalIDString = 134814201AA4EA6300B7C361;
			remoteInfo = RCTLinking;
		};
		10C1371DBD454E6DA5500D0E /* PBXContainerItemProxy */ = {
			isa = PBXContainerItemProxy;
			containerPortal = 957F2CE56D1E45F980704D77 /* RCTNetwork.xcodeproj */;
			proxyType = 1;
			remoteGlobalIDString = F7081367C9EC4900A1E00130;
			remoteInfo = RCTNetwork;
		};
		3D0E2EBC8A7D4367ACC5C5A7 /* PBXContainerItemProxy */ = {
			isa = PBXContainerItemProxy;
			containerPortal = 957F2CE56D1E45F980704D77 /* RCTNetwork.xcodeproj */;
			proxyType = 2;
			remoteGlobalIDString = 58B511DB1A9E6C8500147676;
			remoteInfo = RCTNetwork;
		};
		9C17A8A50A1F461E9B2D102E /* PBXContainerItemProxy */ = {
			isa = PBXContainerItemProxy;
			containerPortal = 43BB32C0C1C24E85BDF379AE /* RCTSettings.xcodeproj */;
			proxyType = 1;
			remoteGlobalIDString = 8D8BF83147F64AFB87A5AD69;
			remoteInfo = RCTSettings;
		};
		2528E1028482409D83AEAAF8 /* PBXContainerItemProxy */ = {
			isa = PBXContainerItemProxy;
			containerPortal = 43BB32C0C1C24E85BDF379AE /* RCTSettings.xcodeproj */;
			proxyType = 2;
			remoteGlobalIDString = 134814201AA4EA6300B7C361;
			remoteInfo = RCTSettings;
		};
		13998099256C41C8BBD9C8E4 /* PBXContainerItemProxy */ = {
			isa = PBXContainerItemProxy;
			containerPortal = E8C4B6A7E62A4785B2591AE2 /* RCTVibration.xcodeproj */;
			proxyType = 1;
			remoteGlobalIDString = 5D9A927101234787B7896C81;
			remoteInfo = RCTVibration;
		};
		0C78C8D6DE5D44E18C34DE77 /* PBXContainerItemProxy */ = {
			isa = PBXContainerItemProxy;
			containerPortal = E8C4B6A7E62A4785B2591AE2 /* RCTVibration.xcodeproj */;
			proxyType = 2;
			remoteGlobalIDString = 832C81801AAF6DEF007FA2F7;
			remoteInfo = RCTVibration;
		};
		1A77698467AD479494AE29AF /* PBXContainerItemProxy */ = {
			isa = PBXContainerItemProxy;
			containerPortal = F260708651C348B68B7763BE /* RCTCameraRoll.xcodeproj */;
			proxyType = 1;
			remoteGlobalIDString = AD1CEAAF44134E8887661BE2;
			remoteInfo = RCTCameraRoll;
		};
		29EFFBBB74674D8F9B64C79C /* PBXContainerItemProxy */ = {
			isa = PBXContainerItemProxy;
			containerPortal = F260708651C348B68B7763BE /* RCTCameraRoll.xcodeproj */;
			proxyType = 2;
			remoteGlobalIDString = 58B5115D1A9E6B3D00147676;
			remoteInfo = RCTCameraRoll;
		};
		DB4317F8867B4C6F91635513 /* PBXContainerItemProxy */ = {
			isa = PBXContainerItemProxy;
			containerPortal = 49E58DCE027D418C8C07629B /* CodePush.xcodeproj */;
			proxyType = 1;
			remoteGlobalIDString = E5785F2BDCEE48709F4A416A;
			remoteInfo = CodePush;
		};
		099715548F3248F8AE7E84E8 /* PBXContainerItemProxy */ = {
			isa = PBXContainerItemProxy;
			containerPortal = 49E58DCE027D418C8C07629B /* CodePush.xcodeproj */;
			proxyType = 2;
			remoteGlobalIDString = 134814201AA4EA6300B7C361;
			remoteInfo = CodePush;
		};
/* End PBXContainerItemProxy section */

/* Begin PBXFileReference section */
		223A89451E89CDC70092741E /* MiniApp.jsbundle */ = {isa = PBXFileReference; fileEncoding = 4; lastKnownFileType = text; path = MiniApp.jsbundle; sourceTree = "<group>"; };
		2265A4A11EB26943007D6C3D /* Info.plist */ = {isa = PBXFileReference; fileEncoding = 4; lastKnownFileType = text.plist.xml; path = Info.plist; sourceTree = "<group>"; };
		22BF1FEA1E8DAAF800E7F500 /* assets */ = {isa = PBXFileReference; lastKnownFileType = folder; path = assets; sourceTree = "<group>"; };
		301CB9001F33F3450048C58B /* NSBundle+frameworkBundle.m */ = {isa = PBXFileReference; fileEncoding = 4; lastKnownFileType = sourcecode.c.objc; path = "NSBundle+frameworkBundle.m"; sourceTree = "<group>"; };
		301CB9011F33F3450048C58B /* NSBundle+frameworkBundle.h */ = {isa = PBXFileReference; fileEncoding = 4; lastKnownFileType = sourcecode.c.h; path = "NSBundle+frameworkBundle.h"; sourceTree = "<group>"; };
		30F8CDED1E67946E00413247 /* ElectrodeReactNative_Internal.h */ = {isa = PBXFileReference; fileEncoding = 4; lastKnownFileType = sourcecode.c.h; path = ElectrodeReactNative_Internal.h; sourceTree = "<group>"; };
		485009E31E2FF23B009B6610 /* ElectrodeContainer.framework */ = {isa = PBXFileReference; explicitFileType = wrapper.framework; includeInIndex = 0; path = ElectrodeContainer.framework; sourceTree = BUILT_PRODUCTS_DIR; };
		485009E61E2FF23B009B6610 /* ElectrodeContainer.h */ = {isa = PBXFileReference; lastKnownFileType = sourcecode.c.h; path = ElectrodeContainer.h; sourceTree = "<group>"; };
		485009EC1E2FF23C009B6610 /* ElectrodeContainerTests.xctest */ = {isa = PBXFileReference; explicitFileType = wrapper.cfbundle; includeInIndex = 0; path = ElectrodeContainerTests.xctest; sourceTree = BUILT_PRODUCTS_DIR; };
		485009F31E2FF23C009B6610 /* Info.plist */ = {isa = PBXFileReference; lastKnownFileType = text.plist.xml; path = Info.plist; sourceTree = "<group>"; };
		48500A961E2FF55B009B6610 /* ElectrodeReactNative.h */ = {isa = PBXFileReference; fileEncoding = 4; lastKnownFileType = sourcecode.c.h; path = ElectrodeReactNative.h; sourceTree = "<group>"; };
		48500A971E2FF55B009B6610 /* ElectrodeReactNative.m */ = {isa = PBXFileReference; fileEncoding = 4; lastKnownFileType = sourcecode.c.objc; path = ElectrodeReactNative.m; sourceTree = "<group>"; wrapsLines = 0; };
		968333D51E54E3470031C565 /* ElectrodeBridgeDelegate.h */ = {isa = PBXFileReference; fileEncoding = 4; lastKnownFileType = sourcecode.c.h; path = ElectrodeBridgeDelegate.h; sourceTree = "<group>"; };
		968333D61E54E3470031C565 /* ElectrodeBridgeDelegate.m */ = {isa = PBXFileReference; fileEncoding = 4; lastKnownFileType = sourcecode.c.objc; path = ElectrodeBridgeDelegate.m; sourceTree = "<group>"; };
		CE383315968243E48146A67B /* React.xcodeproj */ = {isa = PBXFileReference; name = "React.xcodeproj"; path = "ReactNative/React/React.xcodeproj"; sourceTree = "<group>"; fileEncoding = undefined; lastKnownFileType = wrapper.pb-project; explicitFileType = undefined; includeInIndex = 0; };
		BB891271F63842DDB7A10F71 /* libReact.a */ = {isa = PBXFileReference; name = "libReact.a"; path = "libReact.a"; sourceTree = "<group>"; fileEncoding = undefined; lastKnownFileType = archive.ar; explicitFileType = undefined; includeInIndex = 0; };
		62BC2BA46AA44361A082BD5B /* RCTActionSheet.xcodeproj */ = {isa = PBXFileReference; name = "RCTActionSheet.xcodeproj"; path = "ReactNative/ActionSheetIOS/RCTActionSheet.xcodeproj"; sourceTree = "<group>"; fileEncoding = undefined; lastKnownFileType = wrapper.pb-project; explicitFileType = undefined; includeInIndex = 0; };
		200B117D248F48B0A6BDDE49 /* libRCTActionSheet.a */ = {isa = PBXFileReference; name = "libRCTActionSheet.a"; path = "libRCTActionSheet.a"; sourceTree = "<group>"; fileEncoding = undefined; lastKnownFileType = archive.ar; explicitFileType = undefined; includeInIndex = 0; };
		8647362C7283460A809325AB /* RCTImage.xcodeproj */ = {isa = PBXFileReference; name = "RCTImage.xcodeproj"; path = "ReactNative/Image/RCTImage.xcodeproj"; sourceTree = "<group>"; fileEncoding = undefined; lastKnownFileType = wrapper.pb-project; explicitFileType = undefined; includeInIndex = 0; };
		8D8A75DCEED648D79D07C36D /* libRCTImage.a */ = {isa = PBXFileReference; name = "libRCTImage.a"; path = "libRCTImage.a"; sourceTree = "<group>"; fileEncoding = undefined; lastKnownFileType = archive.ar; explicitFileType = undefined; includeInIndex = 0; };
		86D96C808BFA4F7BB5215B5D /* RCTAnimation.xcodeproj */ = {isa = PBXFileReference; name = "RCTAnimation.xcodeproj"; path = "ReactNative/NativeAnimation/RCTAnimation.xcodeproj"; sourceTree = "<group>"; fileEncoding = undefined; lastKnownFileType = wrapper.pb-project; explicitFileType = undefined; includeInIndex = 0; };
		27FCAD26C76D4B488910D873 /* libRCTAnimation.a */ = {isa = PBXFileReference; name = "libRCTAnimation.a"; path = "libRCTAnimation.a"; sourceTree = "<group>"; fileEncoding = undefined; lastKnownFileType = archive.ar; explicitFileType = undefined; includeInIndex = 0; };
		E02CC02B5FCD4DD88A63D788 /* RCTText.xcodeproj */ = {isa = PBXFileReference; name = "RCTText.xcodeproj"; path = "ReactNative/Text/RCTText.xcodeproj"; sourceTree = "<group>"; fileEncoding = undefined; lastKnownFileType = wrapper.pb-project; explicitFileType = undefined; includeInIndex = 0; };
		C7A01B456B8743318CA7FDD1 /* libRCTText.a */ = {isa = PBXFileReference; name = "libRCTText.a"; path = "libRCTText.a"; sourceTree = "<group>"; fileEncoding = undefined; lastKnownFileType = archive.ar; explicitFileType = undefined; includeInIndex = 0; };
		80352C9276CF4FA2A395EA7C /* RCTWebSocket.xcodeproj */ = {isa = PBXFileReference; name = "RCTWebSocket.xcodeproj"; path = "ReactNative/WebSocket/RCTWebSocket.xcodeproj"; sourceTree = "<group>"; fileEncoding = undefined; lastKnownFileType = wrapper.pb-project; explicitFileType = undefined; includeInIndex = 0; };
		5240F5B9E3C843198D47B14B /* libRCTWebSocket.a */ = {isa = PBXFileReference; name = "libRCTWebSocket.a"; path = "libRCTWebSocket.a"; sourceTree = "<group>"; fileEncoding = undefined; lastKnownFileType = archive.ar; explicitFileType = undefined; includeInIndex = 0; };
		125183E399AF4BA590663128 /* RCTGeolocation.xcodeproj */ = {isa = PBXFileReference; name = "RCTGeolocation.xcodeproj"; path = "ReactNative/Geolocation/RCTGeolocation.xcodeproj"; sourceTree = "<group>"; fileEncoding = undefined; lastKnownFileType = wrapper.pb-project; explicitFileType = undefined; includeInIndex = 0; };
		177142E0E87744B0B3489C6F /* libRCTGeolocation.a */ = {isa = PBXFileReference; name = "libRCTGeolocation.a"; path = "libRCTGeolocation.a"; sourceTree = "<group>"; fileEncoding = undefined; lastKnownFileType = archive.ar; explicitFileType = undefined; includeInIndex = 0; };
		7F9805CBFC014D79A391EFE1 /* RCTLinking.xcodeproj */ = {isa = PBXFileReference; name = "RCTLinking.xcodeproj"; path = "ReactNative/LinkingIOS/RCTLinking.xcodeproj"; sourceTree = "<group>"; fileEncoding = undefined; lastKnownFileType = wrapper.pb-project; explicitFileType = undefined; includeInIndex = 0; };
		4E5AA28EFE4744028AFAF37C /* libRCTLinking.a */ = {isa = PBXFileReference; name = "libRCTLinking.a"; path = "libRCTLinking.a"; sourceTree = "<group>"; fileEncoding = undefined; lastKnownFileType = archive.ar; explicitFileType = undefined; includeInIndex = 0; };
		957F2CE56D1E45F980704D77 /* RCTNetwork.xcodeproj */ = {isa = PBXFileReference; name = "RCTNetwork.xcodeproj"; path = "ReactNative/Network/RCTNetwork.xcodeproj"; sourceTree = "<group>"; fileEncoding = undefined; lastKnownFileType = wrapper.pb-project; explicitFileType = undefined; includeInIndex = 0; };
		4BE82F9B9B21413E9F3D1EF1 /* libRCTNetwork.a */ = {isa = PBXFileReference; name = "libRCTNetwork.a"; path = "libRCTNetwork.a"; sourceTree = "<group>"; fileEncoding = undefined; lastKnownFileType = archive.ar; explicitFileType = undefined; includeInIndex = 0; };
		43BB32C0C1C24E85BDF379AE /* RCTSettings.xcodeproj */ = {isa = PBXFileReference; name = "RCTSettings.xcodeproj"; path = "ReactNative/Settings/RCTSettings.xcodeproj"; sourceTree = "<group>"; fileEncoding = undefined; lastKnownFileType = wrapper.pb-project; explicitFileType = undefined; includeInIndex = 0; };
		5FDC5DE9CF354FCB9699FE37 /* libRCTSettings.a */ = {isa = PBXFileReference; name = "libRCTSettings.a"; path = "libRCTSettings.a"; sourceTree = "<group>"; fileEncoding = undefined; lastKnownFileType = archive.ar; explicitFileType = undefined; includeInIndex = 0; };
		E8C4B6A7E62A4785B2591AE2 /* RCTVibration.xcodeproj */ = {isa = PBXFileReference; name = "RCTVibration.xcodeproj"; path = "ReactNative/Vibration/RCTVibration.xcodeproj"; sourceTree = "<group>"; fileEncoding = undefined; lastKnownFileType = wrapper.pb-project; explicitFileType = undefined; includeInIndex = 0; };
		4E64071A7B334BB6B0208F07 /* libRCTVibration.a */ = {isa = PBXFileReference; name = "libRCTVibration.a"; path = "libRCTVibration.a"; sourceTree = "<group>"; fileEncoding = undefined; lastKnownFileType = archive.ar; explicitFileType = undefined; includeInIndex = 0; };
		F260708651C348B68B7763BE /* RCTCameraRoll.xcodeproj */ = {isa = PBXFileReference; name = "RCTCameraRoll.xcodeproj"; path = "ReactNative/CameraRoll/RCTCameraRoll.xcodeproj"; sourceTree = "<group>"; fileEncoding = undefined; lastKnownFileType = wrapper.pb-project; explicitFileType = undefined; includeInIndex = 0; };
		2989184E4A88416B93A1D03D /* libRCTCameraRoll.a */ = {isa = PBXFileReference; name = "libRCTCameraRoll.a"; path = "libRCTCameraRoll.a"; sourceTree = "<group>"; fileEncoding = undefined; lastKnownFileType = archive.ar; explicitFileType = undefined; includeInIndex = 0; };
		49E58DCE027D418C8C07629B /* CodePush.xcodeproj */ = {isa = PBXFileReference; name = "CodePush.xcodeproj"; path = "CodePush/CodePush.xcodeproj"; sourceTree = "<group>"; fileEncoding = undefined; lastKnownFileType = wrapper.pb-project; explicitFileType = undefined; includeInIndex = 0; };
		1FD944F76041405E89FAF767 /* libCodePush.a */ = {isa = PBXFileReference; name = "libCodePush.a"; path = "libCodePush.a"; sourceTree = "<group>"; fileEncoding = undefined; lastKnownFileType = archive.ar; explicitFileType = undefined; includeInIndex = 0; };
		841D312E0DDD465BAA61E7AB /* libz.tbd */ = {isa = PBXFileReference; name = "libz.tbd"; path = "usr/lib/libz.tbd"; sourceTree = SDKROOT; fileEncoding = undefined; lastKnownFileType = sourcecode.text-based-dylib-definition; explicitFileType = undefined; includeInIndex = 0; };
		157FD587E97D4383857F76CA /* ElectrodeObject.swift */ = {isa = PBXFileReference; name = "ElectrodeObject.swift"; path = "ElectrodeReactNativeBridge/ElectrodeObject.swift"; sourceTree = "<group>"; fileEncoding = 4; lastKnownFileType = sourcecode.swift; explicitFileType = undefined; includeInIndex = 0; };
		6FF40C55BCE14E49A878CC8C /* Bridgeable.swift */ = {isa = PBXFileReference; name = "Bridgeable.swift"; path = "ElectrodeReactNativeBridge/Bridgeable.swift"; sourceTree = "<group>"; fileEncoding = 4; lastKnownFileType = sourcecode.swift; explicitFileType = undefined; includeInIndex = 0; };
		149DFE08280D4679A7DE070D /* ElectrodeRequestHandlerProcessor.swift */ = {isa = PBXFileReference; name = "ElectrodeRequestHandlerProcessor.swift"; path = "ElectrodeReactNativeBridge/ElectrodeRequestHandlerProcessor.swift"; sourceTree = "<group>"; fileEncoding = 4; lastKnownFileType = sourcecode.swift; explicitFileType = undefined; includeInIndex = 0; };
		22E14A79E56B450A8A26DA21 /* ElectrodeRequestProcessor.swift */ = {isa = PBXFileReference; name = "ElectrodeRequestProcessor.swift"; path = "ElectrodeReactNativeBridge/ElectrodeRequestProcessor.swift"; sourceTree = "<group>"; fileEncoding = 4; lastKnownFileType = sourcecode.swift; explicitFileType = undefined; includeInIndex = 0; };
		0F1EADD0199F4A79A9DBB398 /* ElectrodeUtilities.swift */ = {isa = PBXFileReference; name = "ElectrodeUtilities.swift"; path = "ElectrodeReactNativeBridge/ElectrodeUtilities.swift"; sourceTree = "<group>"; fileEncoding = 4; lastKnownFileType = sourcecode.swift; explicitFileType = undefined; includeInIndex = 0; };
		B7B3522A26DC49B0A2D80A91 /* EventListenerProcessor.swift */ = {isa = PBXFileReference; name = "EventListenerProcessor.swift"; path = "ElectrodeReactNativeBridge/EventListenerProcessor.swift"; sourceTree = "<group>"; fileEncoding = 4; lastKnownFileType = sourcecode.swift; explicitFileType = undefined; includeInIndex = 0; };
		95610349B1D04E9691130070 /* EventProcessor.swift */ = {isa = PBXFileReference; name = "EventProcessor.swift"; path = "ElectrodeReactNativeBridge/EventProcessor.swift"; sourceTree = "<group>"; fileEncoding = 4; lastKnownFileType = sourcecode.swift; explicitFileType = undefined; includeInIndex = 0; };
		668BC392CB2A44BE9DAF2473 /* Processor.swift */ = {isa = PBXFileReference; name = "Processor.swift"; path = "ElectrodeReactNativeBridge/Processor.swift"; sourceTree = "<group>"; fileEncoding = 4; lastKnownFileType = sourcecode.swift; explicitFileType = undefined; includeInIndex = 0; };
		D442638721CD4E2EB8747BC2 /* None.swift */ = {isa = PBXFileReference; name = "None.swift"; path = "ElectrodeReactNativeBridge/None.swift"; sourceTree = "<group>"; fileEncoding = 4; lastKnownFileType = sourcecode.swift; explicitFileType = undefined; includeInIndex = 0; };
		CC17ACE7B898425C86007EEA /* ElectrodeBridgeEvent.m */ = {isa = PBXFileReference; name = "ElectrodeBridgeEvent.m"; path = "ElectrodeReactNativeBridge/ElectrodeBridgeEvent.m"; sourceTree = "<group>"; fileEncoding = 4; lastKnownFileType = sourcecode.c.objc; explicitFileType = undefined; includeInIndex = 0; };
		98FD298C20674FA0B6986400 /* ElectrodeBridgeFailureMessage.m */ = {isa = PBXFileReference; name = "ElectrodeBridgeFailureMessage.m"; path = "ElectrodeReactNativeBridge/ElectrodeBridgeFailureMessage.m"; sourceTree = "<group>"; fileEncoding = 4; lastKnownFileType = sourcecode.c.objc; explicitFileType = undefined; includeInIndex = 0; };
		DA86F027FE6B4FE392AF7E7F /* ElectrodeBridgeHolder.m */ = {isa = PBXFileReference; name = "ElectrodeBridgeHolder.m"; path = "ElectrodeReactNativeBridge/ElectrodeBridgeHolder.m"; sourceTree = "<group>"; fileEncoding = 4; lastKnownFileType = sourcecode.c.objc; explicitFileType = undefined; includeInIndex = 0; };
		AEC67AD7C6B54C52843BB652 /* ElectrodeBridgeMessage.m */ = {isa = PBXFileReference; name = "ElectrodeBridgeMessage.m"; path = "ElectrodeReactNativeBridge/ElectrodeBridgeMessage.m"; sourceTree = "<group>"; fileEncoding = 4; lastKnownFileType = sourcecode.c.objc; explicitFileType = undefined; includeInIndex = 0; };
		D3D78AB0B4634EE1B061023F /* ElectrodeBridgeProtocols.m */ = {isa = PBXFileReference; name = "ElectrodeBridgeProtocols.m"; path = "ElectrodeReactNativeBridge/ElectrodeBridgeProtocols.m"; sourceTree = "<group>"; fileEncoding = 4; lastKnownFileType = sourcecode.c.objc; explicitFileType = undefined; includeInIndex = 0; };
		4E726F5523E540A0AAF3F8FC /* ElectrodeBridgeRequest.m */ = {isa = PBXFileReference; name = "ElectrodeBridgeRequest.m"; path = "ElectrodeReactNativeBridge/ElectrodeBridgeRequest.m"; sourceTree = "<group>"; fileEncoding = 4; lastKnownFileType = sourcecode.c.objc; explicitFileType = undefined; includeInIndex = 0; };
		5EF7661223BD4C209A631E82 /* ElectrodeBridgeResponse.m */ = {isa = PBXFileReference; name = "ElectrodeBridgeResponse.m"; path = "ElectrodeReactNativeBridge/ElectrodeBridgeResponse.m"; sourceTree = "<group>"; fileEncoding = 4; lastKnownFileType = sourcecode.c.objc; explicitFileType = undefined; includeInIndex = 0; };
		C3B2DC4D14C749309D0801EA /* ElectrodeBridgeTransaction.m */ = {isa = PBXFileReference; name = "ElectrodeBridgeTransaction.m"; path = "ElectrodeReactNativeBridge/ElectrodeBridgeTransaction.m"; sourceTree = "<group>"; fileEncoding = 4; lastKnownFileType = sourcecode.c.objc; explicitFileType = undefined; includeInIndex = 0; };
		40172B7B72864562854DE8F9 /* ElectrodeBridgeTransceiver.m */ = {isa = PBXFileReference; name = "ElectrodeBridgeTransceiver.m"; path = "ElectrodeReactNativeBridge/ElectrodeBridgeTransceiver.m"; sourceTree = "<group>"; fileEncoding = 4; lastKnownFileType = sourcecode.c.objc; explicitFileType = undefined; includeInIndex = 0; };
		C3B979F780EF413D893C8F2C /* ElectrodeEventDispatcher.m */ = {isa = PBXFileReference; name = "ElectrodeEventDispatcher.m"; path = "ElectrodeReactNativeBridge/ElectrodeEventDispatcher.m"; sourceTree = "<group>"; fileEncoding = 4; lastKnownFileType = sourcecode.c.objc; explicitFileType = undefined; includeInIndex = 0; };
		8A9C4F428DD344F1B6FFF89A /* ElectrodeEventRegistrar.m */ = {isa = PBXFileReference; name = "ElectrodeEventRegistrar.m"; path = "ElectrodeReactNativeBridge/ElectrodeEventRegistrar.m"; sourceTree = "<group>"; fileEncoding = 4; lastKnownFileType = sourcecode.c.objc; explicitFileType = undefined; includeInIndex = 0; };
		6FAC2705D69549D989DCF14F /* ElectrodeRequestDispatcher.m */ = {isa = PBXFileReference; name = "ElectrodeRequestDispatcher.m"; path = "ElectrodeReactNativeBridge/ElectrodeRequestDispatcher.m"; sourceTree = "<group>"; fileEncoding = 4; lastKnownFileType = sourcecode.c.objc; explicitFileType = undefined; includeInIndex = 0; };
		E58EE59259F147B1A73D89D6 /* ElectrodeRequestRegistrar.m */ = {isa = PBXFileReference; name = "ElectrodeRequestRegistrar.m"; path = "ElectrodeReactNativeBridge/ElectrodeRequestRegistrar.m"; sourceTree = "<group>"; fileEncoding = 4; lastKnownFileType = sourcecode.c.objc; explicitFileType = undefined; includeInIndex = 0; };
		FDDC2702295C467ABA4A0E7C /* ElectrodeLogger.m */ = {isa = PBXFileReference; name = "ElectrodeLogger.m"; path = "ElectrodeReactNativeBridge/ElectrodeLogger.m"; sourceTree = "<group>"; fileEncoding = 4; lastKnownFileType = sourcecode.c.objc; explicitFileType = undefined; includeInIndex = 0; };
		D3067F8FF81744D2A000479C /* ElectrodeBridgeEvent.h */ = {isa = PBXFileReference; name = "ElectrodeBridgeEvent.h"; path = "ElectrodeReactNativeBridge/ElectrodeBridgeEvent.h"; sourceTree = "<group>"; fileEncoding = 4; lastKnownFileType = sourcecode.c.h; explicitFileType = undefined; includeInIndex = 0; };
		11606649BD8A4DE69A8D55E8 /* ElectrodeBridgeFailureMessage.h */ = {isa = PBXFileReference; name = "ElectrodeBridgeFailureMessage.h"; path = "ElectrodeReactNativeBridge/ElectrodeBridgeFailureMessage.h"; sourceTree = "<group>"; fileEncoding = 4; lastKnownFileType = sourcecode.c.h; explicitFileType = undefined; includeInIndex = 0; };
		B5344D9FB3B04AC9B83DF6CE /* ElectrodeBridgeHolder.h */ = {isa = PBXFileReference; name = "ElectrodeBridgeHolder.h"; path = "ElectrodeReactNativeBridge/ElectrodeBridgeHolder.h"; sourceTree = "<group>"; fileEncoding = 4; lastKnownFileType = sourcecode.c.h; explicitFileType = undefined; includeInIndex = 0; };
		3EDF45FD93EE48F597DC4EFD /* ElectrodeBridgeMessage.h */ = {isa = PBXFileReference; name = "ElectrodeBridgeMessage.h"; path = "ElectrodeReactNativeBridge/ElectrodeBridgeMessage.h"; sourceTree = "<group>"; fileEncoding = 4; lastKnownFileType = sourcecode.c.h; explicitFileType = undefined; includeInIndex = 0; };
		01138777C5CA4E6DBEDB4BA2 /* ElectrodeBridgeProtocols.h */ = {isa = PBXFileReference; name = "ElectrodeBridgeProtocols.h"; path = "ElectrodeReactNativeBridge/ElectrodeBridgeProtocols.h"; sourceTree = "<group>"; fileEncoding = 4; lastKnownFileType = sourcecode.c.h; explicitFileType = undefined; includeInIndex = 0; };
		A08C62E09307444DA2612685 /* ElectrodeBridgeRequest.h */ = {isa = PBXFileReference; name = "ElectrodeBridgeRequest.h"; path = "ElectrodeReactNativeBridge/ElectrodeBridgeRequest.h"; sourceTree = "<group>"; fileEncoding = 4; lastKnownFileType = sourcecode.c.h; explicitFileType = undefined; includeInIndex = 0; };
		36A4512B47E345308A79EE3A /* ElectrodeBridgeTransaction.h */ = {isa = PBXFileReference; name = "ElectrodeBridgeTransaction.h"; path = "ElectrodeReactNativeBridge/ElectrodeBridgeTransaction.h"; sourceTree = "<group>"; fileEncoding = 4; lastKnownFileType = sourcecode.c.h; explicitFileType = undefined; includeInIndex = 0; };
		2C892F0037664CA3A4662506 /* ElectrodeBridgeTransceiver.h */ = {isa = PBXFileReference; name = "ElectrodeBridgeTransceiver.h"; path = "ElectrodeReactNativeBridge/ElectrodeBridgeTransceiver.h"; sourceTree = "<group>"; fileEncoding = 4; lastKnownFileType = sourcecode.c.h; explicitFileType = undefined; includeInIndex = 0; };
		0AE64DACDF1945B289F5DB9A /* ElectrodeBridgeTransceiver_Internal.h */ = {isa = PBXFileReference; name = "ElectrodeBridgeTransceiver_Internal.h"; path = "ElectrodeReactNativeBridge/ElectrodeBridgeTransceiver_Internal.h"; sourceTree = "<group>"; fileEncoding = 4; lastKnownFileType = sourcecode.c.h; explicitFileType = undefined; includeInIndex = 0; };
		A26C2A0F7C66497F858384E5 /* ElectrodeEventDispatcher.h */ = {isa = PBXFileReference; name = "ElectrodeEventDispatcher.h"; path = "ElectrodeReactNativeBridge/ElectrodeEventDispatcher.h"; sourceTree = "<group>"; fileEncoding = 4; lastKnownFileType = sourcecode.c.h; explicitFileType = undefined; includeInIndex = 0; };
		ADB08EA55F914630BDBD7649 /* ElectrodeEventRegistrar.h */ = {isa = PBXFileReference; name = "ElectrodeEventRegistrar.h"; path = "ElectrodeReactNativeBridge/ElectrodeEventRegistrar.h"; sourceTree = "<group>"; fileEncoding = 4; lastKnownFileType = sourcecode.c.h; explicitFileType = undefined; includeInIndex = 0; };
		FDAAEAFE439E4FF9999FF050 /* ElectrodeRequestDispatcher.h */ = {isa = PBXFileReference; name = "ElectrodeRequestDispatcher.h"; path = "ElectrodeReactNativeBridge/ElectrodeRequestDispatcher.h"; sourceTree = "<group>"; fileEncoding = 4; lastKnownFileType = sourcecode.c.h; explicitFileType = undefined; includeInIndex = 0; };
		FCED81AD84784B54872A2A7D /* ElectrodeRequestRegistrar.h */ = {isa = PBXFileReference; name = "ElectrodeRequestRegistrar.h"; path = "ElectrodeReactNativeBridge/ElectrodeRequestRegistrar.h"; sourceTree = "<group>"; fileEncoding = 4; lastKnownFileType = sourcecode.c.h; explicitFileType = undefined; includeInIndex = 0; };
		7103569CAC414DC7A962ACBD /* ElectrodeReactNativeBridge.h */ = {isa = PBXFileReference; name = "ElectrodeReactNativeBridge.h"; path = "ElectrodeReactNativeBridge/ElectrodeReactNativeBridge.h"; sourceTree = "<group>"; fileEncoding = 4; lastKnownFileType = sourcecode.c.h; explicitFileType = undefined; includeInIndex = 0; };
		C5CC19C654094D33BB5B717C /* ElectrodeBridgeResponse.h */ = {isa = PBXFileReference; name = "ElectrodeBridgeResponse.h"; path = "ElectrodeReactNativeBridge/ElectrodeBridgeResponse.h"; sourceTree = "<group>"; fileEncoding = 4; lastKnownFileType = sourcecode.c.h; explicitFileType = undefined; includeInIndex = 0; };
		157DA09FC54C4C5DB3D87BBE /* ElectrodeLogger.h */ = {isa = PBXFileReference; name = "ElectrodeLogger.h"; path = "ElectrodeReactNativeBridge/ElectrodeLogger.h"; sourceTree = "<group>"; fileEncoding = 4; lastKnownFileType = sourcecode.c.h; explicitFileType = undefined; includeInIndex = 0; };
		212D286AC7E74960A274AF35 /* BirthYear.swift */ = {isa = PBXFileReference; name = "BirthYear.swift"; path = "APIs/BirthYear.swift"; sourceTree = "<group>"; fileEncoding = 4; lastKnownFileType = sourcecode.swift; explicitFileType = undefined; includeInIndex = 0; };
		4DC7D7FC677848B797C9D4D2 /* Movie.swift */ = {isa = PBXFileReference; name = "Movie.swift"; path = "APIs/Movie.swift"; sourceTree = "<group>"; fileEncoding = 4; lastKnownFileType = sourcecode.swift; explicitFileType = undefined; includeInIndex = 0; };
		AE66FB6749614594B3AB4A35 /* MoviesAPI.swift */ = {isa = PBXFileReference; name = "MoviesAPI.swift"; path = "APIs/MoviesAPI.swift"; sourceTree = "<group>"; fileEncoding = 4; lastKnownFileType = sourcecode.swift; explicitFileType = undefined; includeInIndex = 0; };
		57E3009216C64E1C8ADB78E0 /* MoviesRequests.swift */ = {isa = PBXFileReference; name = "MoviesRequests.swift"; path = "APIs/MoviesRequests.swift"; sourceTree = "<group>"; fileEncoding = 4; lastKnownFileType = sourcecode.swift; explicitFileType = undefined; includeInIndex = 0; };
		6EC15FB0F8254D71B50A6DBE /* Person.swift */ = {isa = PBXFileReference; name = "Person.swift"; path = "APIs/Person.swift"; sourceTree = "<group>"; fileEncoding = 4; lastKnownFileType = sourcecode.swift; explicitFileType = undefined; includeInIndex = 0; };
		14289651B961434389AE7D46 /* Synopsis.swift */ = {isa = PBXFileReference; name = "Synopsis.swift"; path = "APIs/Synopsis.swift"; sourceTree = "<group>"; fileEncoding = 4; lastKnownFileType = sourcecode.swift; explicitFileType = undefined; includeInIndex = 0; };
		32B5C113E0694750A0EA637C /* NavigateData.swift */ = {isa = PBXFileReference; name = "NavigateData.swift"; path = "APIs/NavigateData.swift"; sourceTree = "<group>"; fileEncoding = 4; lastKnownFileType = sourcecode.swift; explicitFileType = undefined; includeInIndex = 0; };
		0163C62D1EAC4D0999EFA28F /* NavigationAPI.swift */ = {isa = PBXFileReference; name = "NavigationAPI.swift"; path = "APIs/NavigationAPI.swift"; sourceTree = "<group>"; fileEncoding = 4; lastKnownFileType = sourcecode.swift; explicitFileType = undefined; includeInIndex = 0; };
		5E905F6B7A4B4519B1F8C1C5 /* NavigationRequests.swift */ = {isa = PBXFileReference; name = "NavigationRequests.swift"; path = "APIs/NavigationRequests.swift"; sourceTree = "<group>"; fileEncoding = 4; lastKnownFileType = sourcecode.swift; explicitFileType = undefined; includeInIndex = 0; };
		1C664839E76E46B4B2EA55EE /* ElectrodeCodePushConfig.h */ = {isa = PBXFileReference; name = "ElectrodeCodePushConfig.h"; path = "ElectrodeCodePushConfig.h"; sourceTree = "<group>"; fileEncoding = 4; lastKnownFileType = sourcecode.c.h; explicitFileType = undefined; includeInIndex = 0; };
		390A1BCE502A4DF0ABCCDDE6 /* ElectrodeCodePushConfig.m */ = {isa = PBXFileReference; name = "ElectrodeCodePushConfig.m"; path = "ElectrodeCodePushConfig.m"; sourceTree = "<group>"; fileEncoding = 4; lastKnownFileType = sourcecode.c.objc; explicitFileType = undefined; includeInIndex = 0; };
/* End PBXFileReference section */

/* Begin PBXFrameworksBuildPhase section */
		485009DF1E2FF23B009B6610 /* Frameworks */ = {
			isa = PBXFrameworksBuildPhase;
			buildActionMask = 2147483647;
			files = (
				DC3D9C4C8ADF4078AF38FF6F /* libReact.a in Frameworks */,
				83D684BAFEF24BE496DE81C9 /* libRCTActionSheet.a in Frameworks */,
				19546E24465F47B1A13A6F82 /* libRCTImage.a in Frameworks */,
				4D49B7B6FC534EC6BADB9686 /* libRCTAnimation.a in Frameworks */,
				DEF5865D887F42DAB1264240 /* libRCTText.a in Frameworks */,
				790516EF1EEE49BC9949A9BF /* libRCTWebSocket.a in Frameworks */,
				BE4D98C0E565433AA412C0D6 /* libRCTGeolocation.a in Frameworks */,
				1A28A92F487B455FBB9A5512 /* libRCTLinking.a in Frameworks */,
				8E2AAFB08A154E87B3740B2D /* libRCTNetwork.a in Frameworks */,
				416F3422C6114EAA87584885 /* libRCTSettings.a in Frameworks */,
				A6D3C8EE9D5349DF81C7B860 /* libRCTVibration.a in Frameworks */,
				FF914A8B55D34ABAA4D9C432 /* libRCTCameraRoll.a in Frameworks */,
				A4502447FEEB40829CD5C5A5 /* libCodePush.a in Frameworks */,
				6C08CD60DACF4DECA79F7158 /* libz.tbd in Frameworks */,
			);
			runOnlyForDeploymentPostprocessing = 0;
		};
		485009E91E2FF23C009B6610 /* Frameworks */ = {
			isa = PBXFrameworksBuildPhase;
			buildActionMask = 2147483647;
			files = (
				485009ED1E2FF23C009B6610 /* ElectrodeContainer.framework in Frameworks */,
			);
			runOnlyForDeploymentPostprocessing = 0;
		};
/* End PBXFrameworksBuildPhase section */

/* Begin PBXGroup section */
		226325CE1E80594F00CD0B10 /* ReactNative */ = {
			isa = PBXGroup;
			children = (
				CE383315968243E48146A67B /* React.xcodeproj */,
				62BC2BA46AA44361A082BD5B /* RCTActionSheet.xcodeproj */,
				8647362C7283460A809325AB /* RCTImage.xcodeproj */,
				86D96C808BFA4F7BB5215B5D /* RCTAnimation.xcodeproj */,
				E02CC02B5FCD4DD88A63D788 /* RCTText.xcodeproj */,
				80352C9276CF4FA2A395EA7C /* RCTWebSocket.xcodeproj */,
				125183E399AF4BA590663128 /* RCTGeolocation.xcodeproj */,
				7F9805CBFC014D79A391EFE1 /* RCTLinking.xcodeproj */,
				957F2CE56D1E45F980704D77 /* RCTNetwork.xcodeproj */,
				43BB32C0C1C24E85BDF379AE /* RCTSettings.xcodeproj */,
				E8C4B6A7E62A4785B2591AE2 /* RCTVibration.xcodeproj */,
				F260708651C348B68B7763BE /* RCTCameraRoll.xcodeproj */,
			);
			name = ReactNative;
			sourceTree = "<group>";
		};
		22C096A91EA0893F00E1486A /* APIs */ = {
			isa = PBXGroup;
			children = (
				212D286AC7E74960A274AF35 /* BirthYear.swift */,
				4DC7D7FC677848B797C9D4D2 /* Movie.swift */,
				AE66FB6749614594B3AB4A35 /* MoviesAPI.swift */,
				57E3009216C64E1C8ADB78E0 /* MoviesRequests.swift */,
				6EC15FB0F8254D71B50A6DBE /* Person.swift */,
				14289651B961434389AE7D46 /* Synopsis.swift */,
				32B5C113E0694750A0EA637C /* NavigateData.swift */,
				0163C62D1EAC4D0999EFA28F /* NavigationAPI.swift */,
				5E905F6B7A4B4519B1F8C1C5 /* NavigationRequests.swift */,
			);
			name = APIs;
			sourceTree = "<group>";
		};
		22FD4D1E1E96ECBB00FC81DB /* ElectrodeReactNativeBridge */ = {
			isa = PBXGroup;
			children = (
				157FD587E97D4383857F76CA /* ElectrodeObject.swift */,
				6FF40C55BCE14E49A878CC8C /* Bridgeable.swift */,
				149DFE08280D4679A7DE070D /* ElectrodeRequestHandlerProcessor.swift */,
				22E14A79E56B450A8A26DA21 /* ElectrodeRequestProcessor.swift */,
				0F1EADD0199F4A79A9DBB398 /* ElectrodeUtilities.swift */,
				B7B3522A26DC49B0A2D80A91 /* EventListenerProcessor.swift */,
				95610349B1D04E9691130070 /* EventProcessor.swift */,
				668BC392CB2A44BE9DAF2473 /* Processor.swift */,
				D442638721CD4E2EB8747BC2 /* None.swift */,
				CC17ACE7B898425C86007EEA /* ElectrodeBridgeEvent.m */,
				98FD298C20674FA0B6986400 /* ElectrodeBridgeFailureMessage.m */,
				DA86F027FE6B4FE392AF7E7F /* ElectrodeBridgeHolder.m */,
				AEC67AD7C6B54C52843BB652 /* ElectrodeBridgeMessage.m */,
				D3D78AB0B4634EE1B061023F /* ElectrodeBridgeProtocols.m */,
				4E726F5523E540A0AAF3F8FC /* ElectrodeBridgeRequest.m */,
				5EF7661223BD4C209A631E82 /* ElectrodeBridgeResponse.m */,
				C3B2DC4D14C749309D0801EA /* ElectrodeBridgeTransaction.m */,
				40172B7B72864562854DE8F9 /* ElectrodeBridgeTransceiver.m */,
				C3B979F780EF413D893C8F2C /* ElectrodeEventDispatcher.m */,
				8A9C4F428DD344F1B6FFF89A /* ElectrodeEventRegistrar.m */,
				6FAC2705D69549D989DCF14F /* ElectrodeRequestDispatcher.m */,
				E58EE59259F147B1A73D89D6 /* ElectrodeRequestRegistrar.m */,
				FDDC2702295C467ABA4A0E7C /* ElectrodeLogger.m */,
				D3067F8FF81744D2A000479C /* ElectrodeBridgeEvent.h */,
				11606649BD8A4DE69A8D55E8 /* ElectrodeBridgeFailureMessage.h */,
				B5344D9FB3B04AC9B83DF6CE /* ElectrodeBridgeHolder.h */,
				3EDF45FD93EE48F597DC4EFD /* ElectrodeBridgeMessage.h */,
				01138777C5CA4E6DBEDB4BA2 /* ElectrodeBridgeProtocols.h */,
				A08C62E09307444DA2612685 /* ElectrodeBridgeRequest.h */,
				36A4512B47E345308A79EE3A /* ElectrodeBridgeTransaction.h */,
				2C892F0037664CA3A4662506 /* ElectrodeBridgeTransceiver.h */,
				0AE64DACDF1945B289F5DB9A /* ElectrodeBridgeTransceiver_Internal.h */,
				A26C2A0F7C66497F858384E5 /* ElectrodeEventDispatcher.h */,
				ADB08EA55F914630BDBD7649 /* ElectrodeEventRegistrar.h */,
				FDAAEAFE439E4FF9999FF050 /* ElectrodeRequestDispatcher.h */,
				FCED81AD84784B54872A2A7D /* ElectrodeRequestRegistrar.h */,
				7103569CAC414DC7A962ACBD /* ElectrodeReactNativeBridge.h */,
				C5CC19C654094D33BB5B717C /* ElectrodeBridgeResponse.h */,
				157DA09FC54C4C5DB3D87BBE /* ElectrodeLogger.h */,
			);
			name = ElectrodeReactNativeBridge;
			sourceTree = "<group>";
		};
		301CBA4B1F342FB00048C58B /* Resources */ = {
			isa = PBXGroup;
			children = (
			);
			name = Resources;
			sourceTree = "<group>";
		};
		485009D91E2FF23B009B6610 = {
			isa = PBXGroup;
			children = (
				485009E51E2FF23B009B6610 /* ElectrodeContainer */,
				485009F01E2FF23C009B6610 /* ElectrodeContainerTests */,
				485009E41E2FF23B009B6610 /* Products */,
				485009FD1E2FF25D009B6610 /* Libraries */,
				48500AA71E2FFA14009B6610 /* Frameworks */,
			);
			sourceTree = "<group>";
		};
		485009E41E2FF23B009B6610 /* Products */ = {
			isa = PBXGroup;
			children = (
				485009E31E2FF23B009B6610 /* ElectrodeContainer.framework */,
				485009EC1E2FF23C009B6610 /* ElectrodeContainerTests.xctest */,
			);
			name = Products;
			sourceTree = "<group>";
		};
		485009E51E2FF23B009B6610 /* ElectrodeContainer */ = {
			isa = PBXGroup;
			children = (
				7F9A82FD1FB117530026F523 /* APIImpls */,
				301CBA4B1F342FB00048C58B /* Resources */,
				2265A4A11EB26943007D6C3D /* Info.plist */,
				22C096A91EA0893F00E1486A /* APIs */,
				22FD4D1E1E96ECBB00FC81DB /* ElectrodeReactNativeBridge */,
				968333D51E54E3470031C565 /* ElectrodeBridgeDelegate.h */,
				968333D61E54E3470031C565 /* ElectrodeBridgeDelegate.m */,
				485009E61E2FF23B009B6610 /* ElectrodeContainer.h */,
				48500A961E2FF55B009B6610 /* ElectrodeReactNative.h */,
				30F8CDED1E67946E00413247 /* ElectrodeReactNative_Internal.h */,
				48500A971E2FF55B009B6610 /* ElectrodeReactNative.m */,
				301CB9011F33F3450048C58B /* NSBundle+frameworkBundle.h */,
				301CB9001F33F3450048C58B /* NSBundle+frameworkBundle.m */,
				1C664839E76E46B4B2EA55EE /* ElectrodeCodePushConfig.h */,
				390A1BCE502A4DF0ABCCDDE6 /* ElectrodeCodePushConfig.m */,
			);
			path = ElectrodeContainer;
			name = ElectrodeContainer;
			sourceTree = "<group>";
		};
		485009F01E2FF23C009B6610 /* ElectrodeContainerTests */ = {
			isa = PBXGroup;
			children = (
				485009F31E2FF23C009B6610 /* Info.plist */,
			);
			path = ElectrodeContainerTests;
			sourceTree = "<group>";
		};
		485009FD1E2FF25D009B6610 /* Libraries */ = {
			isa = PBXGroup;
			children = (
				226325CE1E80594F00CD0B10 /* ReactNative */,
				9654B8921E5CCA1D00AFF607 /* MiniApp */,
				49E58DCE027D418C8C07629B /* CodePush.xcodeproj */,
			);
			name = Libraries;
			path = ElectrodeContainer/Libraries;
			sourceTree = "<group>";
		};
		48500AA71E2FFA14009B6610 /* Frameworks */ = {
			isa = PBXGroup;
			children = (
			);
			name = Frameworks;
			sourceTree = "<group>";
		};
		7F9A82FD1FB117530026F523 /* APIImpls */ = {
			isa = PBXGroup;
			children = (
			);
			name = APIImpls;
			sourceTree = "<group>";
		};
		9654B8921E5CCA1D00AFF607 /* MiniApp */ = {
			isa = PBXGroup;
			children = (
				22BF1FEA1E8DAAF800E7F500 /* assets */,
				223A89451E89CDC70092741E /* MiniApp.jsbundle */,
			);
			path = MiniApp;
			sourceTree = "<group>";
		};
		5888E95AE81C438D96176D71 /* Products */ = {
			isa = PBXGroup;
			children = (
				BB891271F63842DDB7A10F71 /* libReact.a */,
			);
			name = Products;
			path = undefined;
			sourceTree = "<group>";
		};
		F2967CAC8B0A4F2E896CD883 /* Products */ = {
			isa = PBXGroup;
			children = (
				200B117D248F48B0A6BDDE49 /* libRCTActionSheet.a */,
			);
			name = Products;
			path = undefined;
			sourceTree = "<group>";
		};
		6E62A5A8DCEF4DF2B3A8F082 /* Products */ = {
			isa = PBXGroup;
			children = (
				8D8A75DCEED648D79D07C36D /* libRCTImage.a */,
			);
			name = Products;
			path = undefined;
			sourceTree = "<group>";
		};
		6B30C45F62E0467BBD813A62 /* Products */ = {
			isa = PBXGroup;
			children = (
				27FCAD26C76D4B488910D873 /* libRCTAnimation.a */,
			);
			name = Products;
			path = undefined;
			sourceTree = "<group>";
		};
		BCB4F133C2D744EBB3D07FFB /* Products */ = {
			isa = PBXGroup;
			children = (
				C7A01B456B8743318CA7FDD1 /* libRCTText.a */,
			);
			name = Products;
			path = undefined;
			sourceTree = "<group>";
		};
		DB1D6FA7AF8C4DFE8E7A71CA /* Products */ = {
			isa = PBXGroup;
			children = (
				5240F5B9E3C843198D47B14B /* libRCTWebSocket.a */,
			);
			name = Products;
			path = undefined;
			sourceTree = "<group>";
		};
		22D5D63B733A442D93B28CB0 /* Products */ = {
			isa = PBXGroup;
			children = (
				177142E0E87744B0B3489C6F /* libRCTGeolocation.a */,
			);
			name = Products;
			path = undefined;
			sourceTree = "<group>";
		};
		C93E747D764E4636B9CE478A /* Products */ = {
			isa = PBXGroup;
			children = (
				4E5AA28EFE4744028AFAF37C /* libRCTLinking.a */,
			);
			name = Products;
			path = undefined;
			sourceTree = "<group>";
		};
		9EFFCF3A23D644F6A30350AB /* Products */ = {
			isa = PBXGroup;
			children = (
				4BE82F9B9B21413E9F3D1EF1 /* libRCTNetwork.a */,
			);
			name = Products;
			path = undefined;
			sourceTree = "<group>";
		};
		BC403123529A4B7B98DCA88B /* Products */ = {
			isa = PBXGroup;
			children = (
				5FDC5DE9CF354FCB9699FE37 /* libRCTSettings.a */,
			);
			name = Products;
			path = undefined;
			sourceTree = "<group>";
		};
		B9546C16C7C54676B8F6BDD8 /* Products */ = {
			isa = PBXGroup;
			children = (
				4E64071A7B334BB6B0208F07 /* libRCTVibration.a */,
			);
			name = Products;
			path = undefined;
			sourceTree = "<group>";
		};
		8223F4C1D5F443309AFADDF8 /* Products */ = {
			isa = PBXGroup;
			children = (
				2989184E4A88416B93A1D03D /* libRCTCameraRoll.a */,
			);
			name = Products;
			path = undefined;
			sourceTree = "<group>";
		};
		AA8D9EEFDA9D43338FB3ED52 /* Products */ = {
			isa = PBXGroup;
			children = (
				1FD944F76041405E89FAF767 /* libCodePush.a */,
			);
			name = Products;
			path = undefined;
			sourceTree = "<group>";
		};
/* End PBXGroup section */

/* Begin PBXHeadersBuildPhase section */
		485009E01E2FF23B009B6610 /* Headers */ = {
			isa = PBXHeadersBuildPhase;
			buildActionMask = 2147483647;
			files = (
				485009F41E2FF23C009B6610 /* ElectrodeContainer.h in Headers */,
				968333D71E54E3470031C565 /* ElectrodeBridgeDelegate.h in Headers */,
				301CB9031F33F3450048C58B /* NSBundle+frameworkBundle.h in Headers */,
				30F8CDEE1E67946E00413247 /* ElectrodeReactNative_Internal.h in Headers */,
				48500A981E2FF55B009B6610 /* ElectrodeReactNative.h in Headers */,
				FDD58882B3BE4691B053B9FF /* ElectrodeBridgeEvent.h in Headers */,
				452324C1E6634B258AD47021 /* ElectrodeBridgeFailureMessage.h in Headers */,
				75EC0B26CD19495F80E09693 /* ElectrodeBridgeHolder.h in Headers */,
				363BF75ECA64496C92794D56 /* ElectrodeBridgeMessage.h in Headers */,
				8457AE762FC54A709C274E80 /* ElectrodeBridgeProtocols.h in Headers */,
				2E2DF658E3A046E6B1E76E77 /* ElectrodeBridgeRequest.h in Headers */,
				F947445015EA40C1815A7778 /* ElectrodeBridgeTransaction.h in Headers */,
				8A37ABA54C4B406C9714AE25 /* ElectrodeBridgeTransceiver.h in Headers */,
				8A460437CFF04A7D978D3D60 /* ElectrodeBridgeTransceiver_Internal.h in Headers */,
				100688D939484E67AFBED3DE /* ElectrodeEventDispatcher.h in Headers */,
				A692E62B359C489AA7BABA29 /* ElectrodeEventRegistrar.h in Headers */,
				BC6385B1C81E4767BAD5896F /* ElectrodeRequestDispatcher.h in Headers */,
				185CA68D542E4E60860065AE /* ElectrodeRequestRegistrar.h in Headers */,
				FE093C781882402A895203A2 /* ElectrodeReactNativeBridge.h in Headers */,
				7FA806D8BE7C4D28B74AA929 /* ElectrodeBridgeResponse.h in Headers */,
				D07A44029DC94609AB0A4704 /* ElectrodeLogger.h in Headers */,
				626196B8A68547DFBDD11E78 /* ElectrodeCodePushConfig.h in Headers */,
			);
			runOnlyForDeploymentPostprocessing = 0;
		};
/* End PBXHeadersBuildPhase section */

/* Begin PBXNativeTarget section */
		485009E21E2FF23B009B6610 /* ElectrodeContainer */ = {
			isa = PBXNativeTarget;
			buildConfigurationList = 485009F71E2FF23C009B6610 /* Build configuration list for PBXNativeTarget "ElectrodeContainer" */;
			buildPhases = (
				485009DE1E2FF23B009B6610 /* Sources */,
				485009DF1E2FF23B009B6610 /* Frameworks */,
				485009E01E2FF23B009B6610 /* Headers */,
				485009E11E2FF23B009B6610 /* Resources */,
			);
			buildRules = (
			);
			dependencies = (
				1C1425028E794EA49985BDE0 /* PBXTargetDependency */,
				F5CAAF5D6AEE435E9D017B1F /* PBXTargetDependency */,
				99355667FD2C415B9A0724E5 /* PBXTargetDependency */,
				6075E1F1A1834C158C2E8562 /* PBXTargetDependency */,
				9BBCF7C21017407EA4E35D7B /* PBXTargetDependency */,
				0B60670E5E1F4E1F935AC682 /* PBXTargetDependency */,
				7BA141428BFB4FD895249B1E /* PBXTargetDependency */,
				9BF90E3E5BC542A1AC970AA7 /* PBXTargetDependency */,
				11F5798CE58E4A40A49F4DAD /* PBXTargetDependency */,
				65477C40091C432D8E3DF92A /* PBXTargetDependency */,
				09E2E230C5BC45A1AE9B6C35 /* PBXTargetDependency */,
				63F9FE342F3A4311873B1615 /* PBXTargetDependency */,
				EA57FD0C80914A609DAEE2F9 /* PBXTargetDependency */,
			);
			name = ElectrodeContainer;
			productName = ElectrodeContainer;
			productReference = 485009E31E2FF23B009B6610 /* ElectrodeContainer.framework */;
			productType = "com.apple.product-type.framework";
		};
		485009EB1E2FF23C009B6610 /* ElectrodeContainerTests */ = {
			isa = PBXNativeTarget;
			buildConfigurationList = 485009FA1E2FF23C009B6610 /* Build configuration list for PBXNativeTarget "ElectrodeContainerTests" */;
			buildPhases = (
				485009E81E2FF23C009B6610 /* Sources */,
				485009E91E2FF23C009B6610 /* Frameworks */,
				485009EA1E2FF23C009B6610 /* Resources */,
			);
			buildRules = (
			);
			dependencies = (
				485009EF1E2FF23C009B6610 /* PBXTargetDependency */,
			);
			name = ElectrodeContainerTests;
			productName = ElectrodeContainerTests;
			productReference = 485009EC1E2FF23C009B6610 /* ElectrodeContainerTests.xctest */;
			productType = "com.apple.product-type.bundle.unit-test";
		};
/* End PBXNativeTarget section */

/* Begin PBXProject section */
		485009DA1E2FF23B009B6610 /* Project object */ = {
			isa = PBXProject;
			attributes = {
				LastUpgradeCheck = 820;
				ORGANIZATIONNAME = Walmart;
				TargetAttributes = {
					485009E21E2FF23B009B6610 = {
						CreatedOnToolsVersion = 8.2.1;
						ProvisioningStyle = Automatic;
					};
					485009EB1E2FF23C009B6610 = {
						CreatedOnToolsVersion = 8.2.1;
						DevelopmentTeam = DXZ5VF8836;
						ProvisioningStyle = Automatic;
					};
				};
			};
			buildConfigurationList = 485009DD1E2FF23B009B6610 /* Build configuration list for PBXProject "ElectrodeContainer" */;
			compatibilityVersion = "Xcode 3.2";
			developmentRegion = English;
			hasScannedForEncodings = 0;
			knownRegions = (
				en,
			);
			mainGroup = 485009D91E2FF23B009B6610;
			productRefGroup = 485009E41E2FF23B009B6610 /* Products */;
			projectDirPath = "";
			projectRoot = "";
			targets = (
				485009E21E2FF23B009B6610 /* ElectrodeContainer */,
				485009EB1E2FF23C009B6610 /* ElectrodeContainerTests */,
			);
			projectReferences = (
				{
					ProjectRef = CE383315968243E48146A67B /* React.xcodeproj */;
					ProductGroup = 5888E95AE81C438D96176D71 /* Products */;
				},
				{
					ProjectRef = 62BC2BA46AA44361A082BD5B /* RCTActionSheet.xcodeproj */;
					ProductGroup = F2967CAC8B0A4F2E896CD883 /* Products */;
				},
				{
					ProjectRef = 8647362C7283460A809325AB /* RCTImage.xcodeproj */;
					ProductGroup = 6E62A5A8DCEF4DF2B3A8F082 /* Products */;
				},
				{
					ProjectRef = 86D96C808BFA4F7BB5215B5D /* RCTAnimation.xcodeproj */;
					ProductGroup = 6B30C45F62E0467BBD813A62 /* Products */;
				},
				{
					ProjectRef = E02CC02B5FCD4DD88A63D788 /* RCTText.xcodeproj */;
					ProductGroup = BCB4F133C2D744EBB3D07FFB /* Products */;
				},
				{
					ProjectRef = 80352C9276CF4FA2A395EA7C /* RCTWebSocket.xcodeproj */;
					ProductGroup = DB1D6FA7AF8C4DFE8E7A71CA /* Products */;
				},
				{
					ProjectRef = 125183E399AF4BA590663128 /* RCTGeolocation.xcodeproj */;
					ProductGroup = 22D5D63B733A442D93B28CB0 /* Products */;
				},
				{
					ProjectRef = 7F9805CBFC014D79A391EFE1 /* RCTLinking.xcodeproj */;
					ProductGroup = C93E747D764E4636B9CE478A /* Products */;
				},
				{
					ProjectRef = 957F2CE56D1E45F980704D77 /* RCTNetwork.xcodeproj */;
					ProductGroup = 9EFFCF3A23D644F6A30350AB /* Products */;
				},
				{
					ProjectRef = 43BB32C0C1C24E85BDF379AE /* RCTSettings.xcodeproj */;
					ProductGroup = BC403123529A4B7B98DCA88B /* Products */;
				},
				{
					ProjectRef = E8C4B6A7E62A4785B2591AE2 /* RCTVibration.xcodeproj */;
					ProductGroup = B9546C16C7C54676B8F6BDD8 /* Products */;
				},
				{
					ProjectRef = F260708651C348B68B7763BE /* RCTCameraRoll.xcodeproj */;
					ProductGroup = 8223F4C1D5F443309AFADDF8 /* Products */;
				},
				{
					ProjectRef = 49E58DCE027D418C8C07629B /* CodePush.xcodeproj */;
					ProductGroup = AA8D9EEFDA9D43338FB3ED52 /* Products */;
				},
			);
		};
/* End PBXProject section */

/* Begin PBXReferenceProxy section */
		BB891271F63842DDB7A10F71 /* libReact.a */ = {
			isa = PBXReferenceProxy;
			fileType = archive.ar;
			path = libReact.a;
			remoteRef = 813AD22CEC944A4DBE985B33 /* PBXContainerItemProxy */;
			sourceTree = BUILT_PRODUCTS_DIR;
		};
		200B117D248F48B0A6BDDE49 /* libRCTActionSheet.a */ = {
			isa = PBXReferenceProxy;
			fileType = archive.ar;
			path = libRCTActionSheet.a;
			remoteRef = C9A366A84F2A46F98DF5384C /* PBXContainerItemProxy */;
			sourceTree = BUILT_PRODUCTS_DIR;
		};
		8D8A75DCEED648D79D07C36D /* libRCTImage.a */ = {
			isa = PBXReferenceProxy;
			fileType = archive.ar;
			path = libRCTImage.a;
			remoteRef = C88B3F1613C94196A70C40C0 /* PBXContainerItemProxy */;
			sourceTree = BUILT_PRODUCTS_DIR;
		};
		27FCAD26C76D4B488910D873 /* libRCTAnimation.a */ = {
			isa = PBXReferenceProxy;
			fileType = archive.ar;
			path = libRCTAnimation.a;
			remoteRef = DC4BFC5F0838420DBAC6437F /* PBXContainerItemProxy */;
			sourceTree = BUILT_PRODUCTS_DIR;
		};
		C7A01B456B8743318CA7FDD1 /* libRCTText.a */ = {
			isa = PBXReferenceProxy;
			fileType = archive.ar;
			path = libRCTText.a;
			remoteRef = 5991006583B143FA8E917010 /* PBXContainerItemProxy */;
			sourceTree = BUILT_PRODUCTS_DIR;
		};
		5240F5B9E3C843198D47B14B /* libRCTWebSocket.a */ = {
			isa = PBXReferenceProxy;
			fileType = archive.ar;
			path = libRCTWebSocket.a;
			remoteRef = 8B60DE5BD82A4558AF93B408 /* PBXContainerItemProxy */;
			sourceTree = BUILT_PRODUCTS_DIR;
		};
		177142E0E87744B0B3489C6F /* libRCTGeolocation.a */ = {
			isa = PBXReferenceProxy;
			fileType = archive.ar;
			path = libRCTGeolocation.a;
			remoteRef = 80B4A0F2BA754B6A8C9BB296 /* PBXContainerItemProxy */;
			sourceTree = BUILT_PRODUCTS_DIR;
		};
		4E5AA28EFE4744028AFAF37C /* libRCTLinking.a */ = {
			isa = PBXReferenceProxy;
			fileType = archive.ar;
			path = libRCTLinking.a;
			remoteRef = 8322AE81D0D649E782BBBC1B /* PBXContainerItemProxy */;
			sourceTree = BUILT_PRODUCTS_DIR;
		};
		4BE82F9B9B21413E9F3D1EF1 /* libRCTNetwork.a */ = {
			isa = PBXReferenceProxy;
			fileType = archive.ar;
			path = libRCTNetwork.a;
			remoteRef = 3D0E2EBC8A7D4367ACC5C5A7 /* PBXContainerItemProxy */;
			sourceTree = BUILT_PRODUCTS_DIR;
		};
		5FDC5DE9CF354FCB9699FE37 /* libRCTSettings.a */ = {
			isa = PBXReferenceProxy;
			fileType = archive.ar;
			path = libRCTSettings.a;
			remoteRef = 2528E1028482409D83AEAAF8 /* PBXContainerItemProxy */;
			sourceTree = BUILT_PRODUCTS_DIR;
		};
		4E64071A7B334BB6B0208F07 /* libRCTVibration.a */ = {
			isa = PBXReferenceProxy;
			fileType = archive.ar;
			path = libRCTVibration.a;
			remoteRef = 0C78C8D6DE5D44E18C34DE77 /* PBXContainerItemProxy */;
			sourceTree = BUILT_PRODUCTS_DIR;
		};
		2989184E4A88416B93A1D03D /* libRCTCameraRoll.a */ = {
			isa = PBXReferenceProxy;
			fileType = archive.ar;
			path = libRCTCameraRoll.a;
			remoteRef = 29EFFBBB74674D8F9B64C79C /* PBXContainerItemProxy */;
			sourceTree = BUILT_PRODUCTS_DIR;
		};
		1FD944F76041405E89FAF767 /* libCodePush.a */ = {
			isa = PBXReferenceProxy;
			fileType = archive.ar;
			path = libCodePush.a;
			remoteRef = 099715548F3248F8AE7E84E8 /* PBXContainerItemProxy */;
			sourceTree = BUILT_PRODUCTS_DIR;
		};
/* End PBXReferenceProxy section */

/* Begin PBXResourcesBuildPhase section */
		485009E11E2FF23B009B6610 /* Resources */ = {
			isa = PBXResourcesBuildPhase;
			buildActionMask = 2147483647;
			files = (
				22BF1FEB1E8DAAF800E7F500 /* assets in Resources */,
				223A89461E89CDC70092741E /* MiniApp.jsbundle in Resources */,
				2265A4A21EB26943007D6C3D /* Info.plist in Resources */,
			);
			runOnlyForDeploymentPostprocessing = 0;
		};
		485009EA1E2FF23C009B6610 /* Resources */ = {
			isa = PBXResourcesBuildPhase;
			buildActionMask = 2147483647;
			files = (
			);
			runOnlyForDeploymentPostprocessing = 0;
		};
/* End PBXResourcesBuildPhase section */

/* Begin PBXSourcesBuildPhase section */
		485009DE1E2FF23B009B6610 /* Sources */ = {
			isa = PBXSourcesBuildPhase;
			buildActionMask = 2147483647;
			files = (
				48500A991E2FF55B009B6610 /* ElectrodeReactNative.m in Sources */,
				301CB9021F33F3450048C58B /* NSBundle+frameworkBundle.m in Sources */,
				968333D81E54E3470031C565 /* ElectrodeBridgeDelegate.m in Sources */,
				A51EF24681954105A7B39E79 /* ElectrodeObject.swift in Sources */,
				C20786FA6BC74CFB8AFF9F7C /* Bridgeable.swift in Sources */,
				81A1B0F0A5BA48EF9A2B9BEE /* ElectrodeRequestHandlerProcessor.swift in Sources */,
				72E5B8DADFAB40A48E0FECF7 /* ElectrodeRequestProcessor.swift in Sources */,
				D901EB3C1F034C408D05DC82 /* ElectrodeUtilities.swift in Sources */,
				43C0C65067F94030A662BA4F /* EventListenerProcessor.swift in Sources */,
				F57A1ACD2A1C46F885D8BEF4 /* EventProcessor.swift in Sources */,
				D5D6180D32D54A83A83EEB3A /* Processor.swift in Sources */,
				1D32158439D546E6A8246EFC /* None.swift in Sources */,
				E4F667D4B6814DAE9F9B7918 /* ElectrodeBridgeEvent.m in Sources */,
				96B78EDE59924F04BB8AA4F4 /* ElectrodeBridgeFailureMessage.m in Sources */,
				95855DF53E4D4C27B8FED383 /* ElectrodeBridgeHolder.m in Sources */,
				9E8F4FCBF50949E49E6AC28E /* ElectrodeBridgeMessage.m in Sources */,
				F363B96149DE4001A7F4DAD4 /* ElectrodeBridgeProtocols.m in Sources */,
				C323179B923D4472B62444F8 /* ElectrodeBridgeRequest.m in Sources */,
				3BEAEFE2EE254549B9741A58 /* ElectrodeBridgeResponse.m in Sources */,
				742668B57757426AAB34F214 /* ElectrodeBridgeTransaction.m in Sources */,
				FC77150E06464F519F6AC29B /* ElectrodeBridgeTransceiver.m in Sources */,
				9985AFCD01AD4B029DFD62B8 /* ElectrodeEventDispatcher.m in Sources */,
				E80C4DD687364864B4AFBA37 /* ElectrodeEventRegistrar.m in Sources */,
				010AE55C669D4CDAACA92103 /* ElectrodeRequestDispatcher.m in Sources */,
				7D8C9A97BDC042348C3F4359 /* ElectrodeRequestRegistrar.m in Sources */,
				1686FC15A3E746E6A0636484 /* ElectrodeLogger.m in Sources */,
				9861FD2582EF4D3BA5F67E2B /* BirthYear.swift in Sources */,
				D8022164F38F4023ADA611DE /* Movie.swift in Sources */,
				A171955282294B999A07677E /* MoviesAPI.swift in Sources */,
				548067ED5887406394FA3E00 /* MoviesRequests.swift in Sources */,
				42FAFDD0478A42A0A75912C8 /* Person.swift in Sources */,
				75BA458BEEF54704A0E79072 /* Synopsis.swift in Sources */,
				24976030B56C44F2AA8B9D2F /* NavigateData.swift in Sources */,
				0C213EB6FE534E3FB7BFEAAA /* NavigationAPI.swift in Sources */,
				E44CCD7DDEF648D2ACE3A364 /* NavigationRequests.swift in Sources */,
				F5D1FA58A4F04C3E92A1DCDB /* ElectrodeCodePushConfig.m in Sources */,
			);
			runOnlyForDeploymentPostprocessing = 0;
		};
		485009E81E2FF23C009B6610 /* Sources */ = {
			isa = PBXSourcesBuildPhase;
			buildActionMask = 2147483647;
			files = (
			);
			runOnlyForDeploymentPostprocessing = 0;
		};
/* End PBXSourcesBuildPhase section */

/* Begin PBXTargetDependency section */
		485009EF1E2FF23C009B6610 /* PBXTargetDependency */ = {
			isa = PBXTargetDependency;
			target = 485009E21E2FF23B009B6610 /* ElectrodeContainer */;
			targetProxy = 485009EE1E2FF23C009B6610 /* PBXContainerItemProxy */;
		};
		1C1425028E794EA49985BDE0 /* PBXTargetDependency */ = {
			isa = PBXTargetDependency;
			name = React;
			targetProxy = 5CD0BC6E20504FDA9D84C474 /* PBXContainerItemProxy */;
		};
		F5CAAF5D6AEE435E9D017B1F /* PBXTargetDependency */ = {
			isa = PBXTargetDependency;
			name = RCTActionSheet;
			targetProxy = 0403FD42363845C18331E443 /* PBXContainerItemProxy */;
		};
		99355667FD2C415B9A0724E5 /* PBXTargetDependency */ = {
			isa = PBXTargetDependency;
			name = RCTImage;
			targetProxy = DAA7831409BA4E50B1B50BDA /* PBXContainerItemProxy */;
		};
		6075E1F1A1834C158C2E8562 /* PBXTargetDependency */ = {
			isa = PBXTargetDependency;
			name = RCTAnimation;
			targetProxy = 254DD4D6AEB2420CBEF01D07 /* PBXContainerItemProxy */;
		};
		9BBCF7C21017407EA4E35D7B /* PBXTargetDependency */ = {
			isa = PBXTargetDependency;
			name = RCTText;
			targetProxy = 6FF344489AE844BCAE6AC05F /* PBXContainerItemProxy */;
		};
		0B60670E5E1F4E1F935AC682 /* PBXTargetDependency */ = {
			isa = PBXTargetDependency;
			name = RCTWebSocket;
			targetProxy = 71CBB5FBF5354FAFB778837A /* PBXContainerItemProxy */;
		};
		7BA141428BFB4FD895249B1E /* PBXTargetDependency */ = {
			isa = PBXTargetDependency;
			name = RCTGeolocation;
			targetProxy = F0C98276160348E9872C70EA /* PBXContainerItemProxy */;
		};
		9BF90E3E5BC542A1AC970AA7 /* PBXTargetDependency */ = {
			isa = PBXTargetDependency;
			name = RCTLinking;
			targetProxy = 963A5EEE0C6443CE9FEA1D9F /* PBXContainerItemProxy */;
		};
		11F5798CE58E4A40A49F4DAD /* PBXTargetDependency */ = {
			isa = PBXTargetDependency;
			name = RCTNetwork;
			targetProxy = 10C1371DBD454E6DA5500D0E /* PBXContainerItemProxy */;
		};
		65477C40091C432D8E3DF92A /* PBXTargetDependency */ = {
			isa = PBXTargetDependency;
			name = RCTSettings;
			targetProxy = 9C17A8A50A1F461E9B2D102E /* PBXContainerItemProxy */;
		};
		09E2E230C5BC45A1AE9B6C35 /* PBXTargetDependency */ = {
			isa = PBXTargetDependency;
			name = RCTVibration;
			targetProxy = 13998099256C41C8BBD9C8E4 /* PBXContainerItemProxy */;
		};
		63F9FE342F3A4311873B1615 /* PBXTargetDependency */ = {
			isa = PBXTargetDependency;
			name = RCTCameraRoll;
			targetProxy = 1A77698467AD479494AE29AF /* PBXContainerItemProxy */;
		};
		EA57FD0C80914A609DAEE2F9 /* PBXTargetDependency */ = {
			isa = PBXTargetDependency;
			name = CodePush;
			targetProxy = DB4317F8867B4C6F91635513 /* PBXContainerItemProxy */;
		};
/* End PBXTargetDependency section */

/* Begin XCBuildConfiguration section */
		303268E41EA8139700A41A8F /* QADeployment */ = {
			isa = XCBuildConfiguration;
			buildSettings = {
				ALWAYS_SEARCH_USER_PATHS = NO;
				CLANG_ANALYZER_NONNULL = YES;
				CLANG_CXX_LANGUAGE_STANDARD = "gnu++0x";
				CLANG_CXX_LIBRARY = "libc++";
				CLANG_ENABLE_MODULES = YES;
				CLANG_ENABLE_OBJC_ARC = YES;
				CLANG_WARN_BOOL_CONVERSION = YES;
				CLANG_WARN_CONSTANT_CONVERSION = YES;
				CLANG_WARN_DIRECT_OBJC_ISA_USAGE = YES_ERROR;
				CLANG_WARN_DOCUMENTATION_COMMENTS = YES;
				CLANG_WARN_EMPTY_BODY = YES;
				CLANG_WARN_ENUM_CONVERSION = YES;
				CLANG_WARN_INFINITE_RECURSION = YES;
				CLANG_WARN_INT_CONVERSION = YES;
				CLANG_WARN_OBJC_ROOT_CLASS = YES_ERROR;
				CLANG_WARN_SUSPICIOUS_MOVE = YES;
				CLANG_WARN_UNREACHABLE_CODE = YES;
				CLANG_WARN__DUPLICATE_METHOD_MATCH = YES;
				"CODE_SIGN_IDENTITY[sdk=iphoneos*]" = "iPhone Developer";
				COPY_PHASE_STRIP = NO;
				CURRENT_PROJECT_VERSION = 1;
				DEBUG_INFORMATION_FORMAT = "dwarf-with-dsym";
				ENABLE_STRICT_OBJC_MSGSEND = YES;
				ENABLE_TESTABILITY = YES;
				GCC_C_LANGUAGE_STANDARD = gnu99;
				GCC_DYNAMIC_NO_PIC = NO;
				GCC_NO_COMMON_BLOCKS = YES;
				GCC_OPTIMIZATION_LEVEL = 0;
				GCC_PREPROCESSOR_DEFINITIONS = (
					"DEBUG=1",
					"$(inherited)",
				);
				GCC_WARN_64_TO_32_BIT_CONVERSION = YES;
				GCC_WARN_ABOUT_RETURN_TYPE = YES_ERROR;
				GCC_WARN_UNDECLARED_SELECTOR = YES;
				GCC_WARN_UNINITIALIZED_AUTOS = YES_AGGRESSIVE;
				GCC_WARN_UNUSED_FUNCTION = YES;
				GCC_WARN_UNUSED_VARIABLE = YES;
				IPHONEOS_DEPLOYMENT_TARGET = 9.0;
				MTL_ENABLE_DEBUG_INFO = YES;
				ONLY_ACTIVE_ARCH = YES;
				SDKROOT = iphoneos;
				TARGETED_DEVICE_FAMILY = "1,2";
				VERSIONING_SYSTEM = "apple-generic";
				VERSION_INFO_PREFIX = "";
			};
			name = QADeployment;
		};
		303268E51EA8139700A41A8F /* QADeployment */ = {
			isa = XCBuildConfiguration;
			buildSettings = {
				ALWAYS_EMBED_SWIFT_STANDARD_LIBRARIES = YES;
				CLANG_ALLOW_NON_MODULAR_INCLUDES_IN_FRAMEWORK_MODULES = YES;
				CLANG_ENABLE_MODULES = YES;
				CLANG_WARN_DOCUMENTATION_COMMENTS = NO;
				CODE_SIGN_IDENTITY = "";
				DEFINES_MODULE = YES;
				DYLIB_COMPATIBILITY_VERSION = 1;
				DYLIB_CURRENT_VERSION = 1;
				DYLIB_INSTALL_NAME_BASE = "@rpath";
				ENABLE_ON_DEMAND_RESOURCES = NO;
				ENABLE_TESTABILITY = YES;
				HEADER_SEARCH_PATHS = (
					"$(inherited)/**",
					"$(SRCROOT)/ElectrodeContainer/Libraries/ReactNative/**",
					"$(SRCROOT)/ElectrodeContainer/Libraries/CodePush/**",
					"$(SRCROOT)/ElectrodeContainer/Libraries/CodePush/**",
				);
				FRAMEWORK_SEARCH_PATHS = (
					"$(inherited)",
				);
				INFOPLIST_FILE = ElectrodeContainer/Info.plist;
				INSTALL_PATH = "$(LOCAL_LIBRARY_DIR)/Frameworks";
				LD_RUNPATH_SEARCH_PATHS = "$(inherited) @executable_path/Frameworks @loader_path/Frameworks";
				LIBRARY_SEARCH_PATHS = (
					"$(inherited)",
					"$(SRCROOT)/ElectrodeContainer/Libraries/ReactNative/**",
					"$(SRCROOT)/ElectrodeContainer/Libraries/CodePush/**",
					"\"$(SRCROOT)/$(TARGET_NAME)/usr/lib\"",
				);
				ONLY_ACTIVE_ARCH = NO;
				OTHER_LDFLAGS = (
					"-ObjC",
					"-lc++",
					"-lz",
				);
				PRODUCT_BUNDLE_IDENTIFIER = com.walmart.electronics.ElectrodeContainer;
				PRODUCT_NAME = "$(TARGET_NAME)";
				SKIP_INSTALL = YES;
				STRIP_STYLE = debugging;
				SWIFT_ACTIVE_COMPILATION_CONDITIONS = DEBUG;
				SWIFT_OPTIMIZATION_LEVEL = "-Owholemodule";
				SWIFT_VERSION = 3.0;
			};
			name = QADeployment;
		};
		303268E61EA8139700A41A8F /* QADeployment */ = {
			isa = XCBuildConfiguration;
			buildSettings = {
				HEADER_SEARCH_PATHS = (
					"$(inherited)",
					"$(SRCROOT)/ElectrodeContainer/Libraries/CodePush/**",
					"$(SRCROOT)/ElectrodeContainer/Libraries/CodePush/**",
				);
				FRAMEWORK_SEARCH_PATHS = (
					"$(inherited)",
				);
				INFOPLIST_FILE = ElectrodeContainerTests/Info.plist;
				LD_RUNPATH_SEARCH_PATHS = "$(inherited) @executable_path/Frameworks @loader_path/Frameworks";
				LIBRARY_SEARCH_PATHS = (
					"$(inherited)",
					"$(SRCROOT)/ElectrodeContainer/Libraries/ReactNative/**",
					"$(SRCROOT)/ElectrodeContainer/Libraries/CodePush/**",
					"\"$(SRCROOT)/$(TARGET_NAME)/usr/lib\"",
				);
				PRODUCT_BUNDLE_IDENTIFIER = com.walmart.electronics.ElectrodeContainerTests;
				PRODUCT_NAME = "$(TARGET_NAME)";
				TEST_HOST = "";
			};
			name = QADeployment;
		};
		485009F51E2FF23C009B6610 /* Debug */ = {
			isa = XCBuildConfiguration;
			buildSettings = {
				ALWAYS_SEARCH_USER_PATHS = NO;
				CLANG_ANALYZER_NONNULL = YES;
				CLANG_CXX_LANGUAGE_STANDARD = "gnu++0x";
				CLANG_CXX_LIBRARY = "libc++";
				CLANG_ENABLE_MODULES = YES;
				CLANG_ENABLE_OBJC_ARC = YES;
				CLANG_WARN_BOOL_CONVERSION = YES;
				CLANG_WARN_CONSTANT_CONVERSION = YES;
				CLANG_WARN_DIRECT_OBJC_ISA_USAGE = YES_ERROR;
				CLANG_WARN_DOCUMENTATION_COMMENTS = YES;
				CLANG_WARN_EMPTY_BODY = YES;
				CLANG_WARN_ENUM_CONVERSION = YES;
				CLANG_WARN_INFINITE_RECURSION = YES;
				CLANG_WARN_INT_CONVERSION = YES;
				CLANG_WARN_OBJC_ROOT_CLASS = YES_ERROR;
				CLANG_WARN_SUSPICIOUS_MOVE = YES;
				CLANG_WARN_UNREACHABLE_CODE = YES;
				CLANG_WARN__DUPLICATE_METHOD_MATCH = YES;
				"CODE_SIGN_IDENTITY[sdk=iphoneos*]" = "iPhone Developer";
				COPY_PHASE_STRIP = NO;
				CURRENT_PROJECT_VERSION = 1;
				DEBUG_INFORMATION_FORMAT = dwarf;
				ENABLE_STRICT_OBJC_MSGSEND = YES;
				ENABLE_TESTABILITY = YES;
				GCC_C_LANGUAGE_STANDARD = gnu99;
				GCC_DYNAMIC_NO_PIC = NO;
				GCC_NO_COMMON_BLOCKS = YES;
				GCC_OPTIMIZATION_LEVEL = 0;
				GCC_PREPROCESSOR_DEFINITIONS = (
					"DEBUG=1",
					"$(inherited)",
				);
				GCC_WARN_64_TO_32_BIT_CONVERSION = YES;
				GCC_WARN_ABOUT_RETURN_TYPE = YES_ERROR;
				GCC_WARN_UNDECLARED_SELECTOR = YES;
				GCC_WARN_UNINITIALIZED_AUTOS = YES_AGGRESSIVE;
				GCC_WARN_UNUSED_FUNCTION = YES;
				GCC_WARN_UNUSED_VARIABLE = YES;
				IPHONEOS_DEPLOYMENT_TARGET = 9.0;
				MTL_ENABLE_DEBUG_INFO = YES;
				ONLY_ACTIVE_ARCH = YES;
				SDKROOT = iphoneos;
				TARGETED_DEVICE_FAMILY = "1,2";
				VERSIONING_SYSTEM = "apple-generic";
				VERSION_INFO_PREFIX = "";
			};
			name = Debug;
		};
		485009F61E2FF23C009B6610 /* Release */ = {
			isa = XCBuildConfiguration;
			buildSettings = {
				ALWAYS_SEARCH_USER_PATHS = NO;
				CLANG_ANALYZER_NONNULL = YES;
				CLANG_CXX_LANGUAGE_STANDARD = "gnu++0x";
				CLANG_CXX_LIBRARY = "libc++";
				CLANG_ENABLE_MODULES = YES;
				CLANG_ENABLE_OBJC_ARC = YES;
				CLANG_WARN_BOOL_CONVERSION = YES;
				CLANG_WARN_CONSTANT_CONVERSION = YES;
				CLANG_WARN_DIRECT_OBJC_ISA_USAGE = YES_ERROR;
				CLANG_WARN_DOCUMENTATION_COMMENTS = YES;
				CLANG_WARN_EMPTY_BODY = YES;
				CLANG_WARN_ENUM_CONVERSION = YES;
				CLANG_WARN_INFINITE_RECURSION = YES;
				CLANG_WARN_INT_CONVERSION = YES;
				CLANG_WARN_OBJC_ROOT_CLASS = YES_ERROR;
				CLANG_WARN_SUSPICIOUS_MOVE = YES;
				CLANG_WARN_UNREACHABLE_CODE = YES;
				CLANG_WARN__DUPLICATE_METHOD_MATCH = YES;
				"CODE_SIGN_IDENTITY[sdk=iphoneos*]" = "iPhone Developer";
				COPY_PHASE_STRIP = NO;
				CURRENT_PROJECT_VERSION = 1;
				DEBUG_INFORMATION_FORMAT = "dwarf-with-dsym";
				ENABLE_NS_ASSERTIONS = NO;
				ENABLE_STRICT_OBJC_MSGSEND = YES;
				GCC_C_LANGUAGE_STANDARD = gnu99;
				GCC_NO_COMMON_BLOCKS = YES;
				GCC_WARN_64_TO_32_BIT_CONVERSION = YES;
				GCC_WARN_ABOUT_RETURN_TYPE = YES_ERROR;
				GCC_WARN_UNDECLARED_SELECTOR = YES;
				GCC_WARN_UNINITIALIZED_AUTOS = YES_AGGRESSIVE;
				GCC_WARN_UNUSED_FUNCTION = YES;
				GCC_WARN_UNUSED_VARIABLE = YES;
				IPHONEOS_DEPLOYMENT_TARGET = 9.0;
				MTL_ENABLE_DEBUG_INFO = NO;
				SDKROOT = iphoneos;
				TARGETED_DEVICE_FAMILY = "1,2";
				VALIDATE_PRODUCT = YES;
				VERSIONING_SYSTEM = "apple-generic";
				VERSION_INFO_PREFIX = "";
			};
			name = Release;
		};
		485009F81E2FF23C009B6610 /* Debug */ = {
			isa = XCBuildConfiguration;
			buildSettings = {
				ALWAYS_EMBED_SWIFT_STANDARD_LIBRARIES = YES;
				CLANG_ALLOW_NON_MODULAR_INCLUDES_IN_FRAMEWORK_MODULES = YES;
				CLANG_ENABLE_MODULES = YES;
				CLANG_WARN_DOCUMENTATION_COMMENTS = NO;
				CODE_SIGN_IDENTITY = "";
				DEFINES_MODULE = YES;
				DYLIB_COMPATIBILITY_VERSION = 1;
				DYLIB_CURRENT_VERSION = 1;
				DYLIB_INSTALL_NAME_BASE = "@rpath";
				HEADER_SEARCH_PATHS = (
					"$(inherited)",
					"$(SRCROOT)/ElectrodeContainer/Libraries/ReactNative/**",
					"$(SRCROOT)/ElectrodeContainer/Libraries/CodePush/**",
				);
				FRAMEWORK_SEARCH_PATHS = (
					"$(inherited)",
				);
				INFOPLIST_FILE = ElectrodeContainer/Info.plist;
				INSTALL_PATH = "$(LOCAL_LIBRARY_DIR)/Frameworks";
				IPHONEOS_DEPLOYMENT_TARGET = 9.0;
				LD_RUNPATH_SEARCH_PATHS = "$(inherited) @executable_path/Frameworks @loader_path/Frameworks";
				LIBRARY_SEARCH_PATHS = (
					"$(inherited)",
					"$(SRCROOT)/ElectrodeContainer/Libraries/ReactNative/**",
					"$(SRCROOT)/ElectrodeContainer/Libraries/CodePush/**",
					"\"$(SRCROOT)/$(TARGET_NAME)/usr/lib\"",
				);
				OTHER_LDFLAGS = (
					"-ObjC",
					"-lc++",
					"-lz",
				);
				PRODUCT_BUNDLE_IDENTIFIER = com.walmart.electronics.ElectrodeContainer;
				PRODUCT_NAME = "$(TARGET_NAME)";
				SKIP_INSTALL = YES;
				SWIFT_ACTIVE_COMPILATION_CONDITIONS = DEBUG;
				SWIFT_OPTIMIZATION_LEVEL = "-Onone";
				SWIFT_VERSION = 3.0;
			};
			name = Debug;
		};
		485009F91E2FF23C009B6610 /* Release */ = {
			isa = XCBuildConfiguration;
			buildSettings = {
				CLANG_ALLOW_NON_MODULAR_INCLUDES_IN_FRAMEWORK_MODULES = YES;
				CODE_SIGN_IDENTITY = "";
				DEFINES_MODULE = YES;
				DYLIB_COMPATIBILITY_VERSION = 1;
				DYLIB_CURRENT_VERSION = 1;
				DYLIB_INSTALL_NAME_BASE = "@rpath";
				HEADER_SEARCH_PATHS = (
					"$(inherited)",
					"$(SRCROOT)/ElectrodeContainer/Libraries/ReactNative/**",
					"$(SRCROOT)/ElectrodeContainer/Libraries/CodePush/**",
					"$(SRCROOT)/ElectrodeContainer/Libraries/CodePush/**",
				);
				FRAMEWORK_SEARCH_PATHS = (
					"$(inherited)",
				);
				INFOPLIST_FILE = ElectrodeContainer/Info.plist;
				INSTALL_PATH = "$(LOCAL_LIBRARY_DIR)/Frameworks";
				IPHONEOS_DEPLOYMENT_TARGET = 9.0;
				LD_RUNPATH_SEARCH_PATHS = "$(inherited) @executable_path/Frameworks @loader_path/Frameworks";
				LIBRARY_SEARCH_PATHS = (
					"$(inherited)",
					"$(SRCROOT)/ElectrodeContainer/Libraries/ReactNative/**",
					"$(SRCROOT)/ElectrodeContainer/Libraries/CodePush/**",
					"\"$(SRCROOT)/$(TARGET_NAME)/usr/lib\"",
				);
				OTHER_LDFLAGS = (
					"-ObjC",
					"-lc++",
					"-lz",
				);
				PRODUCT_BUNDLE_IDENTIFIER = com.walmart.electronics.ElectrodeContainer;
				PRODUCT_NAME = "$(TARGET_NAME)";
				SKIP_INSTALL = YES;
				SWIFT_VERSION = 3.0;
			};
			name = Release;
		};
		485009FB1E2FF23C009B6610 /* Debug */ = {
			isa = XCBuildConfiguration;
			buildSettings = {
				INFOPLIST_FILE = ElectrodeContainerTests/Info.plist;
				LD_RUNPATH_SEARCH_PATHS = "$(inherited) @executable_path/Frameworks @loader_path/Frameworks";
				LIBRARY_SEARCH_PATHS = (
					"$(inherited)",
					"$(SRCROOT)/ElectrodeContainer/Libraries/ReactNative/**",
					"$(SRCROOT)/ElectrodeContainer/Libraries/CodePush/**",
					"\"$(SRCROOT)/$(TARGET_NAME)/usr/lib\"",
				);
				PRODUCT_BUNDLE_IDENTIFIER = com.walmart.electronics.ElectrodeContainerTests;
				PRODUCT_NAME = "$(TARGET_NAME)";
				TEST_HOST = "";
				HEADER_SEARCH_PATHS = (
					"$(inherited)",
					"$(SRCROOT)/ElectrodeContainer/Libraries/CodePush/**",
				);
			};
			name = Debug;
		};
		485009FC1E2FF23C009B6610 /* Release */ = {
			isa = XCBuildConfiguration;
			buildSettings = {
				DEVELOPMENT_TEAM = DXZ5VF8836;
				HEADER_SEARCH_PATHS = (
					"$(inherited)",
					"\"$(SRCROOT)/ElectrodeContainer/Libraries/CodePush\"",
					"$(SRCROOT)/ElectrodeContainer/Libraries/CodePush/**",
				);
				FRAMEWORK_SEARCH_PATHS = (
					"$(inherited)",
				);
				INFOPLIST_FILE = ElectrodeContainerTests/Info.plist;
				LD_RUNPATH_SEARCH_PATHS = "$(inherited) @executable_path/Frameworks @loader_path/Frameworks";
				LIBRARY_SEARCH_PATHS = (
					"$(inherited)",
					"$(SRCROOT)/ElectrodeContainer/Libraries/ReactNative/**",
					"$(SRCROOT)/ElectrodeContainer/Libraries/CodePush/**",
					"\"$(SRCROOT)/$(TARGET_NAME)/usr/lib\"",
				);
				PRODUCT_BUNDLE_IDENTIFIER = com.walmart.electronics.ElectrodeContainerTests;
				PRODUCT_NAME = "$(TARGET_NAME)";
				TEST_HOST = "";
			};
			name = Release;
		};
/* End XCBuildConfiguration section */

/* Begin XCConfigurationList section */
		485009DD1E2FF23B009B6610 /* Build configuration list for PBXProject "ElectrodeContainer" */ = {
			isa = XCConfigurationList;
			buildConfigurations = (
				485009F51E2FF23C009B6610 /* Debug */,
				303268E41EA8139700A41A8F /* QADeployment */,
				485009F61E2FF23C009B6610 /* Release */,
			);
			defaultConfigurationIsVisible = 0;
			defaultConfigurationName = Release;
		};
		485009F71E2FF23C009B6610 /* Build configuration list for PBXNativeTarget "ElectrodeContainer" */ = {
			isa = XCConfigurationList;
			buildConfigurations = (
				485009F81E2FF23C009B6610 /* Debug */,
				303268E51EA8139700A41A8F /* QADeployment */,
				485009F91E2FF23C009B6610 /* Release */,
			);
			defaultConfigurationIsVisible = 0;
			defaultConfigurationName = Release;
		};
		485009FA1E2FF23C009B6610 /* Build configuration list for PBXNativeTarget "ElectrodeContainerTests" */ = {
			isa = XCConfigurationList;
			buildConfigurations = (
				485009FB1E2FF23C009B6610 /* Debug */,
				303268E61EA8139700A41A8F /* QADeployment */,
				485009FC1E2FF23C009B6610 /* Release */,
			);
			defaultConfigurationIsVisible = 0;
			defaultConfigurationName = Release;
		};
/* End XCConfigurationList section */
	};
	rootObject = 485009DA1E2FF23B009B6610 /* Project object */;
}
